{
  "version": 4,
  "terraform_version": "0.12.29",
  "serial": 10,
  "lineage": "90fdadc7-8595-7cd3-5c9a-c4a973bfd7f8",
  "outputs": {},
  "resources": [
    {
      "mode": "managed",
      "type": "aws_iam_user",
      "name": "testuser",
      "each": "list",
      "provider": "provider.aws",
      "instances": [
        {
          "index_key": 0,
          "schema_version": 0,
          "attributes": {
            "arn": "arn:aws:iam::929327065333:user/test/test-driftctl-0",
            "force_destroy": true,
            "id": "test-driftctl-0",
            "name": "test-driftctl-0",
            "path": "/test/",
            "permissions_boundary": "",
            "tags": {
              "foo": "bar"
            },
            "unique_id": "AIDA5QYBVVD2ZWIW56NWS"
          },
          "private": "bnVsbA=="
        },
        {
          "index_key": 1,
          "schema_version": 0,
          "attributes": {
            "arn": "arn:aws:iam::929327065333:user/test/test-driftctl-1",
            "force_destroy": true,
            "id": "test-driftctl-1",
            "name": "test-driftctl-1",
            "path": "/test/",
            "permissions_boundary": null,
            "tags": {
              "foo": "bar"
            },
            "unique_id": "AIDA5QYBVVD2UMP6CZEGZ"
          },
          "private": "bnVsbA=="
        },
        {
          "index_key": 2,
          "schema_version": 0,
          "attributes": {
            "arn": "arn:aws:iam::929327065333:user/test/test-driftctl-2",
            "force_destroy": true,
            "id": "test-driftctl-2",
            "name": "test-driftctl-2",
            "path": "/test/",
            "permissions_boundary": null,
            "tags": {
              "foo": "bar"
            },
            "unique_id": "AIDA5QYBVVD23ZWIILRUW"
          },
          "private": "bnVsbA=="
        }
      ]
    }
  ]
}
