{
  "version": 4,
  "terraform_version": "0.15.5",
  "serial": 6,
  "lineage": "5dbb3a54-27a7-9a8d-0c76-8d44f1873015",
  "outputs": {},
  "resources": [
    {
      "mode": "managed",
      "type": "google_compute_router",
      "name": "router-0",
      "provider": "provider[\"registry.terraform.io/hashicorp/google\"]",
      "instances": [
        {
          "schema_version": 0,
          "attributes": {
            "bgp": [
              {
                "advertise_mode": "CUSTOM",
                "advertised_groups": [
                  "ALL_SUBNETS"
                ],
                "advertised_ip_ranges": [
                  {
                    "description": "",
                    "range": "1.2.3.4"
                  },
                  {
                    "description": "",
                    "range": "6.7.0.0/16"
                  }
                ],
                "asn": 64514
              }
            ],
            "creation_timestamp": "2021-09-16T07:40:46.101-07:00",
            "description": "",
            "id": "projects/cloudskiff-dev-raphael/regions/us-central1/routers/test-router-0",
            "name": "test-router-0",
            "network": "https://www.googleapis.com/compute/v1/projects/cloudskiff-dev-raphael/global/networks/my-network",
            "project": "cloudskiff-dev-raphael",
            "region": "us-central1",
            "self_link": "https://www.googleapis.com/compute/v1/projects/cloudskiff-dev-raphael/regions/us-central1/routers/test-router-0",
            "timeouts": null
          },
          "sensitive_attributes": [],
          "private": "eyJlMmJmYjczMC1lY2FhLTExZTYtOGY4OC0zNDM2M2JjN2M0YzAiOnsiY3JlYXRlIjoyNDAwMDAwMDAwMDAsImRlbGV0ZSI6MjQwMDAwMDAwMDAwLCJ1cGRhdGUiOjI0MDAwMDAwMDAwMH19",
          "dependencies": [
            "google_compute_network.foobar"
          ]
        }
      ]
    },
    {
      "mode": "managed",
      "type": "google_compute_router",
      "name": "router-1",
      "provider": "provider[\"registry.terraform.io/hashicorp/google\"]",
      "instances": [
        {
          "schema_version": 0,
          "attributes": {
            "bgp": [
              {
                "advertise_mode": "CUSTOM",
                "advertised_groups": [
                  "ALL_SUBNETS"
                ],
                "advertised_ip_ranges": [
                  {
                    "description": "",
                    "range": "1.2.3.4"
                  },
                  {
                    "description": "",
                    "range": "6.7.0.0/16"
                  }
                ],
                "asn": 64514
              }
            ],
            "creation_timestamp": "2021-09-16T07:40:43.732-07:00",
            "description": "",
            "id": "projects/cloudskiff-dev-raphael/regions/us-central1/routers/test-router-1",
            "name": "test-router-1",
            "network": "https://www.googleapis.com/compute/v1/projects/cloudskiff-dev-raphael/global/networks/my-network",
            "project": "cloudskiff-dev-raphael",
            "region": "us-central1",
            "self_link": "https://www.googleapis.com/compute/v1/projects/cloudskiff-dev-raphael/regions/us-central1/routers/test-router-1",
            "timeouts": null
          },
          "sensitive_attributes": [],
          "private": "eyJlMmJmYjczMC1lY2FhLTExZTYtOGY4OC0zNDM2M2JjN2M0YzAiOnsiY3JlYXRlIjoyNDAwMDAwMDAwMDAsImRlbGV0ZSI6MjQwMDAwMDAwMDAwLCJ1cGRhdGUiOjI0MDAwMDAwMDAwMH19",
          "dependencies": [
            "google_compute_network.foobar"
          ]
        }
      ]
    },
    {
      "mode": "managed",
      "type": "google_compute_router",
      "name": "router-2",
      "provider": "provider[\"registry.terraform.io/hashicorp/google\"]",
      "instances": [
        {
          "schema_version": 0,
          "attributes": {
            "bgp": [
              {
                "advertise_mode": "CUSTOM",
                "advertised_groups": [
                  "ALL_SUBNETS"
                ],
                "advertised_ip_ranges": [
                  {
                    "description": "",
                    "range": "1.2.3.4"
                  },
                  {
                    "description": "",
                    "range": "6.7.0.0/16"
                  }
                ],
                "asn": 64514
              }
            ],
            "creation_timestamp": "2021-09-16T07:40:45.385-07:00",
            "description": "",
            "id": "projects/cloudskiff-dev-raphael/regions/us-central1/routers/test-router-2",
            "name": "test-router-2",
            "network": "https://www.googleapis.com/compute/v1/projects/cloudskiff-dev-raphael/global/networks/my-network",
            "project": "cloudskiff-dev-raphael",
            "region": "us-central1",
            "self_link": "https://www.googleapis.com/compute/v1/projects/cloudskiff-dev-raphael/regions/us-central1/routers/test-router-2",
            "timeouts": null
          },
          "sensitive_attributes": [],
          "private": "eyJlMmJmYjczMC1lY2FhLTExZTYtOGY4OC0zNDM2M2JjN2M0YzAiOnsiY3JlYXRlIjoyNDAwMDAwMDAwMDAsImRlbGV0ZSI6MjQwMDAwMDAwMDAwLCJ1cGRhdGUiOjI0MDAwMDAwMDAwMH19",
          "dependencies": [
            "google_compute_network.foobar"
          ]
        }
      ]
    }
  ]
}
