{
  "version": 4,
  "terraform_version": "0.14.4",
  "serial": 136,
  "lineage": "9fb78851-b86b-b53a-f625-c5b3407eb935",
  "outputs": {},
  "resources": [
    {
      "mode": "managed",
      "type": "github_branch_protection",
      "name": "main_repo",
      "provider": "provider[\"registry.terraform.io/hashicorp/github\"]",
      "instances": [
        {
          "index_key": 0,
          "schema_version": 1,
          "attributes": {
            "allows_deletions": true,
            "allows_force_pushes": true,
            "enforce_admins": true,
            "id": "MDIwOkJyYW5jaFByb3RlY3Rpb25SdWxlMTk1NDg0NzI=",
            "pattern": "main",
            "push_restrictions": [
              "MDQ6VXNlcjYxNTQ5ODc="
            ],
            "repository_id": "MDEwOlJlcG9zaXRvcnkzNDI1MzIzNzE=",
            "require_signed_commits": false,
            "required_pull_request_reviews": [
              {
                "dismiss_stale_reviews": true,
                "dismissal_restrictions": [
                  "MDQ6VXNlcjYxNTQ5ODc="
                ],
                "require_code_owner_reviews": false,
                "required_approving_review_count": 1
              }
            ],
            "required_status_checks": [
              {
                "contexts": [
                  "ci/travis"
                ],
                "strict": false
              }
            ]
          },
          "sensitive_attributes": [],
          "private": "eyJzY2hlbWFfdmVyc2lvbiI6IjEifQ==",
          "dependencies": [
            "data.github_user.eliecharra",
            "github_repository.repo"
          ]
        },
        {
          "index_key": 1,
          "schema_version": 1,
          "attributes": {
            "allows_deletions": true,
            "allows_force_pushes": true,
            "enforce_admins": true,
            "id": "MDIwOkJyYW5jaFByb3RlY3Rpb25SdWxlMTk1NDg0NzQ=",
            "pattern": "main",
            "push_restrictions": [
              "MDQ6VXNlcjYxNTQ5ODc="
            ],
            "repository_id": "MDEwOlJlcG9zaXRvcnkzNDI1MzIzODI=",
            "require_signed_commits": false,
            "required_pull_request_reviews": [
              {
                "dismiss_stale_reviews": true,
                "dismissal_restrictions": [
                  "MDQ6VXNlcjYxNTQ5ODc="
                ],
                "require_code_owner_reviews": false,
                "required_approving_review_count": 1
              }
            ],
            "required_status_checks": [
              {
                "contexts": [
                  "ci/travis"
                ],
                "strict": false
              }
            ]
          },
          "sensitive_attributes": [],
          "private": "eyJzY2hlbWFfdmVyc2lvbiI6IjEifQ==",
          "dependencies": [
            "data.github_user.eliecharra",
            "github_repository.repo"
          ]
        },
        {
          "index_key": 2,
          "schema_version": 1,
          "attributes": {
            "allows_deletions": true,
            "allows_force_pushes": true,
            "enforce_admins": true,
            "id": "MDIwOkJyYW5jaFByb3RlY3Rpb25SdWxlMTk1NDg0NzE=",
            "pattern": "main",
            "push_restrictions": [],
            "repository_id": "MDEwOlJlcG9zaXRvcnkzNDI1MzIzOTE=",
            "require_signed_commits": false,
            "required_pull_request_reviews": [
              {
                "dismiss_stale_reviews": true,
                "dismissal_restrictions": [
                  "MDQ6VXNlcjYxNTQ5ODc="
                ],
                "require_code_owner_reviews": false,
                "required_approving_review_count": 1
              }
            ],
            "required_status_checks": [
              {
                "contexts": [
                  "ci/travis"
                ],
                "strict": false
              }
            ]
          },
          "sensitive_attributes": [],
          "private": "eyJzY2hlbWFfdmVyc2lvbiI6IjEifQ==",
          "dependencies": [
            "data.github_user.eliecharra",
            "github_repository.repo"
          ]
        }
      ]
    }
  ]
}
