{
  "version": 4,
  "terraform_version": "1.0.11",
  "serial": 42,
  "lineage": "e6ff1294-2037-a68a-e0b9-73953d4da0e7",
  "outputs": {},
  "resources": [
    {
      "mode": "managed",
      "type": "aws_apigatewayv2_authorizer",
      "name": "foo",
      "provider": "provider[\"registry.terraform.io/hashicorp/aws\"]",
      "instances": [
        {
          "schema_version": 0,
          "attributes": {
            "api_id": "bmyl5c6huh",
            "authorizer_credentials_arn": "",
            "authorizer_payload_format_version": "",
            "authorizer_result_ttl_in_seconds": 0,
            "authorizer_type": "REQUEST",
            "authorizer_uri": "arn:aws:apigateway:us-east-2:lambda:path/2015-03-31/functions/arn:aws:lambda:us-east-2:047081014315:function:api_gateway_authorizer/invocations",
            "enable_simple_responses": false,
            "id": "xaappu",
            "identity_sources": [
              "route.request.header.Auth"
            ],
            "jwt_configuration": [],
            "name": "foo"
          },
          "sensitive_attributes": [],
          "private": "bnVsbA==",
          "dependencies": [
            "aws_apigatewayv2_api.foo",
            "aws_iam_role.lambda",
            "aws_lambda_function.authorizer"
          ]
        }
      ]
    }
  ]
}
