{
  "version": 4,
  "terraform_version": "1.3.0",
  "serial": 122,
  "lineage": "2587700f-4037-8fdb-866a-dfa7d4f613a2",
  "outputs": {},
  "resources": [
    {
      "mode": "managed",
      "type": "aws_s3_account_public_access_block",
      "name": "example",
      "provider": "provider[\"registry.terraform.io/hashicorp/aws\"]",
      "instances": [
        {
          "schema_version": 0,
          "attributes": {
            "account_id": "526954929923",
            "block_public_acls": true,
            "block_public_policy": true,
            "id": "526954929923",
            "ignore_public_acls": false,
            "restrict_public_buckets": false
          },
          "sensitive_attributes": [],
          "private": "bnVsbA=="
        }
      ]
    }
  ],
  "check_results": []
}
