{
  "version": 4,
  "terraform_version": "1.0.8",
  "serial": 257,
  "lineage": "85f5bee6-139e-8db2-ae5d-82aa82f62611",
  "outputs": {},
  "resources": [
    {
      "mode": "managed",
      "type": "aws_api_gateway_request_validator",
      "name": "bar",
      "provider": "provider[\"registry.terraform.io/hashicorp/aws\"]",
      "instances": [
        {
          "schema_version": 0,
          "attributes": {
            "id": "tak8bq",
            "name": "bar",
            "rest_api_id": "zetudukz30",
            "validate_request_body": true,
            "validate_request_parameters": true
          },
          "sensitive_attributes": [],
          "private": "bnVsbA==",
          "dependencies": [
            "aws_api_gateway_rest_api.bar"
          ]
        }
      ]
    },
    {
      "mode": "managed",
      "type": "aws_api_gateway_request_validator",
      "name": "foo",
      "provider": "provider[\"registry.terraform.io/hashicorp/aws\"]",
      "instances": [
        {
          "schema_version": 0,
          "attributes": {
            "id": "ywlcuf",
            "name": "foo",
            "rest_api_id": "vryjzimtj1",
            "validate_request_body": true,
            "validate_request_parameters": true
          },
          "sensitive_attributes": [],
          "private": "bnVsbA==",
          "dependencies": [
            "aws_api_gateway_rest_api.foo"
          ]
        }
      ]
    }
  ]
}
