{
  "version": 4,
  "terraform_version": "1.0.5",
  "serial": 9,
  "lineage": "4b33dcbc-f194-5350-9824-9ef93b014e56",
  "outputs": {},
  "resources": [
    {
      "mode": "managed",
      "type": "aws_cloudformation_stack",
      "name": "bar",
      "provider": "provider[\"registry.terraform.io/hashicorp/aws\"]",
      "instances": [
        {
          "schema_version": 0,
          "attributes": {
            "capabilities": [
              "CAPABILITY_NAMED_IAM"
            ],
            "disable_rollback": false,
            "iam_role_arn": "",
            "id": "arn:aws:cloudformation:us-east-1:047081014315:stack/bar-stack/c7a96e70-0f21-11ec-bd2a-0a2d95c2b2ab",
            "name": "bar-stack",
            "notification_arns": null,
            "on_failure": null,
            "outputs": {},
            "parameters": {},
            "policy_body": null,
            "policy_url": null,
            "tags": null,
            "tags_all": {},
            "template_body": "Resources:\n  myUser:\n    Type: AWS::IAM::User\n    Properties:\n      UserName: \"bar_cfn\"\n",
            "template_url": null,
            "timeout_in_minutes": null,
            "timeouts": null
          },
          "sensitive_attributes": [],
          "private": "eyJlMmJmYjczMC1lY2FhLTExZTYtOGY4OC0zNDM2M2JjN2M0YzAiOnsiY3JlYXRlIjoxODAwMDAwMDAwMDAwLCJkZWxldGUiOjE4MDAwMDAwMDAwMDAsInVwZGF0ZSI6MTgwMDAwMDAwMDAwMH19"
        }
      ]
    },
    {
      "mode": "managed",
      "type": "aws_cloudformation_stack",
      "name": "foo",
      "provider": "provider[\"registry.terraform.io/hashicorp/aws\"]",
      "instances": [
        {
          "schema_version": 0,
          "attributes": {
            "capabilities": null,
            "disable_rollback": false,
            "iam_role_arn": "",
            "id": "arn:aws:cloudformation:us-east-1:047081014315:stack/foo-stack/c7aa0ab0-0f21-11ec-ba25-129d8c0b3757",
            "name": "foo-stack",
            "notification_arns": null,
            "on_failure": null,
            "outputs": {},
            "parameters": {
              "VPCCidr": "10.0.0.0/16"
            },
            "policy_body": null,
            "policy_url": null,
            "tags": {},
            "tags_all": {},
            "template_body": "{\"Parameters\":{\"VPCCidr\":{\"Default\":\"10.0.0.0/16\",\"Description\":\"Enter the CIDR block for the VPC. Default is 10.0.0.0/16.\",\"Type\":\"String\"}},\"Resources\":{\"myVpc\":{\"Properties\":{\"CidrBlock\":{\"Ref\":\"VPCCidr\"},\"Tags\":[{\"Key\":\"Name\",\"Value\":\"Primary_CF_VPC\"}]},\"Type\":\"AWS::EC2::VPC\"}}}",
            "template_url": null,
            "timeout_in_minutes": null,
            "timeouts": null
          },
          "sensitive_attributes": [],
          "private": "eyJlMmJmYjczMC1lY2FhLTExZTYtOGY4OC0zNDM2M2JjN2M0YzAiOnsiY3JlYXRlIjoxODAwMDAwMDAwMDAwLCJkZWxldGUiOjE4MDAwMDAwMDAwMDAsInVwZGF0ZSI6MTgwMDAwMDAwMDAwMH19"
        }
      ]
    }
  ]
}
