{
  "version": 4,
  "terraform_version": "0.15.5",
  "serial": 4,
  "lineage": "4e23bef8-c3c8-c6ff-1624-03104ee3b7a2",
  "outputs": {},
  "resources": [
    {
      "mode": "managed",
      "type": "aws_appautoscaling_target",
      "name": "dynamodb_table_read_target",
      "provider": "provider[\"registry.terraform.io/hashicorp/aws\"]",
      "instances": [
        {
          "schema_version": 0,
          "attributes": {
            "id": "table/GameScores",
            "max_capacity": 100,
            "min_capacity": 5,
            "resource_id": "table/GameScores",
            "role_arn": "arn:aws:iam::533948124879:role/aws-service-role/dynamodb.application-autoscaling.amazonaws.com/AWSServiceRoleForApplicationAutoScaling_DynamoDBTable",
            "scalable_dimension": "dynamodb:table:ReadCapacityUnits",
            "service_namespace": "dynamodb"
          },
          "sensitive_attributes": [],
          "private": "bnVsbA==",
          "dependencies": [
            "aws_dynamodb_table.basic-dynamodb-table"
          ]
        }
      ]
    }
  ]
}
