{
  "version": 4,
  "terraform_version": "0.14.5",
  "serial": 119,
  "lineage": "30081725-54a2-ce02-6ff5-45c4d961c652",
  "outputs": {},
  "resources": [
    {
      "mode": "managed",
      "type": "aws_lambda_event_source_mapping",
      "name": "sqs1",
      "provider": "provider[\"registry.terraform.io/hashicorp/aws\"]",
      "instances": [
        {
          "schema_version": 0,
          "attributes": {
            "batch_size": 1,
            "bisect_batch_on_function_error": false,
            "destination_config": [],
            "enabled": true,
            "event_source_arn": "arn:aws:sqs:us-east-1:526954929923:queue1",
            "function_arn": "arn:aws:lambda:us-east-1:526954929923:function:lambda_function_name",
            "function_name": "arn:aws:lambda:us-east-1:526954929923:function:lambda_function_name",
            "id": "13ff66f8-37eb-4ad6-a0a8-594fea72df4f",
            "last_modified": "2021-03-01T14:09:25Z",
            "last_processing_result": "",
            "maximum_batching_window_in_seconds": 0,
            "maximum_record_age_in_seconds": 0,
            "maximum_retry_attempts": 0,
            "parallelization_factor": 0,
            "starting_position": null,
            "starting_position_timestamp": null,
            "state": "Enabled",
            "state_transition_reason": "USER_INITIATED",
            "uuid": "13ff66f8-37eb-4ad6-a0a8-594fea72df4f"
          },
          "sensitive_attributes": [],
          "private": "bnVsbA==",
          "dependencies": [
            "aws_iam_role.iam_for_lambda",
            "aws_lambda_function.test_lambda",
            "aws_sqs_queue.queue1"
          ]
        }
      ]
    },
    {
      "mode": "managed",
      "type": "aws_lambda_event_source_mapping",
      "name": "sqs2",
      "provider": "provider[\"registry.terraform.io/hashicorp/aws\"]",
      "instances": [
        {
          "schema_version": 0,
          "attributes": {
            "batch_size": 1,
            "bisect_batch_on_function_error": false,
            "destination_config": [],
            "enabled": true,
            "event_source_arn": "arn:aws:sqs:us-east-1:526954929923:queue2",
            "function_arn": "arn:aws:lambda:us-east-1:526954929923:function:lambda_function_name",
            "function_name": "arn:aws:lambda:us-east-1:526954929923:function:lambda_function_name",
            "id": "4ad7e2b3-79e9-4713-9d9d-5af2c01d9058",
            "last_modified": "2021-03-01T14:09:25Z",
            "last_processing_result": "",
            "maximum_batching_window_in_seconds": 0,
            "maximum_record_age_in_seconds": 0,
            "maximum_retry_attempts": 0,
            "parallelization_factor": 0,
            "starting_position": null,
            "starting_position_timestamp": null,
            "state": "Enabled",
            "state_transition_reason": "USER_INITIATED",
            "uuid": "4ad7e2b3-79e9-4713-9d9d-5af2c01d9058"
          },
          "sensitive_attributes": [],
          "private": "bnVsbA==",
          "dependencies": [
            "aws_iam_role.iam_for_lambda",
            "aws_lambda_function.test_lambda",
            "aws_sqs_queue.queue2"
          ]
        }
      ]
    }
  ]
}
