{
  "version": 4,
  "terraform_version": "0.15.5",
  "serial": 27,
  "lineage": "c689d7da-5848-89b4-8771-e39f03f3eb99",
  "outputs": {},
  "resources": [
    {
      "mode": "managed",
      "type": "google_dns_managed_zone",
      "name": "example-zone",
      "provider": "provider[\"registry.terraform.io/hashicorp/google\"]",
      "instances": [
        {
          "schema_version": 0,
          "attributes": {
            "description": "Example DNS zone",
            "dns_name": "example-9d3bea2b.com.",
            "dnssec_config": [],
            "force_destroy": false,
            "forwarding_config": [],
            "id": "projects/cloudskiff-dev-elie/managedZones/example-zone",
            "labels": {
              "foo": "bar"
            },
            "name": "example-zone",
            "name_servers": [
              "ns-cloud-d1.googledomains.com.",
              "ns-cloud-d2.googledomains.com.",
              "ns-cloud-d3.googledomains.com.",
              "ns-cloud-d4.googledomains.com."
            ],
            "peering_config": [],
            "private_visibility_config": [],
            "project": "cloudskiff-dev-elie",
            "timeouts": null,
            "visibility": "public"
          },
          "sensitive_attributes": [],
          "private": "eyJlMmJmYjczMC1lY2FhLTExZTYtOGY4OC0zNDM2M2JjN2M0YzAiOnsiY3JlYXRlIjoyNDAwMDAwMDAwMDAsImRlbGV0ZSI6MjQwMDAwMDAwMDAwLCJ1cGRhdGUiOjI0MDAwMDAwMDAwMH19",
          "dependencies": [
            "random_id.rnd"
          ]
        }
      ]
    }
  ]
}
