{
  "version": 4,
  "terraform_version": "0.12.29",
  "serial": 103,
  "lineage": "8e8cf992-f0f7-d359-da78-320927a8879c",
  "outputs": {},
  "resources": [
    {
      "mode": "managed",
      "type": "aws_lambda_function",
      "name": "bar",
      "provider": "provider.aws",
      "instances": [
        {
          "schema_version": 0,
          "attributes": {
            "arn": "arn:aws:lambda:eu-west-3:047081014315:function:bar",
            "dead_letter_config": [],
            "description": "",
            "environment": [],
            "file_system_config": [],
            "filename": "lambda.zip",
            "function_name": "bar",
            "handler": "lambda.handler",
            "id": "bar",
            "invoke_arn": "arn:aws:apigateway:eu-west-3:lambda:path/2015-03-31/functions/arn:aws:lambda:eu-west-3:047081014315:function:bar/invocations",
            "kms_key_arn": "",
            "last_modified": "2020-10-16T09:04:42.050+0000",
            "layers": [],
            "memory_size": 128,
            "publish": false,
            "qualified_arn": "arn:aws:lambda:eu-west-3:047081014315:function:bar:$LATEST",
            "reserved_concurrent_executions": -1,
            "role": "arn:aws:iam::047081014315:role/iam_for_lambda",
            "runtime": "nodejs12.x",
            "s3_bucket": null,
            "s3_key": null,
            "s3_object_version": null,
            "source_code_hash": "PoaAEeOCmEFZojnrhEJvNzs+jg7/w1lL9GiFYvlM6aw=",
            "source_code_size": 352,
            "tags": {},
            "timeout": 3,
            "timeouts": null,
            "tracing_config": [
              {
                "mode": "PassThrough"
              }
            ],
            "version": "$LATEST",
            "vpc_config": []
          },
          "private": "eyJlMmJmYjczMC1lY2FhLTExZTYtOGY4OC0zNDM2M2JjN2M0YzAiOnsiY3JlYXRlIjo2MDAwMDAwMDAwMDB9fQ==",
          "dependencies": ["aws_iam_role.test-iam_for_lambda"]
        }
      ]
    },
    {
      "mode": "managed",
      "type": "aws_lambda_function",
      "name": "foo",
      "provider": "provider.aws",
      "instances": [
        {
          "schema_version": 0,
          "attributes": {
            "arn": "arn:aws:lambda:eu-west-3:047081014315:function:foo",
            "dead_letter_config": [],
            "description": "",
            "environment": [],
            "file_system_config": [],
            "filename": "lambda.zip",
            "function_name": "foo",
            "handler": "lambda.handler",
            "id": "foo",
            "invoke_arn": "arn:aws:apigateway:eu-west-3:lambda:path/2015-03-31/functions/arn:aws:lambda:eu-west-3:047081014315:function:foo/invocations",
            "kms_key_arn": "",
            "last_modified": "2020-10-16T09:04:36.176+0000",
            "layers": [],
            "memory_size": 128,
            "publish": false,
            "qualified_arn": "arn:aws:lambda:eu-west-3:047081014315:function:foo:$LATEST",
            "reserved_concurrent_executions": -1,
            "role": "arn:aws:iam::047081014315:role/iam_for_lambda",
            "runtime": "nodejs12.x",
            "s3_bucket": null,
            "s3_key": null,
            "s3_object_version": null,
            "source_code_hash": "PoaAEeOCmEFZojnrhEJvNzs+jg7/w1lL9GiFYvlM6aw=",
            "source_code_size": 352,
            "tags": {},
            "timeout": 3,
            "timeouts": null,
            "tracing_config": [
              {
                "mode": "PassThrough"
              }
            ],
            "version": "$LATEST",
            "vpc_config": []
          },
          "private": "eyJlMmJmYjczMC1lY2FhLTExZTYtOGY4OC0zNDM2M2JjN2M0YzAiOnsiY3JlYXRlIjo2MDAwMDAwMDAwMDB9fQ==",
          "dependencies": ["aws_iam_role.test-iam_for_lambda"]
        }
      ]
    }
  ]
}
