{
  "version": 4,
  "terraform_version": "0.12.29",
  "serial": 35,
  "lineage": "76ff886d-b3c6-fca4-1e8c-a49979afd103",
  "outputs": {},
  "resources": [
    {
      "mode": "managed",
      "type": "aws_iam_role_policy",
      "name": "test_policy_role0",
      "each": "list",
      "provider": "provider.aws",
      "instances": [
        {
          "index_key": 0,
          "schema_version": 0,
          "attributes": {
            "id": "test_role_0:policy-role0-0",
            "name": "policy-role0-0",
            "name_prefix": null,
            "policy": "{\n    \"Version\": \"2012-10-17\",\n    \"Statement\": [\n        {\n            \"Sid\": \"VisualEditor0\",\n            \"Effect\": \"Allow\",\n            \"Action\": \"account:*\",\n            \"Resource\": \"*\"\n        }\n    ]\n}\n",
            "role": "test_role_0"
          },
          "private": "bnVsbA==",
          "dependencies": [
            "aws_iam_role.test_role"
          ]
        },
        {
          "index_key": 1,
          "schema_version": 0,
          "attributes": {
            "id": "test_role_0:policy-role0-1",
            "name": "policy-role0-1",
            "name_prefix": null,
            "policy": "{\n    \"Version\": \"2012-10-17\",\n    \"Statement\": [\n        {\n            \"Sid\": \"VisualEditor0\",\n            \"Effect\": \"Allow\",\n            \"Action\": \"account:*\",\n            \"Resource\": \"*\"\n        }\n    ]\n}\n",
            "role": "test_role_0"
          },
          "private": "bnVsbA==",
          "dependencies": [
            "aws_iam_role.test_role"
          ]
        },
        {
          "index_key": 2,
          "schema_version": 0,
          "attributes": {
            "id": "test_role_0:policy-role0-2",
            "name": "policy-role0-2",
            "name_prefix": null,
            "policy": "{\n    \"Version\": \"2012-10-17\",\n    \"Statement\": [\n        {\n            \"Sid\": \"VisualEditor0\",\n            \"Effect\": \"Allow\",\n            \"Action\": \"account:*\",\n            \"Resource\": \"*\"\n        }\n    ]\n}\n",
            "role": "test_role_0"
          },
          "private": "bnVsbA==",
          "dependencies": [
            "aws_iam_role.test_role"
          ]
        }
      ]
    },
    {
      "mode": "managed",
      "type": "aws_iam_role_policy",
      "name": "test_policy_role1",
      "each": "list",
      "provider": "provider.aws",
      "instances": [
        {
          "index_key": 0,
          "schema_version": 0,
          "attributes": {
            "id": "test_role_1:policy-role1-0",
            "name": "policy-role1-0",
            "name_prefix": null,
            "policy": "{\n    \"Version\": \"2012-10-17\",\n    \"Statement\": [\n        {\n            \"Sid\": \"VisualEditor0\",\n            \"Effect\": \"Allow\",\n            \"Action\": \"account:*\",\n            \"Resource\": \"*\"\n        }\n    ]\n}\n",
            "role": "test_role_1"
          },
          "private": "bnVsbA==",
          "dependencies": [
            "aws_iam_role.test_role"
          ]
        },
        {
          "index_key": 1,
          "schema_version": 0,
          "attributes": {
            "id": "test_role_1:policy-role1-1",
            "name": "policy-role1-1",
            "name_prefix": null,
            "policy": "{\n    \"Version\": \"2012-10-17\",\n    \"Statement\": [\n        {\n            \"Sid\": \"VisualEditor0\",\n            \"Effect\": \"Allow\",\n            \"Action\": \"account:*\",\n            \"Resource\": \"*\"\n        }\n    ]\n}\n",
            "role": "test_role_1"
          },
          "private": "bnVsbA==",
          "dependencies": [
            "aws_iam_role.test_role"
          ]
        },
        {
          "index_key": 2,
          "schema_version": 0,
          "attributes": {
            "id": "test_role_1:policy-role1-2",
            "name": "policy-role1-2",
            "name_prefix": null,
            "policy": "{\n    \"Version\": \"2012-10-17\",\n    \"Statement\": [\n        {\n            \"Sid\": \"VisualEditor0\",\n            \"Effect\": \"Allow\",\n            \"Action\": \"account:*\",\n            \"Resource\": \"*\"\n        }\n    ]\n}\n",
            "role": "test_role_1"
          },
          "private": "bnVsbA==",
          "dependencies": [
            "aws_iam_role.test_role"
          ]
        }
      ]
    }
  ]
}
