{
  "version": 4,
  "terraform_version": "1.0.11",
  "serial": 42,
  "lineage": "e6ff1294-2037-a68a-e0b9-73953d4da0e7",
  "outputs": {},
  "resources": [
{
      "mode": "managed",
      "type": "aws_apigatewayv2_integration",
      "name": "example",
      "provider": "provider[\"registry.terraform.io/hashicorp/aws\"]",
      "instances": [
        {
          "schema_version": 0,
          "attributes": {
            "api_id": "yw28nwdf34",
            "connection_id": "",
            "connection_type": "INTERNET",
            "content_handling_strategy": "",
            "credentials_arn": "",
            "description": "",
            "id": "fmezvlh",
            "integration_method": "",
            "integration_response_selection_expression": "${integration.response.statuscode}",
            "integration_subtype": "",
            "integration_type": "MOCK",
            "integration_uri": "",
            "passthrough_behavior": "WHEN_NO_MATCH",
            "payload_format_version": "1.0",
            "request_parameters": {},
            "request_templates": {},
            "template_selection_expression": "",
            "timeout_milliseconds": 29000,
            "tls_config": []
          },
          "sensitive_attributes": [],
          "private": "bnVsbA==",
          "dependencies": [
            "aws_apigatewayv2_api.example"
          ]
        }
      ]
    }
  ]
}
