{
  "version": 4,
  "terraform_version": "0.14.2",
  "serial": 471,
  "lineage": "0a405b90-f526-2004-0d4b-f5fd84ca6664",
  "outputs": {},
  "resources": [
    {
      "mode": "managed",
      "type": "aws_nat_gateway",
      "name": "nat1",
      "provider": "provider[\"registry.terraform.io/hashicorp/aws\"]",
      "instances": [
        {
          "schema_version": 0,
          "attributes": {
            "allocation_id": "eipalloc-0f3e9fff457bb770b",
            "id": "nat-0a5408508b19ef490",
            "network_interface_id": "eni-0a5125861e3328c7d",
            "private_ip": "172.31.84.248",
            "public_ip": "54.87.245.115",
            "subnet_id": "subnet-44fe0c65",
            "tags": {
              "Name": "nat1"
            }
          },
          "sensitive_attributes": [],
          "private": "bnVsbA==",
          "dependencies": [
            "aws_default_subnet.default",
            "aws_eip.default"
          ]
        }
      ]
    }
  ]
}
