{
  "version": 4,
  "terraform_version": "0.14.4",
  "serial": 88,
  "lineage": "dcb149dc-5e8b-bb81-e690-3980485675f5",
  "outputs": {},
  "resources": [
    {
      "module": "module.iam_iam-user",
      "mode": "managed",
      "type": "aws_iam_access_key",
      "name": "this_no_pgp",
      "provider": "provider[\"registry.terraform.io/hashicorp/aws\"]",
      "instances": [
        {
          "index_key": 0,
          "schema_version": 0,
          "attributes": {
            "encrypted_secret": null,
            "id": "AKIA5QYBVVD2VIEMMUIQ",
            "key_fingerprint": null,
            "pgp_key": null,
            "secret": "",
            "ses_smtp_password_v4": "",
            "status": "Active",
            "user": "MODULE-USER"
          },
          "sensitive_attributes": [],
          "private": "bnVsbA==",
          "dependencies": [
            "module.iam_iam-user.aws_iam_user.this"
          ]
        }
      ]
    },
    {
      "module": "module.iam_iam-user",
      "mode": "managed",
      "type": "aws_iam_user",
      "name": "this",
      "provider": "provider[\"registry.terraform.io/hashicorp/aws\"]",
      "instances": [
        {
          "index_key": 0,
          "schema_version": 0,
          "attributes": {
            "arn": "arn:aws:iam::929327065333:user/MODULE-USER",
            "force_destroy": false,
            "id": "MODULE-USER",
            "name": "MODULE-USER",
            "path": "/",
            "permissions_boundary": "",
            "tags": null,
            "unique_id": "AIDA5QYBVVD22N3IK6SAR"
          },
          "sensitive_attributes": [],
          "private": "bnVsbA=="
        }
      ]
    }
  ]
}
