{
  "version": 4,
  "terraform_version": "1.0.7",
  "serial": 48,
  "lineage": "85f5bee6-139e-8db2-ae5d-82aa82f62611",
  "outputs": {},
  "resources": [
    {
      "mode": "managed",
      "type": "aws_api_gateway_authorizer",
      "name": "bar",
      "provider": "provider[\"registry.terraform.io/hashicorp/aws\"]",
      "instances": [
        {
          "schema_version": 0,
          "attributes": {
            "authorizer_credentials": "arn:aws:iam::047081014315:role/api_gateway_auth_invocation",
            "authorizer_result_ttl_in_seconds": 300,
            "authorizer_uri": "arn:aws:apigateway:us-east-1:lambda:path/2015-03-31/functions/arn:aws:lambda:us-east-1:047081014315:function:api_gateway_authorizer/invocations",
            "id": "ypcpde",
            "identity_source": "method.request.header.Authorization",
            "identity_validation_expression": "",
            "name": "bar",
            "provider_arns": null,
            "rest_api_id": "1jitcobwol",
            "type": "TOKEN"
          },
          "sensitive_attributes": [],
          "private": "bnVsbA==",
          "dependencies": [
            "aws_api_gateway_rest_api.foo",
            "aws_iam_role.invocation_role",
            "aws_iam_role.lambda",
            "aws_lambda_function.authorizer"
          ]
        }
      ]
    },
    {
      "mode": "managed",
      "type": "aws_api_gateway_authorizer",
      "name": "foo",
      "provider": "provider[\"registry.terraform.io/hashicorp/aws\"]",
      "instances": [
        {
          "schema_version": 0,
          "attributes": {
            "authorizer_credentials": "arn:aws:iam::047081014315:role/api_gateway_auth_invocation",
            "authorizer_result_ttl_in_seconds": 300,
            "authorizer_uri": "arn:aws:apigateway:us-east-1:lambda:path/2015-03-31/functions/arn:aws:lambda:us-east-1:047081014315:function:api_gateway_authorizer/invocations",
            "id": "bwhebj",
            "identity_source": "method.request.header.Authorization",
            "identity_validation_expression": "",
            "name": "foo",
            "provider_arns": null,
            "rest_api_id": "1jitcobwol",
            "type": "TOKEN"
          },
          "sensitive_attributes": [],
          "private": "bnVsbA==",
          "dependencies": [
            "aws_api_gateway_rest_api.foo",
            "aws_iam_role.invocation_role",
            "aws_iam_role.lambda",
            "aws_lambda_function.authorizer"
          ]
        }
      ]
    }
  ]
}
