{
  "version": 4,
  "terraform_version": "0.12.29",
  "serial": 17,
  "lineage": "8e8cf992-f0f7-d359-da78-320927a8879c",
  "outputs": {},
  "resources": [
    {
      "mode": "managed",
      "type": "aws_eip_association",
      "name": "test-eip-association",
      "provider": "provider.aws",
      "instances": [
        {
          "schema_version": 0,
          "attributes": {
            "allocation_id": "eipalloc-017d5267e4dda73f1",
            "allow_reassociation": null,
            "id": "eipassoc-05d9c19732254e578",
            "instance_id": "i-0d3650a23f4e45dc0",
            "network_interface_id": "eni-0f35ce5577bbab251",
            "private_ip_address": "172.31.22.12",
            "public_ip": "35.180.239.105"
          },
          "private": "bnVsbA==",
          "dependencies": ["aws_eip.test-eip", "aws_instance.test"]
        }
      ]
    }
  ]
}
