{
  "version": 4,
  "terraform_version": "0.12.29",
  "serial": 5,
  "lineage": "8e8cf992-f0f7-d359-da78-320927a8879c",
  "outputs": {},
  "resources": [
    {
      "mode": "managed",
      "type": "aws_ami",
      "name": "test-ami",
      "provider": "provider.aws",
      "instances": [
        {
          "schema_version": 0,
          "attributes": {
            "architecture": "x86_64",
            "arn": "arn:aws:ec2:eu-west-3::image/ami-06668cf793e254604",
            "description": "",
            "ebs_block_device": [
              {
                "delete_on_termination": true,
                "device_name": "/dev/xvda",
                "encrypted": false,
                "iops": 0,
                "snapshot_id": "snap-00672558cecd93a61",
                "volume_size": 8,
                "volume_type": "gp2"
              }
            ],
            "ena_support": true,
            "ephemeral_block_device": [],
            "id": "ami-06668cf793e254604",
            "image_location": "047081014315/Test",
            "kernel_id": "",
            "manage_ebs_snapshots": null,
            "name": "Test",
            "ramdisk_id": "",
            "root_device_name": "/dev/xvda",
            "root_snapshot_id": "snap-00672558cecd93a61",
            "sriov_net_support": "simple",
            "tags": {},
            "timeouts": {
              "create": null,
              "delete": null,
              "update": null
            },
            "virtualization_type": "hvm"
          },
          "private": "eyJlMmJmYjczMC1lY2FhLTExZTYtOGY4OC0zNDM2M2JjN2M0YzAiOnsiY3JlYXRlIjoyNDAwMDAwMDAwMDAwLCJkZWxldGUiOjU0MDAwMDAwMDAwMDAsInVwZGF0ZSI6MjQwMDAwMDAwMDAwMH0sInNjaGVtYV92ZXJzaW9uIjoiMCJ9"
        }
      ]
    }
  ]
}
