{
  "version": 4,
  "terraform_version": "0.14.6",
  "serial": 35,
  "lineage": "49d84423-0f98-9ac4-ffe0-84ef3126d36f",
  "outputs": {},
  "resources": [
    {
      "mode": "managed",
      "type": "google_compute_global_forwarding_rule",
      "name": "default",
      "provider": "provider[\"registry.terraform.io/hashicorp/google\"]",
      "instances": [
        {
          "schema_version": 0,
          "attributes": {
            "description": "",
            "id": "projects/driftctl-qa-1/global/forwardingRules/global-rule",
            "ip_address": "34.120.169.13",
            "ip_protocol": "TCP",
            "ip_version": "",
            "label_fingerprint": "42WmSpB8rSM=",
            "labels": null,
            "load_balancing_scheme": "EXTERNAL",
            "metadata_filters": [],
            "name": "global-rule",
            "network": "",
            "port_range": "80",
            "project": "driftctl-qa-1",
            "self_link": "https://www.googleapis.com/compute/v1/projects/driftctl-qa-1/global/forwardingRules/global-rule",
            "target": "projects/driftctl-qa-1/global/targetHttpProxies/target-proxy",
            "timeouts": null
          },
          "sensitive_attributes": [],
          "private": "eyJlMmJmYjczMC1lY2FhLTExZTYtOGY4OC0zNDM2M2JjN2M0YzAiOnsiY3JlYXRlIjoxMjAwMDAwMDAwMDAwLCJkZWxldGUiOjEyMDAwMDAwMDAwMDAsInVwZGF0ZSI6MTIwMDAwMDAwMDAwMH19",
          "dependencies": [
            "google_compute_backend_service.default",
            "google_compute_http_health_check.default",
            "google_compute_target_http_proxy.default",
            "google_compute_url_map.default"
          ]
        }
      ]
    }
  ]
}
