{
  "version": 4,
  "terraform_version": "1.2.2",
  "serial": 88,
  "lineage": "0a405b90-f526-2004-0d4b-f5fd84ca6664",
  "outputs": {},
  "resources": [
    {
      "mode": "managed",
      "type": "aws_route_table",
      "name": "rr",
      "provider": "provider[\"registry.terraform.io/hashicorp/aws\"]",
      "instances": [
        {
          "schema_version": 0,
          "attributes": {
            "arn": "arn:aws:ec2:us-east-1:282061376516:route-table/rtb-0a946227959883445",
            "id": "rtb-0a946227959883445",
            "owner_id": "282061376516",
            "propagating_vgws": [],
            "route": [],
            "tags": {
              "Name": "rr"
            },
            "tags_all": {
              "Name": "rr"
            },
            "timeouts": {
              "create": "6m",
              "delete": "6m",
              "update": "3m"
            },
            "vpc_id": "vpc-0b76cbfa2bd868650"
          },
          "sensitive_attributes": [],
          "private": "eyJlMmJmYjczMC1lY2FhLTExZTYtOGY4OC0zNDM2M2JjN2M0YzAiOnsiY3JlYXRlIjozNjAwMDAwMDAwMDAsImRlbGV0ZSI6MzYwMDAwMDAwMDAwLCJ1cGRhdGUiOjE4MDAwMDAwMDAwMH19",
          "dependencies": [
            "aws_vpc.vpc"
          ]
        }
      ]
    }
  ]
}
