{
  "version": 4,
  "terraform_version": "1.0.5",
  "serial": 14,
  "lineage": "e6ff1294-2037-a68a-e0b9-73953d4da0e7",
  "outputs": {},
  "resources": [
    {
      "mode": "managed",
      "type": "aws_apigatewayv2_vpc_link",
      "name": "foo",
      "provider": "provider[\"registry.terraform.io/hashicorp/aws\"]",
      "instances": [
        {
          "schema_version": 0,
          "attributes": {
            "arn": "arn:aws:apigateway:us-east-2::/vpclinks/b8r351",
            "id": "b8r351",
            "name": "foo",
            "security_group_ids": [
              "sg-055d40d3b933c2c4b"
            ],
            "subnet_ids": [
              "subnet-06e2e690aa9cfcb4e",
              "subnet-0b536f373c65d780a"
            ],
            "tags": {
              "Usage": "example"
            },
            "tags_all": {
              "Usage": "example"
            }
          },
          "sensitive_attributes": [],
          "private": "bnVsbA==",
          "dependencies": [
            "aws_security_group.foo",
            "aws_subnet.subnet1",
            "aws_subnet.subnet2"
          ]
        }
      ]
    }
  ]
}
