{
  "version": 4,
  "terraform_version": "0.14.4",
  "serial": 559,
  "lineage": "cc4be827-a907-1623-961b-0fc1ce33973e",
  "outputs": {},
  "resources": [
    {
      "mode": "managed",
      "type": "aws_internet_gateway",
      "name": "main",
      "provider": "provider[\"registry.terraform.io/hashicorp/aws\"]",
      "instances": [
        {
          "schema_version": 0,
          "attributes": {
            "arn": "arn:aws:ec2:eu-west-3:047081014315:internet-gateway/igw-0184eb41aadc62d1c",
            "id": "igw-0184eb41aadc62d1c",
            "owner_id": "047081014315",
            "tags": {
              "Name": "main"
            },
            "vpc_id": "vpc-0f3ac2b7909b6bedd"
          },
          "sensitive_attributes": [],
          "private": "bnVsbA==",
          "dependencies": [
            "aws_vpc.vpc"
          ]
        }
      ]
    }
  ]
}
