{
  "version": 4,
  "terraform_version": "0.15.5",
  "serial": 5,
  "lineage": "c8768afb-27a7-733f-87cc-40b93f0dbfe9",
  "outputs": {},
  "resources": [
    {
      "mode": "managed",
      "type": "aws_appautoscaling_policy",
      "name": "dynamodb_table_read_policy",
      "provider": "provider[\"registry.terraform.io/hashicorp/aws\"]",
      "instances": [
        {
          "schema_version": 0,
          "attributes": {
            "arn": "arn:aws:autoscaling:us-east-1:533948124879:scalingPolicy:081dd219-093d-4a1d-8207-423db1d49bd9:resource/dynamodb/table/GameScores:policyName/DynamoDBReadCapacityUtilization:table/GameScores",
            "id": "DynamoDBReadCapacityUtilization:table/GameScores",
            "name": "DynamoDBReadCapacityUtilization:table/GameScores",
            "policy_type": "TargetTrackingScaling",
            "resource_id": "table/GameScores",
            "scalable_dimension": "dynamodb:table:ReadCapacityUnits",
            "service_namespace": "dynamodb",
            "step_scaling_policy_configuration": [],
            "target_tracking_scaling_policy_configuration": [
              {
                "customized_metric_specification": [],
                "disable_scale_in": false,
                "predefined_metric_specification": [
                  {
                    "predefined_metric_type": "DynamoDBReadCapacityUtilization",
                    "resource_label": ""
                  }
                ],
                "scale_in_cooldown": 0,
                "scale_out_cooldown": 0,
                "target_value": 70
              }
            ]
          },
          "sensitive_attributes": [],
          "private": "bnVsbA==",
          "dependencies": [
            "aws_appautoscaling_target.dynamodb_table_read_target",
            "aws_dynamodb_table.basic-dynamodb-table"
          ]
        }
      ]
    }
  ]
}
