{
  "version": 4,
  "terraform_version": "0.15.5",
  "serial": 422,
  "lineage": "9566e18d-6080-4aa8-e9a6-4c38905cf68f",
  "outputs": {},
  "resources": [
    {
      "mode": "managed",
      "type": "google_compute_subnetwork",
      "name": "network-with-private-secondary-ip-ranges-1",
      "provider": "provider[\"registry.terraform.io/hashicorp/google\"]",
      "instances": [
        {
          "schema_version": 0,
          "attributes": {
            "creation_timestamp": "2021-10-20T07:39:34.673-07:00",
            "description": "",
            "fingerprint": null,
            "gateway_address": "10.2.0.1",
            "id": "projects/cloudskiff-dev-raphael/regions/us-central1/subnetworks/driftctl-unittest-1",
            "ip_cidr_range": "10.2.0.0/16",
            "log_config": [],
            "name": "driftctl-unittest-1",
            "network": "https://www.googleapis.com/compute/v1/projects/cloudskiff-dev-raphael/global/networks/test-network-1871346572",
            "private_ip_google_access": false,
            "private_ipv6_google_access": "DISABLE_GOOGLE_ACCESS",
            "project": "cloudskiff-dev-raphael",
            "region": "us-central1",
            "secondary_ip_range": [
              {
                "ip_cidr_range": "192.168.10.0/24",
                "range_name": "tf-test-secondary-range-update1"
              }
            ],
            "self_link": "https://www.googleapis.com/compute/v1/projects/cloudskiff-dev-raphael/regions/us-central1/subnetworks/driftctl-unittest-1",
            "timeouts": null
          },
          "sensitive_attributes": [],
          "private": "eyJlMmJmYjczMC1lY2FhLTExZTYtOGY4OC0zNDM2M2JjN2M0YzAiOnsiY3JlYXRlIjozNjAwMDAwMDAwMDAsImRlbGV0ZSI6MzYwMDAwMDAwMDAwLCJ1cGRhdGUiOjM2MDAwMDAwMDAwMH19",
          "dependencies": [
            "google_compute_network.custom-test1"
          ]
        }
      ]
    }
  ]
}
