{
  "version": 4,
  "terraform_version": "0.12.28",
  "serial": 29,
  "lineage": "bb54c6d5-e17e-32af-f929-762d81156285",
  "outputs": {},
  "resources": [
    {
      "mode": "managed",
      "type": "aws_route53_zone",
      "name": "elie_ski",
      "provider": "provider.aws",
      "instances": [
        {
          "schema_version": 0,
          "attributes": {
            "comment": "Managed by Terraform",
            "delegation_set_id": "",
            "force_destroy": false,
            "id": "Z09368953G729AFEX5048",
            "name": "elie.ski",
            "name_servers": [
              "ns-1504.awsdns-60.org",
              "ns-180.awsdns-22.com",
              "ns-1890.awsdns-44.co.uk",
              "ns-759.awsdns-30.net"
            ],
            "tags": null,
            "vpc": [],
            "zone_id": "Z09368953G729AFEX5048"
          },
          "private": "bnVsbA=="
        }
      ]
    }
  ]
}
