{
  "version": 4,
  "terraform_version": "1.3.7",
  "serial": 6,
  "lineage": "9d75518d-afc5-2bb5-4599-237834e33cf7",
  "outputs": {},
  "resources": [
    {
      "mode": "managed",
      "type": "google_kms_crypto_key",
      "name": "example-key",
      "provider": "provider[\"registry.terraform.io/hashicorp/google\"]",
      "instances": [
        {
          "schema_version": 1,
          "attributes": {
            "destroy_scheduled_duration": "86400s",
            "id": "projects/driftctl/locations/global/keyRings/keyring-example/cryptoKeys/crypto-key-example",
            "import_only": false,
            "key_ring": "projects/driftctl/locations/global/keyRings/keyring-example",
            "labels": null,
            "name": "crypto-key-example",
            "purpose": "ENCRYPT_DECRYPT",
            "rotation_period": "100000s",
            "self_link": "https://www.googleapis.com/compute/v1/projects/driftctl/locations/global/keyRings/keyring-example/cryptoKeys/crypto-key-example",
            "skip_initial_version_creation": false,
            "timeouts": null,
            "version_template": [
              {
                "algorithm": "GOOGLE_SYMMETRIC_ENCRYPTION",
                "protection_level": "SOFTWARE"
              }
            ]
          },
          "sensitive_attributes": [],
          "self_link": "https://www.googleapis.com/compute/v1/projects/driftctl/locations/global/keyRings/keyring-example/cryptoKeys/crypto-key-example",
          "private": "eyJlMmJmYjczMC1lY2FhLTExZTYtOGY4OC0zNDM2M2JjN2M0YzAiOnsiY3JlYXRlIjoxMjAwMDAwMDAwMDAwLCJkZWxldGUiOjEyMDAwMDAwMDAwMDAsInVwZGF0ZSI6MTIwMDAwMDAwMDAwMH0sInNjaGVtYV92ZXJzaW9uIjoiMSJ9",
          "dependencies": [
            "google_kms_key_ring.keyring"
          ]
        }
      ]
    }
  ],
  "check_results": null
}
