{
  "version": 4,
  "terraform_version": "1.0.7",
  "serial": 119,
  "lineage": "85f5bee6-139e-8db2-ae5d-82aa82f62611",
  "outputs": {},
  "resources": [
    {
      "mode": "managed",
      "type": "aws_api_gateway_domain_name",
      "name": "example",
      "provider": "provider[\"registry.terraform.io/hashicorp/aws\"]",
      "instances": [
        {
          "schema_version": 0,
          "attributes": {
            "arn": "arn:aws:apigateway:us-east-1::/domainnames/example-driftctl.com",
            "certificate_arn": "",
            "certificate_body": null,
            "certificate_chain": null,
            "certificate_name": "",
            "certificate_private_key": null,
            "certificate_upload_date": "2021-10-05T10:12:49Z",
            "cloudfront_domain_name": "",
            "cloudfront_zone_id": "Z2FDTNDATAQYW2",
            "domain_name": "example-driftctl.com",
            "endpoint_configuration": [
              {
                "types": [
                  "REGIONAL"
                ]
              }
            ],
            "id": "example-driftctl.com",
            "mutual_tls_authentication": [],
            "regional_certificate_arn": "arn:aws:acm:us-east-1:047081014315:certificate/9759296d-8303-4f62-b6f0-f84ed1530047",
            "regional_certificate_name": "",
            "regional_domain_name": "d-r6fst05lt4.execute-api.us-east-1.amazonaws.com",
            "regional_zone_id": "Z1UJRXOUMOOFQ8",
            "security_policy": "TLS_1_0",
            "tags": null,
            "tags_all": {}
          },
          "sensitive_attributes": [],
          "private": "bnVsbA==",
          "dependencies": [
            "aws_acm_certificate.example"
          ]
        }
      ]
    }
  ]
}
