{
  "version": 4,
  "terraform_version": "1.0.10",
  "serial": 20,
  "lineage": "f35e1a39-2c95-c9c1-0e76-d1493a71b33c",
  "outputs": {},
  "resources": [
    {
      "mode": "managed",
      "type": "aws_apigatewayv2_deployment",
      "name": "example",
      "provider": "provider[\"registry.terraform.io/hashicorp/aws\"]",
      "instances": [
        {
          "schema_version": 0,
          "attributes": {
            "api_id": "abcd",
            "auto_deployed": false,
            "description": "Example deployment",
            "id": "dcab",
            "triggers": null
          },
          "sensitive_attributes": [],
          "private": "bnVsbA==",
          "dependencies": [
            "aws_apigatewayv2_api.example",
            "aws_apigatewayv2_integration.example",
            "aws_apigatewayv2_route.example"
          ]
        }
      ]
    }
  ]
}
