{
  "version": 4,
  "terraform_version": "0.14.5",
  "serial": 32,
  "lineage": "30081725-54a2-ce02-6ff5-45c4d961c652",
  "outputs": {},
  "resources": [
    {
      "mode": "managed",
      "type": "aws_sns_topic_subscription",
      "name": "user_updates_sqs_target",
      "provider": "provider[\"registry.terraform.io/hashicorp/aws\"]",
      "instances": [
        {
          "schema_version": 0,
          "attributes": {
            "arn": "arn:aws:sns:us-east-1:526954929923:user-updates-topic:b6e66147-2b31-4486-8d4b-2a2272264c8e",
            "confirmation_timeout_in_minutes": 1,
            "delivery_policy": "",
            "endpoint": "arn:aws:sqs:us-east-1:526954929923:user-updates-queue",
            "endpoint_auto_confirms": false,
            "filter_policy": "",
            "id": "arn:aws:sns:us-east-1:526954929923:user-updates-topic:b6e66147-2b31-4486-8d4b-2a2272264c8e",
            "protocol": "sqs",
            "raw_message_delivery": false,
            "topic_arn": "arn:aws:sns:us-east-1:526954929923:user-updates-topic"
          },
          "sensitive_attributes": [],
          "private": "bnVsbA==",
          "dependencies": [
            "aws_sns_topic.user_updates",
            "aws_sqs_queue.user_updates_queue"
          ]
        }
      ]
    },
    {
      "mode": "managed",
      "type": "aws_sns_topic_subscription",
      "name": "user_updates_sqs_target2",
      "provider": "provider[\"registry.terraform.io/hashicorp/aws\"]",
      "instances": [
        {
          "schema_version": 0,
          "attributes": {
            "arn": "arn:aws:sns:us-east-1:526954929923:user-updates-topic2:c0f794c5-a009-4db4-9147-4c55959787fa",
            "confirmation_timeout_in_minutes": 1,
            "delivery_policy": "",
            "endpoint": "arn:aws:sqs:us-east-1:526954929923:user-updates-queue",
            "endpoint_auto_confirms": false,
            "filter_policy": "",
            "id": "arn:aws:sns:us-east-1:526954929923:user-updates-topic2:c0f794c5-a009-4db4-9147-4c55959787fa",
            "protocol": "sqs",
            "raw_message_delivery": false,
            "topic_arn": "arn:aws:sns:us-east-1:526954929923:user-updates-topic2"
          },
          "sensitive_attributes": [],
          "private": "bnVsbA==",
          "dependencies": [
            "aws_sns_topic.user_updates2",
            "aws_sqs_queue.user_updates_queue"
          ]
        }
      ]
    }
  ]
}
