{
  "version": 4,
  "terraform_version": "1.1.6",
  "serial": 3,
  "lineage": "6916ae73-3f18-ff08-09f4-2f925afcfc7f",
  "outputs": {},
  "resources": [
    {
      "mode": "managed",
      "type": "google_compute_forwarding_rule",
      "name": "default",
      "provider": "provider[\"registry.terraform.io/hashicorp/google\"]",
      "instances": [
        {
          "schema_version": 0,
          "attributes": {
            "all_ports": false,
            "allow_global_access": false,
            "backend_service": "",
            "creation_timestamp": "2022-03-16T08:39:19.861-07:00",
            "description": "",
            "id": "projects/cloudskiff-dev-william/regions/us-east1/forwardingRules/website-forwarding-rule",
            "ip_address": "35.231.108.206",
            "ip_protocol": "TCP",
            "is_mirroring_collector": false,
            "label_fingerprint": "42WmSpB8rSM=",
            "labels": null,
            "load_balancing_scheme": "EXTERNAL",
            "name": "website-forwarding-rule",
            "network": "",
            "network_tier": "PREMIUM",
            "port_range": "80",
            "ports": null,
            "project": "cloudskiff-dev-william",
            "region": "us-east1",
            "self_link": "https://www.googleapis.com/compute/v1/projects/cloudskiff-dev-william/regions/us-east1/forwardingRules/website-forwarding-rule",
            "service_label": "",
            "service_name": "",
            "subnetwork": "",
            "target": "projects/cloudskiff-dev-william/regions/us-east1/targetPools/website-target-pool",
            "timeouts": null
          },
          "sensitive_attributes": [],
          "private": "eyJlMmJmYjczMC1lY2FhLTExZTYtOGY4OC0zNDM2M2JjN2M0YzAiOnsiY3JlYXRlIjoxMjAwMDAwMDAwMDAwLCJkZWxldGUiOjEyMDAwMDAwMDAwMDAsInVwZGF0ZSI6MTIwMDAwMDAwMDAwMH19",
          "dependencies": [
            "google_compute_target_pool.default"
          ]
        }
      ]
    }
  ]
}
