{
  "version": 4,
  "terraform_version": "0.15.5",
  "serial": 92,
  "lineage": "0738cef4-9d69-9ccc-aebd-1177cafa0aa9",
  "outputs": {},
  "resources": [
    {
      "mode": "managed",
      "type": "google_compute_image",
      "name": "example",
      "provider": "provider[\"registry.terraform.io/hashicorp/google\"]",
      "instances": [
        {
          "schema_version": 0,
          "attributes": {
            "archive_size_bytes": 539099200,
            "creation_timestamp": "2021-10-27T07:18:35.424-07:00",
            "description": "",
            "disk_size_gb": 3,
            "family": "",
            "guest_os_features": [],
            "id": "projects/cloudskiff-dev-elie/global/images/example-image",
            "label_fingerprint": "42WmSpB8rSM=",
            "labels": null,
            "licenses": [],
            "name": "example-image",
            "project": "cloudskiff-dev-elie",
            "raw_disk": [
              {
                "container_type": "TAR",
                "sha1": "",
                "source": "https://storage.googleapis.com/bosh-gce-raw-stemcells/bosh-stemcell-97.98-google-kvm-ubuntu-xenial-go_agent-raw-1557960142.tar.gz"
              }
            ],
            "self_link": "https://www.googleapis.com/compute/v1/projects/cloudskiff-dev-elie/global/images/example-image",
            "source_disk": "",
            "source_image": "",
            "source_snapshot": "",
            "timeouts": null
          },
          "sensitive_attributes": [],
          "private": "eyJlMmJmYjczMC1lY2FhLTExZTYtOGY4OC0zNDM2M2JjN2M0YzAiOnsiY3JlYXRlIjozNjAwMDAwMDAwMDAsImRlbGV0ZSI6MzYwMDAwMDAwMDAwLCJ1cGRhdGUiOjM2MDAwMDAwMDAwMH19"
        }
      ]
    }
  ]
}
