{
  "version": 4,
  "terraform_version": "0.12.26",
  "serial": 591,
  "lineage": "b4b284a7-9835-6ae1-b6c5-21100080f61e",
  "outputs": {},
  "resources": [
    {
      "mode": "managed",
      "type": "aws_iam_access_key",
      "name": "test",
      "provider": "provider.aws",
      "instances": [
        {
          "schema_version": 0,
          "attributes": {
            "encrypted_secret": null,
            "id": "AKIAXVMHWD4BYCOUMTPB",
            "key_fingerprint": null,
            "pgp_key": null,
            "secret": "DYVYgsbLiprEPVEyOajWeh8P5FuEqbZDhkqA+fmz",
            "ses_smtp_password_v4": "BMaGkq7vt1A2RCsFNTlMOVxBWxQU6mEnrVSB59QZ57aM",
            "status": "Active",
            "user": "loadbalancer"
          },
          "private": "bnVsbA==",
          "dependencies": [
            "aws_iam_user.test"
          ]
        }
      ]
    },
    {
      "mode": "managed",
      "type": "aws_iam_access_key",
      "name": "test2",
      "provider": "provider.aws",
      "instances": [
        {
          "schema_version": 0,
          "attributes": {
            "encrypted_secret": null,
            "id": "AKIAXVMHWD4BZZ46XCIU",
            "key_fingerprint": null,
            "pgp_key": null,
            "secret": "83RiEBVlRMlJsbr/bogeVhlypkjR11sHs/tV/k1j",
            "ses_smtp_password_v4": "BLecQIwGZ0kyduTmskrxY1kVNQNeTAyGncyNLPnFc8mo",
            "status": "Active",
            "user": "loadbalancer2"
          },
          "private": "bnVsbA==",
          "dependencies": [
            "aws_iam_user.test2"
          ]
        }
      ]
    },
    {
      "mode": "managed",
      "type": "aws_iam_access_key",
      "name": "test3",
      "provider": "provider.aws",
      "instances": [
        {
          "schema_version": 0,
          "attributes": {
            "encrypted_secret": null,
            "id": "AKIAXVMHWD4BQM7NGPEU",
            "key_fingerprint": null,
            "pgp_key": null,
            "secret": "lJRGYs2Mf7up+dAzzOMmlyzHeHWybM4R7JlpFHyt",
            "ses_smtp_password_v4": "BBKWjtfZJzaxvzLuLDZ/sSd0dLBO+eJFN8marDCkUBDK",
            "status": "Active",
            "user": "loadbalancer3"
          },
          "private": "bnVsbA==",
          "dependencies": [
            "aws_iam_user.test3"
          ]
        }
      ]
    },
    {
      "mode": "managed",
      "type": "aws_iam_policy",
      "name": "test_ro",
      "provider": "provider.aws",
      "instances": [
        {
          "schema_version": 0,
          "attributes": {
            "arn": "arn:aws:iam::526954929923:policy/test",
            "description": "",
            "id": "arn:aws:iam::526954929923:policy/test",
            "name": "test",
            "name_prefix": null,
            "path": "/",
            "policy": "{\n  \"Version\": \"2012-10-17\",\n  \"Statement\": [\n    {\n      \"Action\": [\n        \"ec2:Describe*\"\n      ],\n      \"Effect\": \"Allow\",\n      \"Resource\": \"*\"\n    }\n  ]\n}\n"
          },
          "private": "bnVsbA=="
        }
      ]
    },
    {
      "mode": "managed",
      "type": "aws_iam_policy",
      "name": "test_ro2",
      "provider": "provider.aws",
      "instances": [
        {
          "schema_version": 0,
          "attributes": {
            "arn": "arn:aws:iam::526954929923:policy/test2",
            "description": "",
            "id": "arn:aws:iam::526954929923:policy/test2",
            "name": "test2",
            "name_prefix": null,
            "path": "/",
            "policy": "{\n  \"Version\": \"2012-10-17\",\n  \"Statement\": [\n    {\n      \"Action\": [\n        \"ec2:Describe*\"\n      ],\n      \"Effect\": \"Allow\",\n      \"Resource\": \"*\"\n    }\n  ]\n}\n"
          },
          "private": "bnVsbA=="
        }
      ]
    },
    {
      "mode": "managed",
      "type": "aws_iam_policy",
      "name": "test_ro3",
      "provider": "provider.aws",
      "instances": [
        {
          "schema_version": 0,
          "attributes": {
            "arn": "arn:aws:iam::526954929923:policy/test3",
            "description": "",
            "id": "arn:aws:iam::526954929923:policy/test3",
            "name": "test3",
            "name_prefix": null,
            "path": "/",
            "policy": "{\n  \"Version\": \"2012-10-17\",\n  \"Statement\": [\n    {\n      \"Action\": [\n        \"ec2:Describe*\"\n      ],\n      \"Effect\": \"Allow\",\n      \"Resource\": \"*\"\n    }\n  ]\n}\n"
          },
          "private": "bnVsbA=="
        }
      ]
    },
    {
      "mode": "managed",
      "type": "aws_iam_policy",
      "name": "test_ro4",
      "provider": "provider.aws",
      "instances": [
        {
          "schema_version": 0,
          "attributes": {
            "arn": "arn:aws:iam::526954929923:policy/test4",
            "description": "",
            "id": "arn:aws:iam::526954929923:policy/test4",
            "name": "test4",
            "name_prefix": null,
            "path": "/",
            "policy": "{\n  \"Version\": \"2012-10-17\",\n  \"Statement\": [\n    {\n      \"Action\": [\n        \"ec2:Describe*\"\n      ],\n      \"Effect\": \"Allow\",\n      \"Resource\": \"*\"\n    }\n  ]\n}\n"
          },
          "private": "bnVsbA=="
        }
      ]
    },
    {
      "mode": "managed",
      "type": "aws_iam_policy_attachment",
      "name": "test-attach4",
      "provider": "provider.aws",
      "instances": [
        {
          "schema_version": 0,
          "attributes": {
            "groups": [],
            "id": "test-attachment",
            "name": "test-attachment",
            "policy_arn": "arn:aws:iam::526954929923:policy/test4",
            "roles": [],
            "users": [
              "loadbalancer",
              "loadbalancer2"
            ]
          },
          "private": "bnVsbA==",
          "dependencies": [
            "aws_iam_policy.test_ro4",
            "aws_iam_user.test",
            "aws_iam_user.test2",
            "aws_iam_user.test3"
          ]
        }
      ]
    },
    {
      "mode": "managed",
      "type": "aws_iam_user",
      "name": "test",
      "provider": "provider.aws",
      "instances": [
        {
          "schema_version": 0,
          "attributes": {
            "arn": "arn:aws:iam::526954929923:user/system/loadbalancer",
            "force_destroy": false,
            "id": "loadbalancer",
            "name": "loadbalancer",
            "path": "/system/",
            "permissions_boundary": null,
            "tags": {},
            "unique_id": "AIDAXVMHWD4B7BHWL7YKF"
          },
          "private": "bnVsbA=="
        }
      ]
    },
    {
      "mode": "managed",
      "type": "aws_iam_user",
      "name": "test2",
      "provider": "provider.aws",
      "instances": [
        {
          "schema_version": 0,
          "attributes": {
            "arn": "arn:aws:iam::526954929923:user/system/loadbalancer2",
            "force_destroy": false,
            "id": "loadbalancer2",
            "name": "loadbalancer2",
            "path": "/system/",
            "permissions_boundary": null,
            "tags": {},
            "unique_id": "AIDAXVMHWD4BTVLVQM236"
          },
          "private": "bnVsbA=="
        }
      ]
    },
    {
      "mode": "managed",
      "type": "aws_iam_user",
      "name": "test3",
      "provider": "provider.aws",
      "instances": [
        {
          "schema_version": 0,
          "attributes": {
            "arn": "arn:aws:iam::526954929923:user/system/loadbalancer3",
            "force_destroy": false,
            "id": "loadbalancer3",
            "name": "loadbalancer3",
            "path": "/system/",
            "permissions_boundary": null,
            "tags": {},
            "unique_id": "AIDAXVMHWD4BUICVKAIIT"
          },
          "private": "bnVsbA=="
        }
      ]
    },
    {
      "mode": "managed",
      "type": "aws_iam_user_policy_attachment",
      "name": "test-attach",
      "provider": "provider.aws",
      "instances": [
        {
          "schema_version": 0,
          "attributes": {
            "id": "loadbalancer-20201113172255158500000009",
            "policy_arn": "arn:aws:iam::526954929923:policy/test",
            "user": "loadbalancer"
          },
          "private": "bnVsbA==",
          "dependencies": [
            "aws_iam_policy.test_ro",
            "aws_iam_user.test"
          ]
        }
      ]
    },
    {
      "mode": "managed",
      "type": "aws_iam_user_policy_attachment",
      "name": "test-attach2",
      "provider": "provider.aws",
      "instances": [
        {
          "schema_version": 0,
          "attributes": {
            "id": "loadbalancer-2020111317225517310000000a",
            "policy_arn": "arn:aws:iam::526954929923:policy/test2",
            "user": "loadbalancer"
          },
          "private": "bnVsbA==",
          "dependencies": [
            "aws_iam_policy.test_ro2",
            "aws_iam_user.test"
          ]
        }
      ]
    },
    {
      "mode": "managed",
      "type": "aws_iam_user_policy_attachment",
      "name": "test-attach21",
      "provider": "provider.aws",
      "instances": [
        {
          "schema_version": 0,
          "attributes": {
            "id": "loadbalancer2-2020111317225587220000000b",
            "policy_arn": "arn:aws:iam::526954929923:policy/test",
            "user": "loadbalancer2"
          },
          "private": "bnVsbA==",
          "dependencies": [
            "aws_iam_policy.test_ro",
            "aws_iam_user.test2"
          ]
        }
      ]
    },
    {
      "mode": "managed",
      "type": "aws_iam_user_policy_attachment",
      "name": "test-attach22",
      "provider": "provider.aws",
      "instances": [
        {
          "schema_version": 0,
          "attributes": {
            "id": "loadbalancer2-20201113172255122400000008",
            "policy_arn": "arn:aws:iam::526954929923:policy/test2",
            "user": "loadbalancer2"
          },
          "private": "bnVsbA==",
          "dependencies": [
            "aws_iam_policy.test_ro2",
            "aws_iam_user.test2"
          ]
        }
      ]
    },
    {
      "mode": "managed",
      "type": "aws_iam_user_policy_attachment",
      "name": "test-attach23",
      "provider": "provider.aws",
      "instances": [
        {
          "schema_version": 0,
          "attributes": {
            "id": "loadbalancer2-20201113172254923500000004",
            "policy_arn": "arn:aws:iam::526954929923:policy/test3",
            "user": "loadbalancer2"
          },
          "private": "bnVsbA==",
          "dependencies": [
            "aws_iam_policy.test_ro3",
            "aws_iam_user.test2"
          ]
        }
      ]
    },
    {
      "mode": "managed",
      "type": "aws_iam_user_policy_attachment",
      "name": "test-attach3",
      "provider": "provider.aws",
      "instances": [
        {
          "schema_version": 0,
          "attributes": {
            "id": "loadbalancer-20201113172254928300000005",
            "policy_arn": "arn:aws:iam::526954929923:policy/test3",
            "user": "loadbalancer"
          },
          "private": "bnVsbA==",
          "dependencies": [
            "aws_iam_policy.test_ro3",
            "aws_iam_user.test"
          ]
        }
      ]
    },
    {
      "mode": "managed",
      "type": "aws_iam_user_policy_attachment",
      "name": "test-attach31",
      "provider": "provider.aws",
      "instances": [
        {
          "schema_version": 0,
          "attributes": {
            "id": "loadbalancer3-2020111317225590250000000c",
            "policy_arn": "arn:aws:iam::526954929923:policy/test",
            "user": "loadbalancer3"
          },
          "private": "bnVsbA==",
          "dependencies": [
            "aws_iam_policy.test_ro",
            "aws_iam_user.test3"
          ]
        }
      ]
    },
    {
      "mode": "managed",
      "type": "aws_iam_user_policy_attachment",
      "name": "test-attach32",
      "provider": "provider.aws",
      "instances": [
        {
          "schema_version": 0,
          "attributes": {
            "id": "loadbalancer3-20201113172255118300000007",
            "policy_arn": "arn:aws:iam::526954929923:policy/test2",
            "user": "loadbalancer3"
          },
          "private": "bnVsbA==",
          "dependencies": [
            "aws_iam_policy.test_ro2",
            "aws_iam_user.test3"
          ]
        }
      ]
    },
    {
      "mode": "managed",
      "type": "aws_iam_user_policy_attachment",
      "name": "test-attach33",
      "provider": "provider.aws",
      "instances": [
        {
          "schema_version": 0,
          "attributes": {
            "id": "loadbalancer3-20201113172254986500000006",
            "policy_arn": "arn:aws:iam::526954929923:policy/test3",
            "user": "loadbalancer3"
          },
          "private": "bnVsbA==",
          "dependencies": [
            "aws_iam_policy.test_ro3",
            "aws_iam_user.test3"
          ]
        }
      ]
    }
  ]
}
