{
  "version": 4,
  "terraform_version": "0.15.5",
  "serial": 84,
  "lineage": "0738cef4-9d69-9ccc-aebd-1177cafa0aa9",
  "outputs": {},
  "resources": [
    {
      "mode": "managed",
      "type": "google_compute_global_address",
      "name": "default",
      "provider": "provider[\"registry.terraform.io/hashicorp/google\"]",
      "instances": [
        {
          "schema_version": 0,
          "attributes": {
            "address": "107.178.250.143",
            "address_type": "EXTERNAL",
            "creation_timestamp": "2021-10-26T07:43:18.117-07:00",
            "description": "",
            "id": "projects/cloudskiff-dev-elie/global/addresses/global-appserver-ip",
            "ip_version": "",
            "name": "global-appserver-ip",
            "network": "",
            "prefix_length": 0,
            "project": "cloudskiff-dev-elie",
            "purpose": "",
            "self_link": "https://www.googleapis.com/compute/v1/projects/cloudskiff-dev-elie/global/addresses/global-appserver-ip",
            "timeouts": null
          },
          "sensitive_attributes": [],
          "private": "eyJlMmJmYjczMC1lY2FhLTExZTYtOGY4OC0zNDM2M2JjN2M0YzAiOnsiY3JlYXRlIjoyNDAwMDAwMDAwMDAsImRlbGV0ZSI6MjQwMDAwMDAwMDAwfX0="
        }
      ]
    }
  ]
}
