{
  "version": 4,
  "terraform_version": "0.15.5",
  "serial": 19,
  "lineage": "80058dbf-c946-85c8-ad1c-165fad8cf85e",
  "outputs": {},
  "resources": [
    {
      "mode": "managed",
      "type": "google_compute_address",
      "name": "ip_address",
      "provider": "provider[\"registry.terraform.io/hashicorp/google\"]",
      "instances": [
        {
          "schema_version": 0,
          "attributes": {
            "address": "34.136.69.225",
            "address_type": "EXTERNAL",
            "creation_timestamp": "2021-10-19T02:29:32.175-07:00",
            "description": "",
            "id": "projects/cloudskiff-dev-elie/regions/us-central1/addresses/my-address",
            "name": "my-address",
            "network": "",
            "network_tier": "PREMIUM",
            "prefix_length": 0,
            "project": "cloudskiff-dev-elie",
            "purpose": "",
            "region": "us-central1",
            "self_link": "https://www.googleapis.com/compute/v1/projects/cloudskiff-dev-elie/regions/us-central1/addresses/my-address",
            "subnetwork": "",
            "timeouts": null,
            "users": []
          },
          "sensitive_attributes": [],
          "private": "eyJlMmJmYjczMC1lY2FhLTExZTYtOGY4OC0zNDM2M2JjN2M0YzAiOnsiY3JlYXRlIjoyNDAwMDAwMDAwMDAsImRlbGV0ZSI6MjQwMDAwMDAwMDAwfX0="
        }
      ]
    }
  ]
}
