{
  "version": 4,
  "terraform_version": "0.14.7",
  "serial": 8,
  "lineage": "a15b9290-4e96-1d92-9d78-ccd2b9888551",
  "outputs": {},
  "resources": [
    {
      "mode": "managed",
      "type": "github_team_membership",
      "name": "bar",
      "provider": "provider[\"registry.terraform.io/hashicorp/github\"]",
      "instances": [
        {
          "schema_version": 0,
          "attributes": {
            "etag": "W/\"1ecb16111126288558af7851ad1fb6eb99a57393235bd0600bf39c85dcd98563\"",
            "id": "4564046:driftctl-acceptance-tester",
            "role": "maintainer",
            "team_id": "4564046",
            "username": "driftctl-acceptance-tester"
          },
          "sensitive_attributes": [],
          "private": "bnVsbA==",
          "dependencies": [
            "github_team.foo"
          ]
        }
      ]
    },
    {
      "mode": "managed",
      "type": "github_team_membership",
      "name": "foo",
      "provider": "provider[\"registry.terraform.io/hashicorp/github\"]",
      "instances": [
        {
          "schema_version": 0,
          "attributes": {
            "etag": "W/\"7d708fe20649b975d112449eb87681183b03ec1eee387e9cad2559fcc6b1fb3b\"",
            "id": "4564046:wbeuil",
            "role": "member",
            "team_id": "4564046",
            "username": "wbeuil"
          },
          "sensitive_attributes": [],
          "private": "bnVsbA==",
          "dependencies": [
            "github_team.foo"
          ]
        }
      ]
    }
  ]
}
