{
  "version": 4,
  "terraform_version": "1.0.11",
  "serial": 42,
  "lineage": "e6ff1294-2037-a68a-e0b9-73953d4da0e7",
  "outputs": {},
  "resources": [
 {
      "mode": "managed",
      "type": "aws_apigatewayv2_integration_response",
      "name": "example",
      "provider": "provider[\"registry.terraform.io/hashicorp/aws\"]",
      "instances": [
        {
          "schema_version": 0,
          "attributes": {
            "api_id": "yw28nwdf34",
            "content_handling_strategy": "",
            "id": "sf67ti7",
            "integration_id": "fmezvlh",
            "integration_response_key": "/200/",
            "response_templates": null,
            "template_selection_expression": ""
          },
          "sensitive_attributes": [],
          "private": "bnVsbA==",
          "dependencies": [
            "aws_apigatewayv2_api.example",
            "aws_apigatewayv2_integration.example"
          ]
        }
      ]
    }
  ]
}
