{
  "version": 4,
  "terraform_version": "0.15.5",
  "serial": 477,
  "lineage": "9566e18d-6080-4aa8-e9a6-4c38905cf68f",
  "outputs": {},
  "resources": [
    {
      "mode": "managed",
      "type": "azurerm_image",
      "name": "example2",
      "provider": "provider[\"registry.terraform.io/hashicorp/azurerm\"]",
      "instances": [
        {
          "schema_version": 0,
          "attributes": {
            "data_disk": [],
            "hyper_v_generation": "V1",
            "id": "/subscriptions/7bfb2c5c-7308-46ed-8ae4-fffa356eb406/resourceGroups/tfvmex-resources/providers/Microsoft.Compute/images/acctest2",
            "location": "westeurope",
            "name": "acctest2",
            "os_disk": [
              {
                "blob_uri": "",
                "caching": "None",
                "managed_disk_id": "/subscriptions/7bfb2c5c-7308-46ed-8ae4-fffa356eb406/resourceGroups/tfvmex-resources/providers/Microsoft.Compute/disks/acctestmd",
                "os_state": "Generalized",
                "os_type": "Linux",
                "size_gb": 30
              }
            ],
            "resource_group_name": "tfvmex-resources",
            "source_virtual_machine_id": null,
            "tags": {},
            "timeouts": null,
            "zone_resilient": false
          },
          "sensitive_attributes": [],
          "private": "eyJlMmJmYjczMC1lY2FhLTExZTYtOGY4OC0zNDM2M2JjN2M0YzAiOnsiY3JlYXRlIjo1NDAwMDAwMDAwMDAwLCJkZWxldGUiOjU0MDAwMDAwMDAwMDAsInJlYWQiOjMwMDAwMDAwMDAwMCwidXBkYXRlIjo1NDAwMDAwMDAwMDAwfX0=",
          "dependencies": [
            "azurerm_managed_disk.example",
            "azurerm_resource_group.main"
          ]
        }
      ]
    }
  ]
}
