{
  "version": 4,
  "terraform_version": "0.14.5",
  "serial": 53,
  "lineage": "c2cd867e-c930-5de3-8592-8eb915e60cb8",
  "outputs": {},
  "resources": [
    {
      "mode": "managed",
      "type": "google_storage_bucket_iam_binding",
      "name": "binding_admin_1",
      "provider": "provider[\"registry.terraform.io/hashicorp/google\"]",
      "instances": [
        {
          "schema_version": 0,
          "attributes": {
            "bucket": "b/dctlgstoragebucketiambinding-1",
            "condition": [],
            "etag": "CAM=",
            "id": "b/dctlgstoragebucketiambinding-1/roles/storage.admin",
            "members": [
              "user:elie.charra@cloudskiff.com"
            ],
            "role": "roles/storage.admin"
          },
          "sensitive_attributes": [],
          "private": "bnVsbA==",
          "dependencies": [
            "google_storage_bucket.dctlgstoragebucketiambinding-1"
          ]
        }
      ]
    },
    {
      "mode": "managed",
      "type": "google_storage_bucket_iam_binding",
      "name": "binding_admin_2",
      "provider": "provider[\"registry.terraform.io/hashicorp/google\"]",
      "instances": [
        {
          "schema_version": 0,
          "attributes": {
            "bucket": "b/dctlgstoragebucketiambinding-2",
            "condition": [],
            "etag": "CAM=",
            "id": "b/dctlgstoragebucketiambinding-2/roles/storage.admin",
            "members": [
              "user:william.beuil@cloudskiff.com"
            ],
            "role": "roles/storage.admin"
          },
          "sensitive_attributes": [],
          "private": "bnVsbA==",
          "dependencies": [
            "google_storage_bucket.dctlgstoragebucketiambinding-2"
          ]
        }
      ]
    },
    {
      "mode": "managed",
      "type": "google_storage_bucket_iam_binding",
      "name": "binding_viewer_1",
      "provider": "provider[\"registry.terraform.io/hashicorp/google\"]",
      "instances": [
        {
          "schema_version": 0,
          "attributes": {
            "bucket": "b/dctlgstoragebucketiambinding-1",
            "condition": [],
            "etag": "CAM=",
            "id": "b/dctlgstoragebucketiambinding-1/roles/storage.objectViewer",
            "members": [
              "user:william.beuil@cloudskiff.com"
            ],
            "role": "roles/storage.objectViewer"
          },
          "sensitive_attributes": [],
          "private": "bnVsbA==",
          "dependencies": [
            "google_storage_bucket.dctlgstoragebucketiambinding-1"
          ]
        }
      ]
    },
    {
      "mode": "managed",
      "type": "google_storage_bucket_iam_binding",
      "name": "binding_viewer_2",
      "provider": "provider[\"registry.terraform.io/hashicorp/google\"]",
      "instances": [
        {
          "schema_version": 0,
          "attributes": {
            "bucket": "b/dctlgstoragebucketiambinding-2",
            "condition": [],
            "etag": "CAM=",
            "id": "b/dctlgstoragebucketiambinding-2/roles/storage.objectViewer",
            "members": [
              "user:elie.charra@cloudskiff.com"
            ],
            "role": "roles/storage.objectViewer"
          },
          "sensitive_attributes": [],
          "private": "bnVsbA==",
          "dependencies": [
            "google_storage_bucket.dctlgstoragebucketiambinding-2"
          ]
        }
      ]
    }
  ]
}
