{
  "version": 4,
  "terraform_version": "1.0.0",
  "serial": 539,
  "lineage": "9566e18d-6080-4aa8-e9a6-4c38905cf68f",
  "outputs": {},
  "resources": [
    {
      "mode": "managed",
      "type": "aws_elb",
      "name": "bar",
      "provider": "provider[\"registry.terraform.io/hashicorp/aws\"]",
      "instances": [
        {
          "schema_version": 0,
          "attributes": {
            "access_logs": [],
            "arn": "arn:aws:elasticloadbalancing:us-east-1:533948124879:loadbalancer/foobar-terraform-elb",
            "availability_zones": [
              "us-east-1a",
              "us-east-1b"
            ],
            "connection_draining": true,
            "connection_draining_timeout": 400,
            "cross_zone_load_balancing": true,
            "desync_mitigation_mode": "defensive",
            "dns_name": "foobar-terraform-elb-862208417.us-east-1.elb.amazonaws.com",
            "health_check": [
              {
                "healthy_threshold": 10,
                "interval": 30,
                "target": "TCP:8000",
                "timeout": 5,
                "unhealthy_threshold": 2
              }
            ],
            "id": "foobar-terraform-elb",
            "idle_timeout": 400,
            "instances": [
              "i-0197bcecd8741f8f2"
            ],
            "internal": false,
            "listener": [
              {
                "instance_port": 8000,
                "instance_protocol": "http",
                "lb_port": 80,
                "lb_protocol": "http",
                "ssl_certificate_id": ""
              }
            ],
            "name": "foobar-terraform-elb",
            "name_prefix": null,
            "security_groups": [
              "sg-06d494bd7e90d1978"
            ],
            "source_security_group": "533948124879/default_elb_9cdec3e4-c42b-3ae8-a684-6161437e15d0",
            "source_security_group_id": "sg-06d494bd7e90d1978",
            "subnets": [
              "subnet-86cffacb",
              "subnet-a18debfe"
            ],
            "tags": {
              "Name": "foobar-terraform-elb"
            },
            "tags_all": {
              "Name": "foobar-terraform-elb"
            },
            "zone_id": "Z35SXDOTRQ7X7K"
          },
          "sensitive_attributes": [],
          "private": "bnVsbA==",
          "dependencies": [
            "aws_instance.web"
          ]
        }
      ]
    }
  ]
}
