{
  "version": 4,
  "terraform_version": "1.0.9",
  "serial": 272,
  "lineage": "85f5bee6-139e-8db2-ae5d-82aa82f62611",
  "outputs": {},
  "resources": [
    {
      "mode": "managed",
      "type": "aws_api_gateway_model",
      "name": "bar",
      "provider": "provider[\"registry.terraform.io/hashicorp/aws\"]",
      "instances": [
        {
          "schema_version": 0,
          "attributes": {
            "content_type": "application/json",
            "description": "a JSON schema",
            "id": "85v536",
            "name": "bar",
            "rest_api_id": "zetudukz30",
            "schema": "{\n  \"type\": \"object\"\n}\n"
          },
          "sensitive_attributes": [],
          "private": "bnVsbA==",
          "dependencies": [
            "aws_api_gateway_rest_api.bar"
          ]
        }
      ]
    },
    {
      "mode": "managed",
      "type": "aws_api_gateway_model",
      "name": "foo",
      "provider": "provider[\"registry.terraform.io/hashicorp/aws\"]",
      "instances": [
        {
          "schema_version": 0,
          "attributes": {
            "content_type": "application/json",
            "description": "a JSON schema",
            "id": "g68a4s",
            "name": "foo",
            "rest_api_id": "vryjzimtj1",
            "schema": "{\n  \"type\": \"object\"\n}\n"
          },
          "sensitive_attributes": [],
          "private": "bnVsbA==",
          "dependencies": [
            "aws_api_gateway_rest_api.foo"
          ]
        }
      ]
    }
  ]
}
