{
  "version": 4,
  "terraform_version": "0.14.5",
  "serial": 19,
  "lineage": "7f22faf7-4655-0f68-3b00-9099a46450a7",
  "outputs": {},
  "resources": [
    {
      "mode": "managed",
      "type": "azurerm_private_dns_ptr_record",
      "name": "othertestptr",
      "provider": "provider[\"registry.terraform.io/hashicorp/azurerm\"]",
      "instances": [
        {
          "schema_version": 0,
          "attributes": {
            "fqdn": "othertestptr.thisisatestusingtf.com.",
            "id": "/subscriptions/8cb43347-a79f-4bb2-a8b4-c838b41fa5a5/resourceGroups/martin-dev/providers/Microsoft.Network/privateDnsZones/thisisatestusingtf.com/PTR/othertestptr",
            "name": "othertestptr",
            "records": [
              "ptr1.thisisatestusingtf.com",
              "ptr2.thisisatestusingtf.com"
            ],
            "resource_group_name": "martin-dev",
            "tags": null,
            "timeouts": null,
            "ttl": 300,
            "zone_name": "thisisatestusingtf.com"
          },
          "sensitive_attributes": [],
          "private": "eyJlMmJmYjczMC1lY2FhLTExZTYtOGY4OC0zNDM2M2JjN2M0YzAiOnsiY3JlYXRlIjoxODAwMDAwMDAwMDAwLCJkZWxldGUiOjE4MDAwMDAwMDAwMDAsInJlYWQiOjMwMDAwMDAwMDAwMCwidXBkYXRlIjoxODAwMDAwMDAwMDAwfX0=",
          "dependencies": [
            "azurerm_private_dns_zone.testzone",
            "data.azurerm_resource_group.martin"
          ]
        }
      ]
    },
    {
      "mode": "managed",
      "type": "azurerm_private_dns_ptr_record",
      "name": "testptr",
      "provider": "provider[\"registry.terraform.io/hashicorp/azurerm\"]",
      "instances": [
        {
          "schema_version": 0,
          "attributes": {
            "fqdn": "testptr.thisisatestusingtf.com.",
            "id": "/subscriptions/8cb43347-a79f-4bb2-a8b4-c838b41fa5a5/resourceGroups/martin-dev/providers/Microsoft.Network/privateDnsZones/thisisatestusingtf.com/PTR/testptr",
            "name": "testptr",
            "records": [
              "ptr3.thisisatestusingtf.com"
            ],
            "resource_group_name": "martin-dev",
            "tags": null,
            "timeouts": null,
            "ttl": 300,
            "zone_name": "thisisatestusingtf.com"
          },
          "sensitive_attributes": [],
          "private": "eyJlMmJmYjczMC1lY2FhLTExZTYtOGY4OC0zNDM2M2JjN2M0YzAiOnsiY3JlYXRlIjoxODAwMDAwMDAwMDAwLCJkZWxldGUiOjE4MDAwMDAwMDAwMDAsInJlYWQiOjMwMDAwMDAwMDAwMCwidXBkYXRlIjoxODAwMDAwMDAwMDAwfX0=",
          "dependencies": [
            "azurerm_private_dns_zone.testzone",
            "data.azurerm_resource_group.martin"
          ]
        }
      ]
    }
  ]
}
