{
  "version": 4,
  "terraform_version": "0.14.4",
  "serial": 88,
  "lineage": "dcb149dc-5e8b-bb81-e690-3980485675f5",
  "outputs": {},
  "resources": [
    {
      "module": "module.iam_iam-user",
      "mode": "managed",
      "type": "aws_iam_access_key",
      "name": "this_no_pgp",
      "provider": "provider[\"registry.terraform.io/hashicorp/aws\"]",
      "instances": [
        {
          "index_key": 0,
          "schema_version": 0,
          "attributes": {
            "encrypted_secret": null,
            "id": "AKIA5QYBVVD2VIEMMUIQ",
            "key_fingerprint": null,
            "pgp_key": null,
            "secret": "",
            "ses_smtp_password_v4": "",
            "status": "Active",
            "user": "MODULE-USER"
          },
          "sensitive_attributes": [],
          "private": "bnVsbA==",
          "dependencies": [
            "module.iam_iam-user.aws_iam_user.this"
          ]
        }
      ]
    },
    {
      "mode": "managed",
      "type": "aws_s3_bucket",
      "name": "bucket",
      "provider": "provider.aws",
      "instances": [
          {
              "schema_version": 0,
              "attributes": {
                  "acceleration_status": "",
                  "acl": "private",
                  "arn": "arn:aws:s3:::bucket-martin-test-drift",
                  "bucket": "bucket-martin-test-drift",
                  "bucket_domain_name": "bucket-martin-test-drift.s3.amazonaws.com",
                  "bucket_prefix": null,
                  "bucket_regional_domain_name": "bucket-martin-test-drift.s3.eu-west-3.amazonaws.com",
                  "cors_rule": [],
                  "force_destroy": false,
                  "grant": [],
                  "hosted_zone_id": "Z3R1K369G5AVDG",
                  "id": "bucket-martin-test-drift",
                  "lifecycle_rule": [],
                  "logging": [],
                  "object_lock_configuration": [],
                  "policy": null,
                  "region": "eu-west-3",
                  "replication_configuration": [],
                  "request_payer": "BucketOwner",
                  "server_side_encryption_configuration": [],
                  "tags": {},
                  "versioning": [
                      {
                          "enabled": false,
                          "mfa_delete": false
                      }
                  ],
                  "website": [],
                  "website_domain": null,
                  "website_endpoint": null
              },
              "private": "bnVsbA=="
          }
      ]
    }
  ]
}
