{
  "version": 4,
  "terraform_version": "1.0.0",
  "serial": 342,
  "lineage": "9566e18d-6080-4aa8-e9a6-4c38905cf68f",
  "outputs": {},
  "resources": [
    {
      "mode": "managed",
      "type": "azurerm_lb_rule",
      "name": "example-2",
      "provider": "provider[\"registry.terraform.io/hashicorp/azurerm\"]",
      "instances": [
        {
          "schema_version": 0,
          "attributes": {
            "backend_address_pool_id": "",
            "backend_port": 80,
            "disable_outbound_snat": false,
            "enable_floating_ip": false,
            "enable_tcp_reset": false,
            "frontend_ip_configuration_id": "/subscriptions/8cb43347-a79f-4bb2-a8b4-c838b41fa5a5/resourceGroups/raphael-dev/providers/Microsoft.Network/loadBalancers/TestLoadBalancer/frontendIPConfigurations/PublicIPAddress",
            "frontend_ip_configuration_name": "PublicIPAddress",
            "frontend_port": 80,
            "id": "/subscriptions/8cb43347-a79f-4bb2-a8b4-c838b41fa5a5/resourceGroups/raphael-dev/providers/Microsoft.Network/loadBalancers/TestLoadBalancer/loadBalancingRules/LBRule2",
            "idle_timeout_in_minutes": 4,
            "load_distribution": "Default",
            "loadbalancer_id": "/subscriptions/8cb43347-a79f-4bb2-a8b4-c838b41fa5a5/resourceGroups/raphael-dev/providers/Microsoft.Network/loadBalancers/TestLoadBalancer",
            "name": "LBRule2",
            "probe_id": "",
            "protocol": "Tcp",
            "resource_group_name": "raphael-dev",
            "timeouts": null
          },
          "sensitive_attributes": [],
          "private": "eyJlMmJmYjczMC1lY2FhLTExZTYtOGY4OC0zNDM2M2JjN2M0YzAiOnsiY3JlYXRlIjoxODAwMDAwMDAwMDAwLCJkZWxldGUiOjE4MDAwMDAwMDAwMDAsInJlYWQiOjMwMDAwMDAwMDAwMCwidXBkYXRlIjoxODAwMDAwMDAwMDAwfX0=",
          "dependencies": [
            "azurerm_lb.example",
            "data.azurerm_resource_group.raphael-dev"
          ]
        }
      ]
    }
  ]
}
