{
  "version": 4,
  "terraform_version": "0.14.5",
  "serial": 19,
  "lineage": "7f22faf7-4655-0f68-3b00-9099a46450a7",
  "outputs": {},
  "resources": [
   {
         "mode": "managed",
         "type": "azurerm_private_dns_txt_record",
         "name": "othertesttxt",
         "provider": "provider[\"registry.terraform.io/hashicorp/azurerm\"]",
         "instances": [
           {
             "schema_version": 0,
             "attributes": {
               "fqdn": "othertesttxt.thisisatestusingtf.com.",
               "id": "/subscriptions/8cb43347-a79f-4bb2-a8b4-c838b41fa5a5/resourceGroups/martin-dev/providers/Microsoft.Network/privateDnsZones/thisisatestusingtf.com/TXT/othertesttxt",
               "name": "othertesttxt",
               "record": [
                 {
                   "value": "this is value line 1"
                 },
                 {
                   "value": "this is value line 2"
                 }
               ],
               "resource_group_name": "martin-dev",
               "tags": null,
               "timeouts": null,
               "ttl": 300,
               "zone_name": "thisisatestusingtf.com"
             },
             "sensitive_attributes": [],
             "private": "eyJlMmJmYjczMC1lY2FhLTExZTYtOGY4OC0zNDM2M2JjN2M0YzAiOnsiY3JlYXRlIjoxODAwMDAwMDAwMDAwLCJkZWxldGUiOjE4MDAwMDAwMDAwMDAsInJlYWQiOjMwMDAwMDAwMDAwMCwidXBkYXRlIjoxODAwMDAwMDAwMDAwfX0=",
             "dependencies": [
               "azurerm_private_dns_zone.testzone",
               "data.azurerm_resource_group.martin"
             ]
           }
         ]
       },
       {
         "mode": "managed",
         "type": "azurerm_private_dns_txt_record",
         "name": "testtxt",
         "provider": "provider[\"registry.terraform.io/hashicorp/azurerm\"]",
         "instances": [
           {
             "schema_version": 0,
             "attributes": {
               "fqdn": "testtxt.thisisatestusingtf.com.",
               "id": "/subscriptions/8cb43347-a79f-4bb2-a8b4-c838b41fa5a5/resourceGroups/martin-dev/providers/Microsoft.Network/privateDnsZones/thisisatestusingtf.com/TXT/testtxt",
               "name": "testtxt",
               "record": [
                 {
                   "value": "this is value line 3"
                 }
               ],
               "resource_group_name": "martin-dev",
               "tags": null,
               "timeouts": null,
               "ttl": 300,
               "zone_name": "thisisatestusingtf.com"
             },
             "sensitive_attributes": [],
             "private": "eyJlMmJmYjczMC1lY2FhLTExZTYtOGY4OC0zNDM2M2JjN2M0YzAiOnsiY3JlYXRlIjoxODAwMDAwMDAwMDAwLCJkZWxldGUiOjE4MDAwMDAwMDAwMDAsInJlYWQiOjMwMDAwMDAwMDAwMCwidXBkYXRlIjoxODAwMDAwMDAwMDAwfX0=",
             "dependencies": [
               "azurerm_private_dns_zone.testzone",
               "data.azurerm_resource_group.martin"
             ]
           }
         ]
       }
  ]
}
