{
  "version": 4,
  "terraform_version": "1.0.7",
  "serial": 27,
  "lineage": "85f5bee6-139e-8db2-ae5d-82aa82f62611",
  "outputs": {},
  "resources": [
    {
      "mode": "managed",
      "type": "aws_api_gateway_resource",
      "name": "bar",
      "provider": "provider[\"registry.terraform.io/hashicorp/aws\"]",
      "instances": [
        {
          "schema_version": 0,
          "attributes": {
            "id": "21zk4y",
            "parent_id": "pe75h6tq6i",
            "path": "/bar",
            "path_part": "bar",
            "rest_api_id": "3of73v5ob4"
          },
          "sensitive_attributes": [],
          "private": "bnVsbA==",
          "dependencies": [
            "aws_api_gateway_rest_api.bar"
          ]
        }
      ]
    },
    {
      "mode": "managed",
      "type": "aws_api_gateway_resource",
      "name": "foo",
      "provider": "provider[\"registry.terraform.io/hashicorp/aws\"]",
      "instances": [
        {
          "schema_version": 0,
          "attributes": {
            "id": "wijcbm",
            "parent_id": "2ltv32p058",
            "path": "/foo",
            "path_part": "foo",
            "rest_api_id": "1jitcobwol"
          },
          "sensitive_attributes": [],
          "private": "bnVsbA==",
          "dependencies": [
            "aws_api_gateway_rest_api.foo"
          ]
        }
      ]
    }
  ]
}
