{
  "version": 4,
  "terraform_version": "0.15.5",
  "serial": 22,
  "lineage": "0738cef4-9d69-9ccc-aebd-1177cafa0aa9",
  "outputs": {},
  "resources": [
    {
      "mode": "managed",
      "type": "google_cloudfunctions_function",
      "name": "function",
      "provider": "provider[\"registry.terraform.io/hashicorp/google\"]",
      "instances": [
        {
          "schema_version": 0,
          "attributes": {
            "available_memory_mb": 128,
            "build_environment_variables": null,
            "description": "My function",
            "entry_point": "helloHttp",
            "environment_variables": null,
            "event_trigger": [],
            "https_trigger_url": "https://us-central1-cloudskiff-dev-elie.cloudfunctions.net/function-test",
            "id": "projects/cloudskiff-dev-elie/locations/us-central1/functions/function-test",
            "ingress_settings": "ALLOW_ALL",
            "labels": null,
            "max_instances": 0,
            "name": "function-test",
            "project": "cloudskiff-dev-elie",
            "region": "us-central1",
            "runtime": "nodejs14",
            "service_account_email": "cloudskiff-dev-elie@appspot.gserviceaccount.com",
            "source_archive_bucket": "test-bucket-driftctl",
            "source_archive_object": "index.zip",
            "source_repository": [],
            "timeout": 60,
            "timeouts": null,
            "trigger_http": true,
            "vpc_connector": "",
            "vpc_connector_egress_settings": ""
          },
          "sensitive_attributes": [],
          "private": "eyJlMmJmYjczMC1lY2FhLTExZTYtOGY4OC0zNDM2M2JjN2M0YzAiOnsiY3JlYXRlIjozMDAwMDAwMDAwMDAsImRlbGV0ZSI6MzAwMDAwMDAwMDAwLCJyZWFkIjozMDAwMDAwMDAwMDAsInVwZGF0ZSI6MzAwMDAwMDAwMDAwfX0=",
          "dependencies": [
            "google_storage_bucket.bucket",
            "google_storage_bucket_object.archive"
          ]
        }
      ]
    }
  ]
}
