{
  "version": 4,
  "terraform_version": "0.15.5",
  "serial": 53,
  "lineage": "0738cef4-9d69-9ccc-aebd-1177cafa0aa9",
  "outputs": {},
  "resources": [
    {
      "mode": "managed",
      "type": "google_bigtable_table",
      "name": "table",
      "provider": "provider[\"registry.terraform.io/hashicorp/google\"]",
      "instances": [
        {
          "schema_version": 0,
          "attributes": {
            "column_family": [],
            "id": "projects/cloudskiff-dev-elie/instances/tf-instance/tables/tf-table",
            "instance_name": "tf-instance",
            "name": "tf-table",
            "project": "cloudskiff-dev-elie",
            "split_keys": null
          },
          "sensitive_attributes": [],
          "private": "bnVsbA==",
          "dependencies": [
            "google_bigtable_instance.instance"
          ]
        }
      ]
    }
  ]
}
