{
  "version": 4,
  "terraform_version": "1.0.0",
  "serial": 9,
  "lineage": "6658c307-5bb4-bd91-52b9-085d3abbc215",
  "outputs": {},
  "resources": [
    {
      "mode": "managed",
      "type": "aws_iam_group",
      "name": "my_developers",
      "provider": "provider[\"registry.terraform.io/hashicorp/aws\"]",
      "instances": [
        {
          "schema_version": 0,
          "attributes": {
            "arn": "arn:aws:iam::533948124879:group/users/developers",
            "id": "developers",
            "name": "developers",
            "path": "/users/",
            "unique_id": "AGPAXYUOJZ3HYXMHVQXQK"
          },
          "sensitive_attributes": [],
          "private": "bnVsbA=="
        }
      ]
    }
  ]
}
