{
  "version": 4,
  "terraform_version": "0.12.28",
  "serial": 111,
  "lineage": "bb54c6d5-e17e-32af-f929-762d81156285",
  "outputs": {},
  "resources": [
    {
      "mode": "managed",
      "type": "aws_route53_record",
      "name": "ns",
      "provider": "provider.aws",
      "instances": [
        {
          "schema_version": 2,
          "attributes": {
            "alias": [],
            "allow_overwrite": true,
            "failover_routing_policy": [],
            "fqdn": "foo-0.com",
            "geolocation_routing_policy": [],
            "health_check_id": "",
            "id": "Z1035360GLIB82T1EH2G_foo-0.com_NS",
            "latency_routing_policy": [],
            "multivalue_answer_routing_policy": null,
            "name": "foo-0.com",
            "records": [
              "ns-1295.awsdns-33.org.",
              "ns-1843.awsdns-38.co.uk.",
              "ns-228.awsdns-28.demo.",
              "ns-873.awsdns-45.net."
            ],
            "set_identifier": "",
            "ttl": 172800,
            "type": "NS",
            "weighted_routing_policy": [],
            "zone_id": "Z1035360GLIB82T1EH2G"
          },
          "private": "eyJzY2hlbWFfdmVyc2lvbiI6IjIifQ==",
          "dependencies": [
            "aws_route53_zone.foobar"
          ]
        }
      ]
    },
    {
      "mode": "managed",
      "type": "aws_route53_record",
      "name": "test",
      "each": "list",
      "provider": "provider.aws",
      "instances": [
        {
          "index_key": 0,
          "schema_version": 2,
          "attributes": {
            "alias": [],
            "allow_overwrite": null,
            "failover_routing_policy": [],
            "fqdn": "test0.foo-0.com",
            "geolocation_routing_policy": [],
            "health_check_id": "",
            "id": "Z1035360GLIB82T1EH2G_test0_A",
            "latency_routing_policy": [],
            "multivalue_answer_routing_policy": null,
            "name": "test0",
            "records": [
              "1.2.3.4"
            ],
            "set_identifier": "",
            "ttl": 300,
            "type": "A",
            "weighted_routing_policy": [],
            "zone_id": "Z1035360GLIB82T1EH2G"
          },
          "private": "eyJzY2hlbWFfdmVyc2lvbiI6IjIifQ==",
          "dependencies": [
            "aws_route53_zone.foobar"
          ]
        },
        {
          "index_key": 1,
          "schema_version": 2,
          "attributes": {
            "alias": [],
            "allow_overwrite": null,
            "failover_routing_policy": [],
            "fqdn": "test1.foo-0.com",
            "geolocation_routing_policy": [],
            "health_check_id": "",
            "id": "Z1035360GLIB82T1EH2G_test1_A",
            "latency_routing_policy": [],
            "multivalue_answer_routing_policy": null,
            "name": "test1",
            "records": [
              "1.2.3.4"
            ],
            "set_identifier": "",
            "ttl": 300,
            "type": "A",
            "weighted_routing_policy": [],
            "zone_id": "Z1035360GLIB82T1EH2G"
          },
          "private": "eyJzY2hlbWFfdmVyc2lvbiI6IjIifQ==",
          "dependencies": [
            "aws_route53_zone.foobar"
          ]
        },
        {
          "index_key": 2,
          "schema_version": 2,
          "attributes": {
            "alias": [],
            "allow_overwrite": null,
            "failover_routing_policy": [],
            "fqdn": "test2.foo-0.com",
            "geolocation_routing_policy": [],
            "health_check_id": "",
            "id": "Z1035360GLIB82T1EH2G_test2_A",
            "latency_routing_policy": [],
            "multivalue_answer_routing_policy": null,
            "name": "test2",
            "records": [
              "1.2.3.4"
            ],
            "set_identifier": "",
            "ttl": 300,
            "type": "A",
            "weighted_routing_policy": [],
            "zone_id": "Z1035360GLIB82T1EH2G"
          },
          "private": "eyJzY2hlbWFfdmVyc2lvbiI6IjIifQ==",
          "dependencies": [
            "aws_route53_zone.foobar"
          ]
        },
        {
          "index_key": 3,
          "schema_version": 2,
          "attributes": {
            "alias": [],
            "allow_overwrite": null,
            "failover_routing_policy": [],
            "fqdn": "test3.foo-0.com",
            "geolocation_routing_policy": [],
            "health_check_id": "",
            "id": "Z1035360GLIB82T1EH2G_test3_A",
            "latency_routing_policy": [],
            "multivalue_answer_routing_policy": null,
            "name": "test3",
            "records": [
              "1.2.3.4"
            ],
            "set_identifier": "",
            "ttl": 300,
            "type": "A",
            "weighted_routing_policy": [],
            "zone_id": "Z1035360GLIB82T1EH2G"
          },
          "private": "eyJzY2hlbWFfdmVyc2lvbiI6IjIifQ==",
          "dependencies": [
            "aws_route53_zone.foobar"
          ]
        }
      ]
    },
    {
      "mode": "managed",
      "type": "aws_route53_record",
      "name": "test2",
      "each": "list",
      "provider": "provider.aws",
      "instances": [
        {
          "index_key": 0,
          "schema_version": 2,
          "attributes": {
            "alias": [],
            "allow_overwrite": null,
            "failover_routing_policy": [],
            "fqdn": "test0.foo-1.com",
            "geolocation_routing_policy": [],
            "health_check_id": "",
            "id": "Z10347383HV75H96J919W_test0_A",
            "latency_routing_policy": [],
            "multivalue_answer_routing_policy": null,
            "name": "test0",
            "records": [
              "1.2.3.4"
            ],
            "set_identifier": "",
            "ttl": 300,
            "type": "A",
            "weighted_routing_policy": [],
            "zone_id": "Z10347383HV75H96J919W"
          },
          "private": "eyJzY2hlbWFfdmVyc2lvbiI6IjIifQ==",
          "dependencies": [
            "aws_route53_zone.foobar"
          ]
        },
        {
          "index_key": 1,
          "schema_version": 2,
          "attributes": {
            "alias": [],
            "allow_overwrite": null,
            "failover_routing_policy": [],
            "fqdn": "test1.foo-1.com",
            "geolocation_routing_policy": [],
            "health_check_id": "",
            "id": "Z10347383HV75H96J919W_test1_A",
            "latency_routing_policy": [],
            "multivalue_answer_routing_policy": null,
            "name": "test1",
            "records": [
              "1.2.3.4"
            ],
            "set_identifier": "",
            "ttl": 300,
            "type": "A",
            "weighted_routing_policy": [],
            "zone_id": "Z10347383HV75H96J919W"
          },
          "private": "eyJzY2hlbWFfdmVyc2lvbiI6IjIifQ==",
          "dependencies": [
            "aws_route53_zone.foobar"
          ]
        },
        {
          "index_key": 2,
          "schema_version": 2,
          "attributes": {
            "alias": [],
            "allow_overwrite": null,
            "failover_routing_policy": [],
            "fqdn": "test2.foo-1.com",
            "geolocation_routing_policy": [],
            "health_check_id": null,
            "id": "Z10347383HV75H96J919W_test2_A",
            "latency_routing_policy": [],
            "multivalue_answer_routing_policy": null,
            "name": "test2",
            "records": [
              "1.2.3.4"
            ],
            "set_identifier": null,
            "ttl": 300,
            "type": "A",
            "weighted_routing_policy": [],
            "zone_id": "Z10347383HV75H96J919W"
          },
          "private": "eyJzY2hlbWFfdmVyc2lvbiI6IjIifQ==",
          "dependencies": [
            "aws_route53_zone.foobar"
          ]
        },
        {
          "index_key": 3,
          "schema_version": 2,
          "attributes": {
            "alias": [],
            "allow_overwrite": null,
            "failover_routing_policy": [],
            "fqdn": "test3.foo-1.com",
            "geolocation_routing_policy": [],
            "health_check_id": "",
            "id": "Z10347383HV75H96J919W_test3_A",
            "latency_routing_policy": [],
            "multivalue_answer_routing_policy": null,
            "name": "test3",
            "records": [
              "1.2.3.4"
            ],
            "set_identifier": "",
            "ttl": 300,
            "type": "A",
            "weighted_routing_policy": [],
            "zone_id": "Z10347383HV75H96J919W"
          },
          "private": "eyJzY2hlbWFfdmVyc2lvbiI6IjIifQ==",
          "dependencies": [
            "aws_route53_zone.foobar"
          ]
        }
      ]
    },
    {
      "mode": "managed",
      "type": "aws_route53_zone",
      "name": "foobar",
      "each": "list",
      "provider": "provider.aws",
      "instances": [
        {
          "index_key": 0,
          "schema_version": 0,
          "attributes": {
            "comment": "Managed by Terraform",
            "delegation_set_id": "",
            "force_destroy": false,
            "id": "Z1035360GLIB82T1EH2G",
            "name": "foo-0.com",
            "name_servers": [
              "ns-1441.awsdns-52.org",
              "ns-1595.awsdns-07.co.uk",
              "ns-332.awsdns-41.com",
              "ns-885.awsdns-46.net"
            ],
            "tags": {},
            "vpc": [],
            "zone_id": "Z1035360GLIB82T1EH2G"
          },
          "private": "bnVsbA=="
        },
        {
          "index_key": 1,
          "schema_version": 0,
          "attributes": {
            "comment": "Managed by Terraform",
            "delegation_set_id": "",
            "force_destroy": false,
            "id": "Z10347383HV75H96J919W",
            "name": "foo-1.com",
            "name_servers": [
              "ns-1065.awsdns-05.org",
              "ns-1882.awsdns-43.co.uk",
              "ns-449.awsdns-56.com",
              "ns-921.awsdns-51.net"
            ],
            "tags": {},
            "vpc": [],
            "zone_id": "Z10347383HV75H96J919W"
          },
          "private": "bnVsbA=="
        }
      ]
    }
  ]
}
