{
  "version": 4,
  "terraform_version": "1.1.6",
  "serial": 16,
  "lineage": "f4b4fc7c-0808-f110-3f67-fe15e7daec97",
  "outputs": {},
  "resources": [
    {
      "mode": "managed",
      "type": "aws_iam_group_policy",
      "name": "my_developer_policy",
      "provider": "provider[\"registry.terraform.io/hashicorp/aws\"]",
      "instances": [
        {
          "schema_version": 0,
          "attributes": {
            "group": "developers",
            "id": "developers:my_developer_policy",
            "name": "my_developer_policy",
            "name_prefix": null,
            "policy": "{\"Statement\":[{\"Action\":[\"ec2:Describe*\"],\"Effect\":\"Allow\",\"Resource\":\"*\"}],\"Version\":\"2012-10-17\"}"
          },
          "sensitive_attributes": [],
          "private": "bnVsbA==",
          "dependencies": [
            "aws_iam_group.my_developers"
          ]
        }
      ]
    }
  ]
}
