{
  "version": 4,
  "terraform_version": "1.1.6",
  "serial": 3,
  "lineage": "a304c9d1-d091-4667-702d-61729daf8a4a",
  "outputs": {},
  "resources": [
    {
      "mode": "managed",
      "type": "aws_elasticache_cluster",
      "name": "example",
      "provider": "provider[\"registry.terraform.io/hashicorp/aws\"]",
      "instances": [
        {
          "schema_version": 0,
          "attributes": {
            "apply_immediately": null,
            "arn": "arn:aws:elasticache:us-east-2:047081014315:cluster:cluster-example",
            "availability_zone": "us-east-2b",
            "az_mode": "single-az",
            "cache_nodes": [
              {
                "address": "cluster-example.jkdpui.0001.use2.cache.amazonaws.com",
                "availability_zone": "us-east-2b",
                "id": "0001",
                "port": 11211
              }
            ],
            "cluster_address": "cluster-example.jkdpui.cfg.use2.cache.amazonaws.com",
            "cluster_id": "cluster-example",
            "configuration_endpoint": "cluster-example.jkdpui.cfg.use2.cache.amazonaws.com:11211",
            "engine": "memcached",
            "engine_version": "1.6.6",
            "engine_version_actual": "1.6.6",
            "final_snapshot_identifier": null,
            "id": "cluster-example",
            "log_delivery_configuration": [],
            "maintenance_window": "fri:02:30-fri:03:30",
            "node_type": "cache.t2.micro",
            "notification_topic_arn": null,
            "num_cache_nodes": 1,
            "parameter_group_name": "default.memcached1.6",
            "port": 11211,
            "preferred_availability_zones": null,
            "replication_group_id": null,
            "security_group_ids": [],
            "security_group_names": [],
            "snapshot_arns": null,
            "snapshot_name": null,
            "snapshot_retention_limit": 0,
            "snapshot_window": "",
            "subnet_group_name": "default",
            "tags": null,
            "tags_all": {}
          },
          "sensitive_attributes": [],
          "private": "bnVsbA=="
        }
      ]
    }
  ]
}
