{
  "version": 4,
  "terraform_version": "0.12.26",
  "serial": 556,
  "lineage": "b4b284a7-9835-6ae1-b6c5-21100080f61e",
  "outputs": {},
  "resources": [
    {
      "mode": "managed",
      "type": "aws_iam_access_key",
      "name": "test",
      "provider": "provider.aws",
      "instances": [
        {
          "schema_version": 0,
          "attributes": {
            "encrypted_secret": null,
            "id": "AKIAXVMHWD4BYCOUMTPB",
            "key_fingerprint": null,
            "pgp_key": null,
            "secret": "DYVYgsbLiprEPVEyOajWeh8P5FuEqbZDhkqA+fmz",
            "ses_smtp_password_v4": "BMaGkq7vt1A2RCsFNTlMOVxBWxQU6mEnrVSB59QZ57aM",
            "status": "Active",
            "user": "loadbalancer"
          },
          "private": "bnVsbA==",
          "dependencies": [
            "aws_iam_user.test"
          ]
        }
      ]
    },
    {
      "mode": "managed",
      "type": "aws_iam_access_key",
      "name": "test2",
      "provider": "provider.aws",
      "instances": [
        {
          "schema_version": 0,
          "attributes": {
            "encrypted_secret": null,
            "id": "AKIAXVMHWD4BZZ46XCIU",
            "key_fingerprint": null,
            "pgp_key": null,
            "secret": "83RiEBVlRMlJsbr/bogeVhlypkjR11sHs/tV/k1j",
            "ses_smtp_password_v4": "BLecQIwGZ0kyduTmskrxY1kVNQNeTAyGncyNLPnFc8mo",
            "status": "Active",
            "user": "loadbalancer2"
          },
          "private": "bnVsbA==",
          "dependencies": [
            "aws_iam_user.test2"
          ]
        }
      ]
    },
    {
      "mode": "managed",
      "type": "aws_iam_access_key",
      "name": "test3",
      "provider": "provider.aws",
      "instances": [
        {
          "schema_version": 0,
          "attributes": {
            "encrypted_secret": null,
            "id": "AKIAXVMHWD4BQM7NGPEU",
            "key_fingerprint": null,
            "pgp_key": null,
            "secret": "lJRGYs2Mf7up+dAzzOMmlyzHeHWybM4R7JlpFHyt",
            "ses_smtp_password_v4": "BBKWjtfZJzaxvzLuLDZ/sSd0dLBO+eJFN8marDCkUBDK",
            "status": "Active",
            "user": "loadbalancer3"
          },
          "private": "bnVsbA==",
          "dependencies": [
            "aws_iam_user.test3"
          ]
        }
      ]
    },
    {
      "mode": "managed",
      "type": "aws_iam_user",
      "name": "test",
      "provider": "provider.aws",
      "instances": [
        {
          "schema_version": 0,
          "attributes": {
            "arn": "arn:aws:iam::526954929923:user/system/loadbalancer",
            "force_destroy": false,
            "id": "loadbalancer",
            "name": "loadbalancer",
            "path": "/system/",
            "permissions_boundary": null,
            "tags": null,
            "unique_id": "AIDAXVMHWD4B7BHWL7YKF"
          },
          "private": "bnVsbA=="
        }
      ]
    },
    {
      "mode": "managed",
      "type": "aws_iam_user",
      "name": "test2",
      "provider": "provider.aws",
      "instances": [
        {
          "schema_version": 0,
          "attributes": {
            "arn": "arn:aws:iam::526954929923:user/system/loadbalancer2",
            "force_destroy": false,
            "id": "loadbalancer2",
            "name": "loadbalancer2",
            "path": "/system/",
            "permissions_boundary": null,
            "tags": null,
            "unique_id": "AIDAXVMHWD4BTVLVQM236"
          },
          "private": "bnVsbA=="
        }
      ]
    },
    {
      "mode": "managed",
      "type": "aws_iam_user",
      "name": "test3",
      "provider": "provider.aws",
      "instances": [
        {
          "schema_version": 0,
          "attributes": {
            "arn": "arn:aws:iam::526954929923:user/system/loadbalancer3",
            "force_destroy": false,
            "id": "loadbalancer3",
            "name": "loadbalancer3",
            "path": "/system/",
            "permissions_boundary": null,
            "tags": null,
            "unique_id": "AIDAXVMHWD4BUICVKAIIT"
          },
          "private": "bnVsbA=="
        }
      ]
    },
    {
      "mode": "managed",
      "type": "aws_iam_user_policy",
      "name": "test2_ro",
      "provider": "provider.aws",
      "instances": [
        {
          "schema_version": 0,
          "attributes": {
            "id": "loadbalancer2:test2",
            "name": "test2",
            "name_prefix": null,
            "policy": "{\n  \"Version\": \"2012-10-17\",\n  \"Statement\": [\n    {\n      \"Action\": [\n        \"ec2:Describe*\"\n      ],\n      \"Effect\": \"Allow\",\n      \"Resource\": \"*\"\n    }\n  ]\n}\n",
            "user": "loadbalancer2"
          },
          "private": "bnVsbA==",
          "dependencies": [
            "aws_iam_user.test2"
          ]
        }
      ]
    },
    {
      "mode": "managed",
      "type": "aws_iam_user_policy",
      "name": "test2_ro2",
      "provider": "provider.aws",
      "instances": [
        {
          "schema_version": 0,
          "attributes": {
            "id": "loadbalancer2:test22",
            "name": "test22",
            "name_prefix": null,
            "policy": "{\n  \"Version\": \"2012-10-17\",\n  \"Statement\": [\n    {\n      \"Action\": [\n        \"ec2:Describe*\"\n      ],\n      \"Effect\": \"Allow\",\n      \"Resource\": \"*\"\n    }\n  ]\n}\n",
            "user": "loadbalancer2"
          },
          "private": "bnVsbA==",
          "dependencies": [
            "aws_iam_user.test2"
          ]
        }
      ]
    },
    {
      "mode": "managed",
      "type": "aws_iam_user_policy",
      "name": "test2_ro3",
      "provider": "provider.aws",
      "instances": [
        {
          "schema_version": 0,
          "attributes": {
            "id": "loadbalancer2:test23",
            "name": "test23",
            "name_prefix": null,
            "policy": "{\n  \"Version\": \"2012-10-17\",\n  \"Statement\": [\n    {\n      \"Action\": [\n        \"ec2:Describe*\"\n      ],\n      \"Effect\": \"Allow\",\n      \"Resource\": \"*\"\n    }\n  ]\n}\n",
            "user": "loadbalancer2"
          },
          "private": "bnVsbA==",
          "dependencies": [
            "aws_iam_user.test2"
          ]
        }
      ]
    },
    {
      "mode": "managed",
      "type": "aws_iam_user_policy",
      "name": "test2_ro4",
      "provider": "provider.aws",
      "instances": [
        {
          "schema_version": 0,
          "attributes": {
            "id": "loadbalancer2:test24",
            "name": "test24",
            "name_prefix": null,
            "policy": "{\n  \"Version\": \"2012-10-17\",\n  \"Statement\": [\n    {\n      \"Action\": [\n        \"ec2:Describe*\"\n      ],\n      \"Effect\": \"Allow\",\n      \"Resource\": \"*\"\n    }\n  ]\n}\n",
            "user": "loadbalancer2"
          },
          "private": "bnVsbA==",
          "dependencies": [
            "aws_iam_user.test2"
          ]
        }
      ]
    },
    {
      "mode": "managed",
      "type": "aws_iam_user_policy",
      "name": "test3_ro",
      "provider": "provider.aws",
      "instances": [
        {
          "schema_version": 0,
          "attributes": {
            "id": "loadbalancer3:test3",
            "name": "test3",
            "name_prefix": null,
            "policy": "{\n  \"Version\": \"2012-10-17\",\n  \"Statement\": [\n    {\n      \"Action\": [\n        \"ec2:Describe*\"\n      ],\n      \"Effect\": \"Allow\",\n      \"Resource\": \"*\"\n    }\n  ]\n}\n",
            "user": "loadbalancer3"
          },
          "private": "bnVsbA==",
          "dependencies": [
            "aws_iam_user.test3"
          ]
        }
      ]
    },
    {
      "mode": "managed",
      "type": "aws_iam_user_policy",
      "name": "test3_ro2",
      "provider": "provider.aws",
      "instances": [
        {
          "schema_version": 0,
          "attributes": {
            "id": "loadbalancer3:test32",
            "name": "test32",
            "name_prefix": null,
            "policy": "{\n  \"Version\": \"2012-10-17\",\n  \"Statement\": [\n    {\n      \"Action\": [\n        \"ec2:Describe*\"\n      ],\n      \"Effect\": \"Allow\",\n      \"Resource\": \"*\"\n    }\n  ]\n}\n",
            "user": "loadbalancer3"
          },
          "private": "bnVsbA==",
          "dependencies": [
            "aws_iam_user.test3"
          ]
        }
      ]
    },
    {
      "mode": "managed",
      "type": "aws_iam_user_policy",
      "name": "test3_ro3",
      "provider": "provider.aws",
      "instances": [
        {
          "schema_version": 0,
          "attributes": {
            "id": "loadbalancer3:test33",
            "name": "test33",
            "name_prefix": null,
            "policy": "{\n  \"Version\": \"2012-10-17\",\n  \"Statement\": [\n    {\n      \"Action\": [\n        \"ec2:Describe*\"\n      ],\n      \"Effect\": \"Allow\",\n      \"Resource\": \"*\"\n    }\n  ]\n}\n",
            "user": "loadbalancer3"
          },
          "private": "bnVsbA==",
          "dependencies": [
            "aws_iam_user.test3"
          ]
        }
      ]
    },
    {
      "mode": "managed",
      "type": "aws_iam_user_policy",
      "name": "test3_ro4",
      "provider": "provider.aws",
      "instances": [
        {
          "schema_version": 0,
          "attributes": {
            "id": "loadbalancer3:test34",
            "name": "test34",
            "name_prefix": null,
            "policy": "{\n  \"Version\": \"2012-10-17\",\n  \"Statement\": [\n    {\n      \"Action\": [\n        \"ec2:Describe*\"\n      ],\n      \"Effect\": \"Allow\",\n      \"Resource\": \"*\"\n    }\n  ]\n}\n",
            "user": "loadbalancer3"
          },
          "private": "bnVsbA==",
          "dependencies": [
            "aws_iam_user.test3"
          ]
        }
      ]
    },
    {
      "mode": "managed",
      "type": "aws_iam_user_policy",
      "name": "test_ro",
      "provider": "provider.aws",
      "instances": [
        {
          "schema_version": 0,
          "attributes": {
            "id": "loadbalancer:test",
            "name": "test",
            "name_prefix": null,
            "policy": "{\n  \"Version\": \"2012-10-17\",\n  \"Statement\": [\n    {\n      \"Action\": [\n        \"ec2:Describe*\"\n      ],\n      \"Effect\": \"Allow\",\n      \"Resource\": \"*\"\n    }\n  ]\n}\n",
            "user": "loadbalancer"
          },
          "private": "bnVsbA==",
          "dependencies": [
            "aws_iam_user.test"
          ]
        }
      ]
    },
    {
      "mode": "managed",
      "type": "aws_iam_user_policy",
      "name": "test_ro2",
      "provider": "provider.aws",
      "instances": [
        {
          "schema_version": 0,
          "attributes": {
            "id": "loadbalancer:test2",
            "name": "test2",
            "name_prefix": null,
            "policy": "{\n  \"Version\": \"2012-10-17\",\n  \"Statement\": [\n    {\n      \"Action\": [\n        \"ec2:Describe*\"\n      ],\n      \"Effect\": \"Allow\",\n      \"Resource\": \"*\"\n    }\n  ]\n}\n",
            "user": "loadbalancer"
          },
          "private": "bnVsbA==",
          "dependencies": [
            "aws_iam_user.test"
          ]
        }
      ]
    },
    {
      "mode": "managed",
      "type": "aws_iam_user_policy",
      "name": "test_ro3",
      "provider": "provider.aws",
      "instances": [
        {
          "schema_version": 0,
          "attributes": {
            "id": "loadbalancer:test3",
            "name": "test3",
            "name_prefix": null,
            "policy": "{\n  \"Version\": \"2012-10-17\",\n  \"Statement\": [\n    {\n      \"Action\": [\n        \"ec2:Describe*\"\n      ],\n      \"Effect\": \"Allow\",\n      \"Resource\": \"*\"\n    }\n  ]\n}\n",
            "user": "loadbalancer"
          },
          "private": "bnVsbA==",
          "dependencies": [
            "aws_iam_user.test"
          ]
        }
      ]
    },
    {
      "mode": "managed",
      "type": "aws_iam_user_policy",
      "name": "test_ro4",
      "provider": "provider.aws",
      "instances": [
        {
          "schema_version": 0,
          "attributes": {
            "id": "loadbalancer:test4",
            "name": "test4",
            "name_prefix": null,
            "policy": "{\n  \"Version\": \"2012-10-17\",\n  \"Statement\": [\n    {\n      \"Action\": [\n        \"ec2:Describe*\"\n      ],\n      \"Effect\": \"Allow\",\n      \"Resource\": \"*\"\n    }\n  ]\n}\n",
            "user": "loadbalancer"
          },
          "private": "bnVsbA==",
          "dependencies": [
            "aws_iam_user.test"
          ]
        }
      ]
    }
  ]
}
