{
  "version": 4,
  "terraform_version": "0.14.4",
  "serial": 3,
  "lineage": "9fb78851-b86b-b53a-f625-c5b3407eb935",
  "outputs": {},
  "resources": [
    {
      "mode": "managed",
      "type": "github_team",
      "name": "team1",
      "provider": "provider[\"registry.terraform.io/hashicorp/github\"]",
      "instances": [
        {
          "schema_version": 0,
          "attributes": {
            "create_default_maintainer": null,
            "description": "test",
            "etag": "W/\"04b608322c60381373485f1154b7670f1daeb6bdfa9062f7eba05739171fcac0\"",
            "id": "4556715",
            "ldap_dn": "",
            "members_count": 1,
            "name": "team1",
            "node_id": "MDQ6VGVhbTQ1NTY3MTU=",
            "parent_team_id": null,
            "privacy": "closed",
            "slug": "team1"
          },
          "sensitive_attributes": [],
          "private": "eyJzY2hlbWFfdmVyc2lvbiI6IjAifQ=="
        }
      ]
    },
    {
      "mode": "managed",
      "type": "github_team",
      "name": "team2",
      "provider": "provider[\"registry.terraform.io/hashicorp/github\"]",
      "instances": [
        {
          "schema_version": 0,
          "attributes": {
            "create_default_maintainer": null,
            "description": "test 2",
            "etag": "W/\"1af373c3f173859e7f06690e8e353c21a9a1a90224963e8f162546f1022af224\"",
            "id": "4556719",
            "ldap_dn": "",
            "members_count": 1,
            "name": "team2",
            "node_id": "MDQ6VGVhbTQ1NTY3MTk=",
            "parent_team_id": null,
            "privacy": "secret",
            "slug": "team2"
          },
          "sensitive_attributes": [],
          "private": "eyJzY2hlbWFfdmVyc2lvbiI6IjAifQ=="
        }
      ]
    },
    {
      "mode": "managed",
      "type": "github_team",
      "name": "with_parent",
      "provider": "provider[\"registry.terraform.io/hashicorp/github\"]",
      "instances": [
        {
          "schema_version": 0,
          "attributes": {
            "create_default_maintainer": null,
            "description": "test parent team",
            "etag": "W/\"d6fded1b23237d988a0914455547a2e66789bb625fc0a519babe993429facd37\"",
            "id": "4556747",
            "ldap_dn": "",
            "members_count": 1,
            "name": "new team with parent",
            "node_id": "MDQ6VGVhbTQ1NTY3NDc=",
            "parent_team_id": 4556715,
            "privacy": "closed",
            "slug": "new-team-with-parent"
          },
          "sensitive_attributes": [],
          "private": "eyJzY2hlbWFfdmVyc2lvbiI6IjAifQ=="
        }
      ]
    }
  ]
}
