{
  "version": 4,
  "terraform_version": "1.0.7",
  "serial": 245,
  "lineage": "85f5bee6-139e-8db2-ae5d-82aa82f62611",
  "outputs": {},
  "resources": [
    {
      "mode": "managed",
      "type": "aws_api_gateway_base_path_mapping",
      "name": "bar",
      "provider": "provider[\"registry.terraform.io/hashicorp/aws\"]",
      "instances": [
        {
          "schema_version": 0,
          "attributes": {
            "api_id": "zetudukz30",
            "base_path": "foo",
            "domain_name": "example-driftctl.com",
            "id": "example-driftctl.com/foo",
            "stage_name": "foo"
          },
          "sensitive_attributes": [],
          "private": "bnVsbA==",
          "dependencies": [
            "aws_api_gateway_stage.foo",
            "tls_private_key.example",
            "tls_self_signed_cert.example",
            "aws_acm_certificate.example",
            "aws_api_gateway_deployment.test",
            "aws_api_gateway_domain_name.example",
            "aws_api_gateway_rest_api.bar"
          ]
        }
      ]
    },
    {
      "mode": "managed",
      "type": "aws_api_gateway_base_path_mapping",
      "name": "foo",
      "provider": "provider[\"registry.terraform.io/hashicorp/aws\"]",
      "instances": [
        {
          "schema_version": 0,
          "attributes": {
            "api_id": "zetudukz30",
            "base_path": "",
            "domain_name": "example-driftctl.com",
            "id": "example-driftctl.com/",
            "stage_name": "foo"
          },
          "sensitive_attributes": [],
          "private": "bnVsbA==",
          "dependencies": [
            "aws_api_gateway_domain_name.example",
            "aws_api_gateway_rest_api.bar",
            "aws_api_gateway_stage.foo"
          ]
        }
      ]
    }
  ]
}
