{
  "version": 4,
  "terraform_version": "1.0.7",
  "serial": 107,
  "lineage": "85f5bee6-139e-8db2-ae5d-82aa82f62611",
  "outputs": {},
  "resources": [
    {
      "mode": "managed",
      "type": "aws_api_gateway_stage",
      "name": "bar",
      "provider": "provider[\"registry.terraform.io/hashicorp/aws\"]",
      "instances": [
        {
          "schema_version": 0,
          "attributes": {
            "access_log_settings": [],
            "arn": "arn:aws:apigateway:us-east-1::/restapis/3of73v5ob4/stages/baz",
            "cache_cluster_enabled": false,
            "cache_cluster_size": "",
            "client_certificate_id": "",
            "deployment_id": "i5bl4e",
            "description": "",
            "documentation_version": "",
            "execution_arn": "arn:aws:execute-api:us-east-1:047081014315:3of73v5ob4/baz",
            "id": "ags-3of73v5ob4-baz",
            "invoke_url": "https://3of73v5ob4.execute-api.us-east-1.amazonaws.com/baz",
            "rest_api_id": "3of73v5ob4",
            "stage_name": "baz",
            "tags": null,
            "tags_all": {},
            "variables": null,
            "xray_tracing_enabled": false
          },
          "sensitive_attributes": [],
          "private": "bnVsbA==",
          "dependencies": [
            "aws_api_gateway_deployment.test",
            "aws_api_gateway_rest_api.bar"
          ]
        }
      ]
    },
    {
      "mode": "managed",
      "type": "aws_api_gateway_stage",
      "name": "foo",
      "provider": "provider[\"registry.terraform.io/hashicorp/aws\"]",
      "instances": [
        {
          "schema_version": 0,
          "attributes": {
            "access_log_settings": [],
            "arn": "arn:aws:apigateway:us-east-1::/restapis/3of73v5ob4/stages/foo",
            "cache_cluster_enabled": false,
            "cache_cluster_size": "",
            "client_certificate_id": "",
            "deployment_id": "i5bl4e",
            "description": "",
            "documentation_version": "",
            "execution_arn": "arn:aws:execute-api:us-east-1:047081014315:3of73v5ob4/foo",
            "id": "ags-3of73v5ob4-foo",
            "invoke_url": "https://3of73v5ob4.execute-api.us-east-1.amazonaws.com/foo",
            "rest_api_id": "3of73v5ob4",
            "stage_name": "foo",
            "tags": null,
            "tags_all": {},
            "variables": null,
            "xray_tracing_enabled": false
          },
          "sensitive_attributes": [],
          "private": "bnVsbA==",
          "dependencies": [
            "aws_api_gateway_deployment.test",
            "aws_api_gateway_rest_api.bar"
          ]
        }
      ]
    }
  ]
}
