{
  "version": 4,
  "terraform_version": "0.15.5",
  "serial": 52,
  "lineage": "06b3de6d-5de6-0777-b4db-f1b145a44635",
  "outputs": {},
  "resources": [
    {
      "mode": "managed",
      "type": "aws_codedeploy_app",
      "name": "example",
      "provider": "provider[\"registry.terraform.io/hashicorp/aws\"]",
      "instances": [
        {
          "schema_version": 0,
          "attributes": {
            "application_id": "94e6e3fd-5743-4818-bf3d-2d31f139d859",
            "arn": "arn:aws:codedeploy:eu-west-3:929327065333:application:example",
            "compute_platform": "ECS",
            "github_account_name": "",
            "id": "94e6e3fd-5743-4818-bf3d-2d31f139d859:example",
            "linked_to_github": false,
            "name": "example",
            "tags": null,
            "tags_all": {}
          },
          "sensitive_attributes": [],
          "private": "bnVsbA=="
        }
      ]
    }
  ]
}
