{
  "version": 4,
  "terraform_version": "0.14.7",
  "serial": 159,
  "lineage": "8a0e42ae-b5de-1d4e-fe9a-f13d80bc8cbc",
  "outputs": {},
  "resources": [
    {
      "mode": "managed",
      "type": "aws_kms_alias",
      "name": "bar",
      "provider": "provider[\"registry.terraform.io/hashicorp/aws\"]",
      "instances": [
        {
          "schema_version": 0,
          "attributes": {
            "arn": "arn:aws:kms:eu-west-3:047081014315:alias/bar",
            "id": "alias/bar",
            "name": "alias/bar",
            "name_prefix": null,
            "target_key_arn": "arn:aws:kms:eu-west-3:047081014315:key/341b2d76-feab-4911-b5de-fbdd92b21aa7",
            "target_key_id": "341b2d76-feab-4911-b5de-fbdd92b21aa7"
          },
          "sensitive_attributes": [],
          "private": "bnVsbA==",
          "dependencies": [
            "aws_kms_key.key"
          ]
        }
      ]
    },
    {
      "mode": "managed",
      "type": "aws_kms_alias",
      "name": "baz",
      "provider": "provider[\"registry.terraform.io/hashicorp/aws\"]",
      "instances": [
        {
          "schema_version": 0,
          "attributes": {
            "arn": "arn:aws:kms:eu-west-3:047081014315:alias/baz20210225124429210500000001",
            "id": "alias/baz20210225124429210500000001",
            "name": null,
            "name_prefix": "alias/baz",
            "target_key_arn": "arn:aws:kms:eu-west-3:047081014315:key/341b2d76-feab-4911-b5de-fbdd92b21aa7",
            "target_key_id": "341b2d76-feab-4911-b5de-fbdd92b21aa7"
          },
          "sensitive_attributes": [],
          "private": "bnVsbA==",
          "dependencies": [
            "aws_kms_key.key"
          ]
        }
      ]
    },
    {
      "mode": "managed",
      "type": "aws_kms_alias",
      "name": "foo",
      "provider": "provider[\"registry.terraform.io/hashicorp/aws\"]",
      "instances": [
        {
          "schema_version": 0,
          "attributes": {
            "arn": "arn:aws:kms:eu-west-3:047081014315:alias/foo",
            "id": "alias/foo",
            "name": "alias/foo",
            "name_prefix": null,
            "target_key_arn": "arn:aws:kms:eu-west-3:047081014315:key/341b2d76-feab-4911-b5de-fbdd92b21aa7",
            "target_key_id": "341b2d76-feab-4911-b5de-fbdd92b21aa7"
          },
          "sensitive_attributes": [],
          "private": "bnVsbA==",
          "dependencies": [
            "aws_kms_key.key"
          ]
        }
      ]
    }
  ]
}
