{
  "version": 4,
  "terraform_version": "0.12.28",
  "serial": 29,
  "lineage": "bb54c6d5-e17e-32af-f929-762d81156285",
  "outputs": {},
  "resources": [
    {
      "mode": "managed",
      "type": "aws_route53_record",
      "name": "ns",
      "provider": "provider.aws",
      "instances": [
        {
          "schema_version": 2,
          "attributes": {
            "alias": [],
            "allow_overwrite": true,
            "failover_routing_policy": [],
            "fqdn": "elie.ski",
            "geolocation_routing_policy": [],
            "health_check_id": null,
            "id": "Z09368953G729AFEX5048_elie.ski_NS",
            "latency_routing_policy": [],
            "multivalue_answer_routing_policy": null,
            "name": "elie.ski",
            "records": [
              "ns-1295.awsdns-33.org.",
              "ns-1843.awsdns-38.co.uk.",
              "ns-228.awsdns-28.demo.",
              "ns-873.awsdns-45.net."
            ],
            "set_identifier": null,
            "ttl": 172800,
            "type": "NS",
            "weighted_routing_policy": [],
            "zone_id": "Z09368953G729AFEX5048"
          },
          "private": "eyJzY2hlbWFfdmVyc2lvbiI6IjIifQ==",
          "dependencies": [
            "aws_route53_zone.elie_ski"
          ]
        }
      ]
    },
    {
      "mode": "managed",
      "type": "aws_route53_record",
      "name": "www",
      "provider": "provider.aws",
      "instances": [
        {
          "schema_version": 2,
          "attributes": {
            "alias": [],
            "allow_overwrite": null,
            "failover_routing_policy": [],
            "fqdn": "test.elie.ski",
            "geolocation_routing_policy": [],
            "health_check_id": null,
            "id": "Z09368953G729AFEX5048_test_A",
            "latency_routing_policy": [],
            "multivalue_answer_routing_policy": null,
            "name": "test",
            "records": [
              "1.2.3.4"
            ],
            "set_identifier": null,
            "ttl": 300,
            "type": "A",
            "weighted_routing_policy": [],
            "zone_id": "Z09368953G729AFEX5048"
          },
          "private": "eyJzY2hlbWFfdmVyc2lvbiI6IjIifQ==",
          "dependencies": [
            "aws_route53_zone.elie_ski"
          ]
        }
      ]
    },
    {
      "mode": "managed",
      "type": "aws_route53_zone",
      "name": "elie_ski",
      "provider": "provider.aws",
      "instances": [
        {
          "schema_version": 0,
          "attributes": {
            "comment": "Managed by Terraform",
            "delegation_set_id": "",
            "force_destroy": false,
            "id": "Z09368953G729AFEX5048",
            "name": "elie.ski",
            "name_servers": [
              "ns-1504.awsdns-60.org",
              "ns-180.awsdns-22.com",
              "ns-1890.awsdns-44.co.uk",
              "ns-759.awsdns-30.net"
            ],
            "tags": null,
            "vpc": [],
            "zone_id": "Z09368953G729AFEX5048"
          },
          "private": "bnVsbA=="
        }
      ]
    }
  ]
}
