{
  "version": 4,
  "terraform_version": "1.0.7",
  "serial": 128,
  "lineage": "85f5bee6-139e-8db2-ae5d-82aa82f62611",
  "outputs": {},
  "resources": [
    {
      "mode": "managed",
      "type": "aws_api_gateway_vpc_link",
      "name": "foo",
      "provider": "provider[\"registry.terraform.io/hashicorp/aws\"]",
      "instances": [
        {
          "schema_version": 0,
          "attributes": {
            "arn": "arn:aws:apigateway:us-east-1::/vpclinks/ipu24n",
            "description": "Description",
            "id": "ipu24n",
            "name": "foo",
            "tags": null,
            "tags_all": {},
            "target_arns": [
              "arn:aws:elasticloadbalancing:us-east-1:047081014315:loadbalancer/net/example/ffbc3a2463857d4e"
            ]
          },
          "sensitive_attributes": [],
          "private": "bnVsbA==",
          "dependencies": [
            "aws_lb.example"
          ]
        }
      ]
    }
  ]
}
