{
  "version": 4,
  "terraform_version": "1.0.9",
  "serial": 379,
  "lineage": "85f5bee6-139e-8db2-ae5d-82aa82f62611",
  "outputs": {},
  "resources": [
    {
      "mode": "managed",
      "type": "aws_api_gateway_integration_response",
      "name": "foo",
      "provider": "provider[\"registry.terraform.io/hashicorp/aws\"]",
      "instances": [
        {
          "schema_version": 0,
          "attributes": {
            "content_handling": "",
            "http_method": "GET",
            "id": "agir-u7jce3lokk-z9ag20-GET-200",
            "resource_id": "z9ag20",
            "response_parameters": {},
            "response_templates": {
              "application/xml": "#set($inputRoot = $input.path('$'))\n\u003c?xml version=\"1.0\" encoding=\"UTF-8\"?\u003e\n\u003cmessage\u003e\n    $inputRoot.body\n\u003c/message\u003e\n"
            },
            "rest_api_id": "u7jce3lokk",
            "selection_pattern": "",
            "status_code": "200"
          },
          "sensitive_attributes": [],
          "private": "bnVsbA==",
          "dependencies": [
            "aws_api_gateway_method.foo",
            "aws_api_gateway_method_response.response_200",
            "aws_api_gateway_resource.foo",
            "aws_api_gateway_rest_api.foo"
          ]
        }
      ]
    }
  ]
}
