{
  "version": 4,
  "terraform_version": "1.0.0",
  "serial": 352,
  "lineage": "9566e18d-6080-4aa8-e9a6-4c38905cf68f",
  "outputs": {},
  "resources": [
    {
      "mode": "managed",
      "type": "aws_launch_configuration",
      "name": "as_conf",
      "provider": "provider[\"registry.terraform.io/hashicorp/aws\"]",
      "instances": [
        {
          "schema_version": 0,
          "attributes": {
            "arn": "arn:aws:autoscaling:us-east-1:533948124879:launchConfiguration:2cbee675-0d59-454b-866d-e9476e69381d:launchConfigurationName/web_config",
            "associate_public_ip_address": false,
            "ebs_block_device": [],
            "ebs_optimized": false,
            "enable_monitoring": true,
            "ephemeral_block_device": [],
            "iam_instance_profile": "",
            "id": "web_config",
            "image_id": "ami-022d4249382309a48",
            "instance_type": "t3.micro",
            "key_name": "",
            "metadata_options": [],
            "name": "web_config",
            "name_prefix": "",
            "placement_tenancy": null,
            "root_block_device": [],
            "security_groups": null,
            "spot_price": "",
            "user_data": null,
            "user_data_base64": null,
            "vpc_classic_link_id": "",
            "vpc_classic_link_security_groups": null
          },
          "sensitive_attributes": [],
          "private": "bnVsbA==",
          "dependencies": [
            "data.aws_ami.ubuntu"
          ]
        }
      ]
    }
  ]
}
