{
  "version": 4,
  "terraform_version": "1.0.9",
  "serial": 279,
  "lineage": "85f5bee6-139e-8db2-ae5d-82aa82f62611",
  "outputs": {},
  "resources": [
    {
      "mode": "managed",
      "type": "aws_api_gateway_gateway_response",
      "name": "foo",
      "provider": "provider[\"registry.terraform.io/hashicorp/aws\"]",
      "instances": [
        {
          "schema_version": 0,
          "attributes": {
            "id": "aggr-vryjzimtj1-UNAUTHORIZED",
            "response_parameters": {
              "gatewayresponse.header.Authorization": "'Basic'"
            },
            "response_templates": {
              "application/json": "{\"message\":$context.error.messageString}"
            },
            "response_type": "UNAUTHORIZED",
            "rest_api_id": "vryjzimtj1",
            "status_code": "401"
          },
          "sensitive_attributes": [],
          "private": "bnVsbA==",
          "dependencies": [
            "aws_api_gateway_rest_api.foo"
          ]
        }
      ]
    }
  ]
}
