{
  "version": 4,
  "terraform_version": "0.14.4",
  "serial": 15,
  "lineage": "de529f1c-0232-d38f-e193-b6d073a70ffc",
  "outputs": {},
  "resources": [
    {
      "mode": "managed",
      "type": "github_repository",
      "name": "private",
      "provider": "provider[\"registry.terraform.io/hashicorp/github\"]",
      "instances": [
        {
          "schema_version": 0,
          "attributes": {
            "allow_merge_commit": true,
            "allow_rebase_merge": true,
            "allow_squash_merge": true,
            "archive_on_destroy": null,
            "archived": false,
            "auto_init": null,
            "default_branch": "main",
            "delete_branch_on_merge": false,
            "description": "this is a private repo",
            "etag": "W/\"04420b05933b55f136bb12b9c8d1748e67e143b290d72ecadd0fd2d4f4a3048a\"",
            "full_name": "driftctl-test/private-repo",
            "git_clone_url": "git://github.com/driftctl-test/private-repo.git",
            "gitignore_template": null,
            "has_downloads": false,
            "has_issues": false,
            "has_projects": false,
            "has_wiki": false,
            "homepage_url": "",
            "html_url": "https://github.com/driftctl-test/private-repo",
            "http_clone_url": "https://github.com/driftctl-test/private-repo.git",
            "id": "private-repo",
            "is_template": false,
            "license_template": null,
            "name": "private-repo",
            "node_id": "MDEwOlJlcG9zaXRvcnkzMzkwNzY5NjQ=",
            "pages": [],
            "private": true,
            "repo_id": 339076964,
            "ssh_clone_url": "git@github.com:driftctl-test/private-repo.git",
            "svn_url": "https://github.com/driftctl-test/private-repo",
            "template": [],
            "topics": null,
            "visibility": "private",
            "vulnerability_alerts": false
          },
          "sensitive_attributes": [],
          "private": "bnVsbA=="
        }
      ]
    },
    {
      "mode": "managed",
      "type": "github_repository",
      "name": "public",
      "provider": "provider[\"registry.terraform.io/hashicorp/github\"]",
      "instances": [
        {
          "schema_version": 0,
          "attributes": {
            "allow_merge_commit": true,
            "allow_rebase_merge": true,
            "allow_squash_merge": true,
            "archive_on_destroy": null,
            "archived": false,
            "auto_init": null,
            "default_branch": "main",
            "delete_branch_on_merge": false,
            "description": "",
            "etag": "W/\"3e7a2583fb97097c8acbcb4c289e46fc0db70341071c5f55972bbd3270a2b957\"",
            "full_name": "driftctl-test/public-repo",
            "git_clone_url": "git://github.com/driftctl-test/public-repo.git",
            "gitignore_template": null,
            "has_downloads": false,
            "has_issues": false,
            "has_projects": false,
            "has_wiki": false,
            "homepage_url": "",
            "html_url": "https://github.com/driftctl-test/public-repo",
            "http_clone_url": "https://github.com/driftctl-test/public-repo.git",
            "id": "public-repo",
            "is_template": false,
            "license_template": null,
            "name": "public-repo",
            "node_id": "MDEwOlJlcG9zaXRvcnkzMzkwNzY5Nzg=",
            "pages": [],
            "private": false,
            "repo_id": 339076978,
            "ssh_clone_url": "git@github.com:driftctl-test/public-repo.git",
            "svn_url": "https://github.com/driftctl-test/public-repo",
            "template": [],
            "topics": null,
            "visibility": "public",
            "vulnerability_alerts": false
          },
          "sensitive_attributes": [],
          "private": "bnVsbA=="
        }
      ]
    }
  ]
}
