{
  "version": 4,
  "terraform_version": "1.1.0",
  "serial": 110,
  "lineage": "0738cef4-9d69-9ccc-aebd-1177cafa0aa9",
  "outputs": {},
  "resources": [
    {
      "mode": "managed",
      "type": "aws_apigatewayv2_stage",
      "name": "example",
      "provider": "provider[\"registry.terraform.io/hashicorp/aws\"]",
      "instances": [
        {
          "schema_version": 0,
          "attributes": {
            "access_log_settings": [],
            "api_id": "hn5fxpwfae",
            "arn": "arn:aws:apigateway:us-east-1::/apis/hn5fxpwfae/stages/example-stage",
            "auto_deploy": false,
            "client_certificate_id": "",
            "default_route_settings": [
              {
                "data_trace_enabled": false,
                "detailed_metrics_enabled": false,
                "logging_level": "",
                "throttling_burst_limit": 0,
                "throttling_rate_limit": 0
              }
            ],
            "deployment_id": "",
            "description": "",
            "execution_arn": "arn:aws:execute-api:us-east-1:929327065333:hn5fxpwfae/example-stage",
            "id": "example-stage",
            "invoke_url": "https://hn5fxpwfae.execute-api.us-east-1.amazonaws.com/example-stage",
            "name": "example-stage",
            "route_settings": [],
            "stage_variables": null,
            "tags": null,
            "tags_all": {}
          },
          "sensitive_attributes": [],
          "private": "bnVsbA==",
          "dependencies": [
            "aws_apigatewayv2_api.example"
          ]
        }
      ]
    }
  ]
}
