{
  "version": 4,
  "terraform_version": "0.12.29",
  "serial": 17,
  "lineage": "8e8cf992-f0f7-d359-da78-320927a8879c",
  "outputs": {},
  "resources": [
    {
      "mode": "managed",
      "type": "aws_ebs_snapshot",
      "name": "test-ebs-snapshot",
      "provider": "provider.aws",
      "instances": [
        {
          "schema_version": 0,
          "attributes": {
            "arn": "arn:aws:ec2:eu-west-3::snapshot/snap-071ccff0167f3e841",
            "data_encryption_key_id": "",
            "description": "",
            "encrypted": false,
            "id": "snap-071ccff0167f3e841",
            "kms_key_id": "",
            "owner_alias": "",
            "owner_id": "047081014315",
            "tags": {
              "Name": "HelloWorld_snap"
            },
            "timeouts": null,
            "volume_id": "vol-01ddc91d3d9d1318b",
            "volume_size": 10
          },
          "private": "eyJlMmJmYjczMC1lY2FhLTExZTYtOGY4OC0zNDM2M2JjN2M0YzAiOnsiY3JlYXRlIjo2MDAwMDAwMDAwMDAsImRlbGV0ZSI6NjAwMDAwMDAwMDAwfX0=",
          "dependencies": ["aws_ebs_volume.test-ebs-volume"]
        }
      ]
    }
  ]
}
