{
  "version": 4,
  "terraform_version": "0.15.0",
  "serial": 85,
  "lineage": "908258fe-9b92-2282-0b22-6d5a123518e0",
  "outputs": {},
  "resources": [
    {
      "mode": "managed",
      "type": "aws_default_network_acl",
      "name": "default",
      "provider": "provider[\"registry.terraform.io/hashicorp/aws\"]",
      "instances": [
        {
          "schema_version": 0,
          "attributes": {
            "arn": "arn:aws:ec2:us-east-1:929327065333:network-acl/acl-e88ee595",
            "default_network_acl_id": "acl-e88ee595",
            "egress": [
              {
                "action": "allow",
                "cidr_block": "0.0.0.0/0",
                "from_port": 0,
                "icmp_code": 0,
                "icmp_type": 0,
                "ipv6_cidr_block": "",
                "protocol": "17",
                "rule_no": 100,
                "to_port": 0
              }
            ],
            "id": "acl-e88ee595",
            "ingress": [
              {
                "action": "allow",
                "cidr_block": "0.0.0.0/0",
                "from_port": 0,
                "icmp_code": null,
                "icmp_type": null,
                "ipv6_cidr_block": null,
                "protocol": "tcp",
                "rule_no": 100,
                "to_port": 0
              },
              {
                "action": "deny",
                "cidr_block": "0.0.0.0/0",
                "from_port": 80,
                "icmp_code": null,
                "icmp_type": null,
                "ipv6_cidr_block": "",
                "protocol": "tcp",
                "rule_no": 90,
                "to_port": 80
              }
            ],
            "owner_id": "929327065333",
            "subnet_ids": [
              "subnet-0000ae0e",
              "subnet-1138032f",
              "subnet-44fe0c65",
              "subnet-65e16628",
              "subnet-ad17e3cb",
              "subnet-afa656f0"
            ],
            "tags": {},
            "tags_all": {},
            "vpc_id": "vpc-41d1d13b"
          },
          "sensitive_attributes": [],
          "private": "bnVsbA==",
          "dependencies": [
            "aws_default_vpc.default"
          ]
        }
      ]
    }
  ]
}
