{
  "version": 4,
  "terraform_version": "1.1.0",
  "serial": 323,
  "lineage": "e6ff1294-2037-a68a-e0b9-73953d4da0e7",
  "outputs": {},
  "resources": [
    {
      "mode": "managed",
      "type": "aws_apigatewayv2_route_response",
      "name": "foo",
      "provider": "provider[\"registry.terraform.io/hashicorp/aws\"]",
      "instances": [
        {
          "schema_version": 0,
          "attributes": {
            "api_id": "77ooqulkke",
            "id": "nbw7vw",
            "model_selection_expression": "",
            "response_models": null,
            "route_id": "liqc5u4",
            "route_response_key": "$default"
          },
          "sensitive_attributes": [],
          "private": "bnVsbA==",
          "dependencies": [
            "aws_apigatewayv2_api.foo",
            "aws_apigatewayv2_route.foo"
          ]
        }
      ]
    }
  ]
}
