{
  "version": 4,
  "terraform_version": "1.1.0",
  "serial": 120,
  "lineage": "0738cef4-9d69-9ccc-aebd-1177cafa0aa9",
  "outputs": {},
  "resources": [
    {
      "mode": "managed",
      "type": "aws_apigatewayv2_model",
      "name": "example",
      "provider": "provider[\"registry.terraform.io/hashicorp/aws\"]",
      "instances": [
        {
          "schema_version": 0,
          "attributes": {
            "api_id": "ci51xtkpsg",
            "content_type": "application/json",
            "description": "",
            "id": "vdw6up",
            "name": "example",
            "schema": "{\n  \"$schema\": \"http://json-schema.org/draft-04/schema#\",\n  \"title\": \"ExampleModel\",\n  \"type\": \"object\",\n  \"properties\": {\n    \"id\": { \"type\": \"string\" }\n  }\n}\n"
          },
          "sensitive_attributes": [],
          "private": "bnVsbA==",
          "dependencies": [
            "aws_apigatewayv2_api.example"
          ]
        }
      ]
    }
  ]
}
