{
  "version": 4,
  "terraform_version": "0.15.5",
  "serial": 76,
  "lineage": "0738cef4-9d69-9ccc-aebd-1177cafa0aa9",
  "outputs": {},
  "resources": [
    {
      "mode": "managed",
      "type": "google_sql_database_instance",
      "name": "instance",
      "provider": "provider[\"registry.terraform.io/hashicorp/google\"]",
      "instances": [
        {
          "schema_version": 0,
          "attributes": {
            "clone": [],
            "connection_name": "cloudskiff-dev-elie:us-central1:my-database-instance",
            "database_version": "MYSQL_5_6",
            "deletion_protection": true,
            "first_ip_address": "34.72.72.233",
            "id": "my-database-instance",
            "ip_address": [
              {
                "ip_address": "34.72.72.233",
                "time_to_retire": "",
                "type": "PRIMARY"
              }
            ],
            "master_instance_name": "",
            "name": "my-database-instance",
            "private_ip_address": "",
            "project": "cloudskiff-dev-elie",
            "public_ip_address": "34.72.72.233",
            "region": "us-central1",
            "replica_configuration": [],
            "restore_backup_context": [],
            "root_password": null,
            "self_link": "https://sqladmin.googleapis.com/sql/v1beta4/projects/cloudskiff-dev-elie/instances/my-database-instance",
            "server_ca_cert": [
              {
                "cert": "-----BEGIN CERTIFICATE-----\nMIIDfzCCAmegAwIBAgIBADANBgkqhkiG9w0BAQsFADB3MS0wKwYDVQQuEyQzOTE2\nYmVhMC00Yjk1LTQ2NzYtODVmZi0zZDU0NDQ3ZTE0ZWMxIzAhBgNVBAMTGkdvb2ds\nZSBDbG91ZCBTUUwgU2VydmVyIENBMRQwEgYDVQQKEwtHb29nbGUsIEluYzELMAkG\nA1UEBhMCVVMwHhcNMjExMDI2MDg0MzAxWhcNMzExMDI0MDg0NDAxWjB3MS0wKwYD\nVQQuEyQzOTE2YmVhMC00Yjk1LTQ2NzYtODVmZi0zZDU0NDQ3ZTE0ZWMxIzAhBgNV\nBAMTGkdvb2dsZSBDbG91ZCBTUUwgU2VydmVyIENBMRQwEgYDVQQKEwtHb29nbGUs\nIEluYzELMAkGA1UEBhMCVVMwggEiMA0GCSqGSIb3DQEBAQUAA4IBDwAwggEKAoIB\nAQCMPNNM+AI63en/OibDUs6Yt6rCZZDPW2IgTz9AbT8clH/ptC0K2Fao+Sxwu89S\ny2l4jZ1ENLMu7I32uQUJEE7a6a0BKCDUGfO6vC6t1wke3N5t/Uus1wcivmC4aEDR\nDOU2xctZ0EGqfVe5VYTsWMLZVBnk4aLad/nOseNxrldptfFLnLdc3s9RIr8bcpDV\nJW99Q0glWRVOf0heXuanlKkJ6fJ+05DEExE4sBQPx3aEDJLEjFlF//uJR/2oTbKL\nM9NM8Ihq+qWXOTe8TXUn7slJ1c/nJVCwPr3lj5PITeXotd5XkUbijHY4xoqMP+k2\n1YGbmbHL7Iyty+cqECEtQVeZAgMBAAGjFjAUMBIGA1UdEwEB/wQIMAYBAf8CAQAw\nDQYJKoZIhvcNAQELBQADggEBADDe8lUaXBzJoreG3S4avGNVfrL3J+wOItfBe7c/\nTHlVIxRCxLqN6sqEei2nPrhIQJKtH4LagqcWcUZ3a/PbucSmq5IOWf6XCF/U8vum\nqYHwhpyjuURCx8RaIuadPgGMwKb8R+pxdlGWNf99m2bsq+4R4OIegYIVKaKAC7Uy\n2QRHiHRrLGWQXqitwKfp3M+Wzx/XPx61+amVuQgukG2doBbEYzlygzeGN98Pa4FB\nNrVZPlVM2TtmVTyQxYZB3j+D19EobBwRIEpx6Lk9L1Bv8ZR1YQ38+aERIO6X+sac\n9EDLJ19OfGGyrcBi0fwaQEekb44IOFgG9NYiyJrpYR7xWTc=\n-----END CERTIFICATE-----",
                "common_name": "C=US,O=Google\\, Inc,CN=Google Cloud SQL Server CA,dnQualifier=3916bea0-4b95-4676-85ff-3d54447e14ec",
                "create_time": "2021-10-26T08:43:01.086Z",
                "expiration_time": "2031-10-24T08:44:01.086Z",
                "sha1_fingerprint": "966c305ef084de5cf152c0d33b0736666882d547"
              }
            ],
            "service_account_email_address": "p260375416303-h0ilel@gcp-sa-cloud-sql.iam.gserviceaccount.com",
            "settings": [
              {
                "activation_policy": "ALWAYS",
                "authorized_gae_applications": [],
                "availability_type": "ZONAL",
                "backup_configuration": [
                  {
                    "backup_retention_settings": [
                      {
                        "retained_backups": 7,
                        "retention_unit": "COUNT"
                      }
                    ],
                    "binary_log_enabled": false,
                    "enabled": false,
                    "location": "",
                    "point_in_time_recovery_enabled": false,
                    "start_time": "02:00",
                    "transaction_log_retention_days": 7
                  }
                ],
                "crash_safe_replication": false,
                "database_flags": [],
                "disk_autoresize": true,
                "disk_autoresize_limit": 0,
                "disk_size": 10,
                "disk_type": "PD_SSD",
                "insights_config": [],
                "ip_configuration": [
                  {
                    "authorized_networks": [],
                    "ipv4_enabled": true,
                    "private_network": "",
                    "require_ssl": false
                  }
                ],
                "location_preference": [
                  {
                    "follow_gae_application": "",
                    "zone": "us-central1-f"
                  }
                ],
                "maintenance_window": [],
                "pricing_plan": "PER_USE",
                "replication_type": "SYNCHRONOUS",
                "tier": "db-f1-micro",
                "user_labels": {},
                "version": 1
              }
            ],
            "timeouts": null
          },
          "sensitive_attributes": [],
          "private": "eyJlMmJmYjczMC1lY2FhLTExZTYtOGY4OC0zNDM2M2JjN2M0YzAiOnsiY3JlYXRlIjoxODAwMDAwMDAwMDAwLCJkZWxldGUiOjE4MDAwMDAwMDAwMDAsInVwZGF0ZSI6MTgwMDAwMDAwMDAwMH19"
        }
      ]
    }
  ]
}
