{
  "version": 4,
  "terraform_version": "1.1.0",
  "serial": 147,
  "lineage": "0738cef4-9d69-9ccc-aebd-1177cafa0aa9",
  "outputs": {},
  "resources": [
    {
      "mode": "managed",
      "type": "aws_apigatewayv2_api_mapping",
      "name": "example",
      "provider": "provider[\"registry.terraform.io/hashicorp/aws\"]",
      "instances": [
        {
          "schema_version": 0,
          "attributes": {
            "api_id": "wbachnbphj",
            "api_mapping_key": "",
            "domain_name": "driftctl.example.com",
            "id": "f02opk",
            "stage": "example-stage"
          },
          "sensitive_attributes": [],
          "private": "bnVsbA==",
          "dependencies": [
            "aws_acm_certificate.example",
            "aws_apigatewayv2_api.example",
            "aws_apigatewayv2_domain_name.example",
            "aws_apigatewayv2_stage.example",
            "tls_private_key.example",
            "tls_self_signed_cert.example"
          ]
        }
      ]
    }
  ]
}
