{
  "version": 4,
  "terraform_version": "0.14.5",
  "serial": 19,
  "lineage": "7f22faf7-4655-0f68-3b00-9099a46450a7",
  "outputs": {},
  "resources": [
{
      "mode": "managed",
      "type": "azurerm_private_dns_cname_record",
      "name": "othertestcname",
      "provider": "provider[\"registry.terraform.io/hashicorp/azurerm\"]",
      "instances": [
        {
          "schema_version": 0,
          "attributes": {
            "fqdn": "othertest.thisisatestusingtf.com.",
            "id": "/subscriptions/7bfb2c5c-7308-46ed-8ae4-fffa356eb406/resourceGroups/martin-dev/providers/Microsoft.Network/privateDnsZones/thisisatestusingtf.com/CNAME/othertest",
            "name": "othertest",
            "record": "othertest.com",
            "resource_group_name": "martin-dev",
            "tags": null,
            "timeouts": null,
            "ttl": 300,
            "zone_name": "thisisatestusingtf.com"
          },
          "sensitive_attributes": [],
          "private": "eyJlMmJmYjczMC1lY2FhLTExZTYtOGY4OC0zNDM2M2JjN2M0YzAiOnsiY3JlYXRlIjoxODAwMDAwMDAwMDAwLCJkZWxldGUiOjE4MDAwMDAwMDAwMDAsInJlYWQiOjMwMDAwMDAwMDAwMCwidXBkYXRlIjoxODAwMDAwMDAwMDAwfX0=",
          "dependencies": [
            "azurerm_private_dns_zone.testzone",
            "data.azurerm_resource_group.martin"
          ]
        }
      ]
    },
    {
      "mode": "managed",
      "type": "azurerm_private_dns_cname_record",
      "name": "testcname",
      "provider": "provider[\"registry.terraform.io/hashicorp/azurerm\"]",
      "instances": [
        {
          "schema_version": 0,
          "attributes": {
            "fqdn": "test.thisisatestusingtf.com.",
            "id": "/subscriptions/7bfb2c5c-7308-46ed-8ae4-fffa356eb406/resourceGroups/martin-dev/providers/Microsoft.Network/privateDnsZones/thisisatestusingtf.com/CNAME/test",
            "name": "test",
            "record": "test.com",
            "resource_group_name": "martin-dev",
            "tags": null,
            "timeouts": null,
            "ttl": 300,
            "zone_name": "thisisatestusingtf.com"
          },
          "sensitive_attributes": [],
          "private": "eyJlMmJmYjczMC1lY2FhLTExZTYtOGY4OC0zNDM2M2JjN2M0YzAiOnsiY3JlYXRlIjoxODAwMDAwMDAwMDAwLCJkZWxldGUiOjE4MDAwMDAwMDAwMDAsInJlYWQiOjMwMDAwMDAwMDAwMCwidXBkYXRlIjoxODAwMDAwMDAwMDAwfX0=",
          "dependencies": [
            "azurerm_private_dns_zone.testzone",
            "data.azurerm_resource_group.martin"
          ]
        }
      ]
    }
  ]
}
