{
  "version": 4,
  "terraform_version": "0.15.5",
  "serial": 5,
  "lineage": "811d29d8-62df-ee46-fd20-1519cb3a1cb6",
  "outputs": {},
  "resources": [
    {
      "mode": "managed",
      "type": "aws_appautoscaling_scheduled_action",
      "name": "dynamodb",
      "provider": "provider[\"registry.terraform.io/hashicorp/aws\"]",
      "instances": [
        {
          "schema_version": 0,
          "attributes": {
            "arn": "arn:aws:autoscaling:us-east-1:533948124879:scheduledAction:cf26c451-97f8-49f9-9cdd-515135e7d0f3:resource/dynamodb/table/GameScores:scheduledActionName/dynamodb",
            "end_time": null,
            "id": "dynamodb-dynamodb-table/GameScores",
            "name": "dynamodb",
            "resource_id": "table/GameScores",
            "scalable_dimension": "dynamodb:table:ReadCapacityUnits",
            "scalable_target_action": [
              {
                "max_capacity": 200,
                "min_capacity": 1
              }
            ],
            "schedule": "at(2006-01-02T15:04:05)",
            "service_namespace": "dynamodb",
            "start_time": null
          },
          "sensitive_attributes": [],
          "private": "bnVsbA==",
          "dependencies": [
            "aws_appautoscaling_target.dynamodb",
            "aws_dynamodb_table.basic-dynamodb-table"
          ]
        }
      ]
    }
  ]
}
