{
  "version": 4,
  "terraform_version": "0.12.28",
  "serial": 111,
  "lineage": "bb54c6d5-e17e-32af-f929-762d81156285",
  "outputs": {},
  "resources": [
    {
      "mode": "managed",
      "type": "aws_route53_record",
      "name": "ns",
      "provider": "provider.aws",
      "instances": [
        {
          "schema_version": 2,
          "attributes": {
            "alias": [],
            "allow_overwrite": true,
            "failover_routing_policy": [],
            "fqdn": "foo-0.com",
            "geolocation_routing_policy": [],
            "health_check_id": "",
            "id": "Z1035360GLIB82T1EH2G_foo-0.com_NS",
            "latency_routing_policy": [],
            "multivalue_answer_routing_policy": null,
            "name": "foo-0.com",
            "records": null,
            "set_identifier": "",
            "ttl": 172800,
            "type": "NS",
            "weighted_routing_policy": [],
            "zone_id": "Z1035360GLIB82T1EH2G"
          },
          "private": "eyJzY2hlbWFfdmVyc2lvbiI6IjIifQ==",
          "dependencies": [
            "aws_route53_zone.foobar"
          ]
        }
      ]
    }
  ]
}
