{
  "version": 4,
  "terraform_version": "1.1.2",
  "serial": 14,
  "lineage": "994eb10d-52ac-0b78-177a-e3de9a744df4",
  "outputs": {},
  "resources": [
    {
      "mode": "managed",
      "type": "aws_apigatewayv2_domain_name",
      "name": "example",
      "provider": "provider[\"registry.terraform.io/hashicorp/aws\"]",
      "instances": [
        {
          "schema_version": 0,
          "attributes": {
            "api_mapping_selection_expression": "$request.basepath",
            "arn": "arn:aws:apigateway:us-east-2::/domainnames/driftctl.example.com",
            "domain_name": "driftctl.example.com",
            "domain_name_configuration": [
              {
                "certificate_arn": "arn:aws:acm:us-east-2:047081014315:certificate/c49d9c11-1308-4594-bd78-7853466ae7bc",
                "endpoint_type": "REGIONAL",
                "hosted_zone_id": "ZOJJZC49E0EPZ",
                "security_policy": "TLS_1_2",
                "target_domain_name": "d-db4yiff8oa.execute-api.us-east-2.amazonaws.com"
              }
            ],
            "id": "driftctl.example.com",
            "mutual_tls_authentication": [],
            "tags": null,
            "tags_all": {},
            "timeouts": null
          },
          "sensitive_attributes": [],
          "private": "eyJlMmJmYjczMC1lY2FhLTExZTYtOGY4OC0zNDM2M2JjN2M0YzAiOnsiY3JlYXRlIjo2MDAwMDAwMDAwMDAsInVwZGF0ZSI6MzYwMDAwMDAwMDAwMH19",
          "dependencies": [
            "aws_acm_certificate.example",
            "tls_private_key.example",
            "tls_self_signed_cert.example"
          ]
        }
      ]
    }
  ]
}
