{
  "version": 4,
  "terraform_version": "1.0.0",
  "serial": 425,
  "lineage": "9566e18d-6080-4aa8-e9a6-4c38905cf68f",
  "outputs": {},
  "resources": [
    {
      "mode": "managed",
      "type": "google_compute_instance_group_manager",
      "name": "appserver",
      "provider": "provider[\"registry.terraform.io/hashicorp/google\"]",
      "instances": [
        {
          "schema_version": 0,
          "attributes": {
            "auto_healing_policies": [
              {
                "health_check": "https://www.googleapis.com/compute/beta/projects/cloudskiff-dev-raphael/global/healthChecks/autohealing-health-check",
                "initial_delay_sec": 300
              }
            ],
            "base_instance_name": "app",
            "description": "",
            "fingerprint": "0ZOcDOzIVtg=",
            "id": "projects/cloudskiff-dev-raphael/zones/us-central1-a/instanceGroupManagers/appserver-igm",
            "instance_group": "https://www.googleapis.com/compute/v1/projects/cloudskiff-dev-raphael/zones/us-central1-a/instanceGroups/appserver-igm",
            "name": "appserver-igm",
            "named_port": [
              {
                "name": "customhttp",
                "port": 8888
              }
            ],
            "operation": null,
            "project": "cloudskiff-dev-raphael",
            "self_link": "https://www.googleapis.com/compute/v1/projects/cloudskiff-dev-raphael/zones/us-central1-a/instanceGroupManagers/appserver-igm",
            "stateful_disk": [],
            "status": [
              {
                "is_stable": false,
                "stateful": [
                  {
                    "has_stateful_config": false,
                    "per_instance_configs": [
                      {
                        "all_effective": true
                      }
                    ]
                  }
                ],
                "version_target": [
                  {
                    "is_reached": true
                  }
                ]
              }
            ],
            "target_pools": null,
            "target_size": 2,
            "timeouts": null,
            "update_policy": [
              {
                "max_surge_fixed": 1,
                "max_surge_percent": 0,
                "max_unavailable_fixed": 1,
                "max_unavailable_percent": 0,
                "min_ready_sec": 0,
                "minimal_action": "REPLACE",
                "replacement_method": "SUBSTITUTE",
                "type": "OPPORTUNISTIC"
              }
            ],
            "version": [
              {
                "instance_template": "https://www.googleapis.com/compute/v1/projects/cloudskiff-dev-raphael/global/instanceTemplates/instance-template-21879620220309131441473100000001",
                "name": "",
                "target_size": []
              }
            ],
            "wait_for_instances": false,
            "wait_for_instances_status": "STABLE",
            "zone": "us-central1-a"
          },
          "sensitive_attributes": [],
          "private": "eyJlMmJmYjczMC1lY2FhLTExZTYtOGY4OC0zNDM2M2JjN2M0YzAiOnsiY3JlYXRlIjo5MDAwMDAwMDAwMDAsImRlbGV0ZSI6OTAwMDAwMDAwMDAwLCJ1cGRhdGUiOjkwMDAwMDAwMDAwMH19",
          "dependencies": [
            "google_compute_health_check.autohealing",
            "google_compute_instance_template.appserver"
          ]
        }
      ]
    }
  ]
}
