{
  "version": 4,
  "terraform_version": "1.0.7",
  "serial": 41,
  "lineage": "85f5bee6-139e-8db2-ae5d-82aa82f62611",
  "outputs": {},
  "resources": [
    {
      "mode": "managed",
      "type": "aws_api_gateway_api_key",
      "name": "bar",
      "provider": "provider[\"registry.terraform.io/hashicorp/aws\"]",
      "instances": [
        {
          "schema_version": 0,
          "attributes": {
            "arn": "arn:aws:apigateway:us-east-1::/apikeys/fuwnl8lrva",
            "created_date": "2021-09-27T09:10:54Z",
            "description": "Bar Api Key",
            "enabled": false,
            "id": "fuwnl8lrva",
            "last_updated_date": "2021-09-27T09:10:54Z",
            "name": "bar",
            "tags": {},
            "tags_all": {},
            "value": "pmqQupx2Eu2KG4bh8UPTP5gpPTYC5dlF6VcrygNy"
          },
          "sensitive_attributes": [],
          "private": "bnVsbA=="
        }
      ]
    },
    {
      "mode": "managed",
      "type": "aws_api_gateway_api_key",
      "name": "foo",
      "provider": "provider[\"registry.terraform.io/hashicorp/aws\"]",
      "instances": [
        {
          "schema_version": 0,
          "attributes": {
            "arn": "arn:aws:apigateway:us-east-1::/apikeys/9ge737dd45",
            "created_date": "2021-09-27T09:10:54Z",
            "description": "Foo Api Key",
            "enabled": false,
            "id": "9ge737dd45",
            "last_updated_date": "2021-09-27T09:10:54Z",
            "name": "foo",
            "tags": {},
            "tags_all": {},
            "value": "nHt1Wqv9538R7HUN5LtH11DyaluIiGwM39svyqqi"
          },
          "sensitive_attributes": [],
          "private": "bnVsbA=="
        }
      ]
    }
  ]
}
