{
  "version": 4,
  "terraform_version": "0.15.5",
  "serial": 27,
  "lineage": "80058dbf-c946-85c8-ad1c-165fad8cf85e",
  "outputs": {},
  "resources": [
    {
      "mode": "managed",
      "type": "google_bigquery_table",
      "name": "default",
      "provider": "provider[\"registry.terraform.io/hashicorp/google\"]",
      "instances": [
        {
          "schema_version": 0,
          "attributes": {
            "clustering": null,
            "creation_time": 1634649708532,
            "dataset_id": "example_dataset",
            "deletion_protection": true,
            "description": "",
            "encryption_configuration": [],
            "etag": "yP1tU5di6p1hWKNo8DDNYg==",
            "expiration_time": 0,
            "external_data_configuration": [],
            "friendly_name": "",
            "id": "projects/cloudskiff-dev-elie/datasets/example_dataset/tables/bar",
            "labels": null,
            "last_modified_time": 1634649708609,
            "location": "EU",
            "materialized_view": [],
            "num_bytes": 0,
            "num_long_term_bytes": 0,
            "num_rows": 0,
            "project": "cloudskiff-dev-elie",
            "range_partitioning": [],
            "schema": "[{\"description\":\"foobar\",\"mode\":\"NULLABLE\",\"name\":\"bar\",\"type\":\"STRING\"}]",
            "self_link": "https://bigquery.googleapis.com/bigquery/v2/projects/cloudskiff-dev-elie/datasets/example_dataset/tables/bar",
            "table_id": "bar",
            "time_partitioning": [],
            "type": "TABLE",
            "view": []
          },
          "sensitive_attributes": [],
          "private": "bnVsbA==",
          "dependencies": [
            "google_bigquery_dataset.dataset"
          ]
        }
      ]
    }
  ]
}
