{
  "version": 4,
  "terraform_version": "1.0.9",
  "serial": 294,
  "lineage": "85f5bee6-139e-8db2-ae5d-82aa82f62611",
  "outputs": {},
  "resources": [
    {
      "mode": "managed",
      "type": "aws_api_gateway_method_response",
      "name": "response_200",
      "provider": "provider[\"registry.terraform.io/hashicorp/aws\"]",
      "instances": [
        {
          "schema_version": 0,
          "attributes": {
            "http_method": "GET",
            "id": "agmr-vryjzimtj1-oy4dqf-GET-200",
            "resource_id": "oy4dqf",
            "response_models": null,
            "response_parameters": null,
            "rest_api_id": "vryjzimtj1",
            "status_code": "200"
          },
          "sensitive_attributes": [],
          "private": "bnVsbA==",
          "dependencies": [
            "aws_api_gateway_method.foo",
            "aws_api_gateway_resource.foo",
            "aws_api_gateway_rest_api.foo"
          ]
        }
      ]
    }
  ]
}
