{
  "version": 4,
  "terraform_version": "0.12.28",
  "serial": 174,
  "lineage": "bb54c6d5-e17e-32af-f929-762d81156285",
  "outputs": {},
  "resources": [
    {
      "mode": "managed",
      "type": "aws_db_subnet_group",
      "name": "bar",
      "provider": "provider.aws",
      "instances": [
        {
          "schema_version": 0,
          "attributes": {
            "arn": "arn:aws:rds:eu-west-3:929327065333:subgrp:bar",
            "description": "Managed by Terraform",
            "id": "bar",
            "name": "bar",
            "name_prefix": null,
            "subnet_ids": [
              "subnet-63c5f90a",
              "subnet-d81e8695"
            ],
            "tags": null
          },
          "private": "bnVsbA=="
        }
      ]
    },
    {
      "mode": "managed",
      "type": "aws_db_subnet_group",
      "name": "foo",
      "provider": "provider.aws",
      "instances": [
        {
          "schema_version": 0,
          "attributes": {
            "arn": "arn:aws:rds:eu-west-3:929327065333:subgrp:foo",
            "description": "Managed by Terraform",
            "id": "foo",
            "name": "foo",
            "name_prefix": null,
            "subnet_ids": [
              "subnet-49f9ae32",
              "subnet-63c5f90a"
            ],
            "tags": null
          },
          "private": "bnVsbA=="
        }
      ]
    }
  ]
}
