{
  "version": 4,
  "terraform_version": "0.14.2",
  "serial": 72,
  "lineage": "0a405b90-f526-2004-0d4b-f5fd84ca6664",
  "outputs": {},
  "resources": [
        {
          "mode": "managed",
          "type": "aws_cloudtrail",
          "name": "testtrailtrail",
          "provider": "provider[\"registry.terraform.io/hashicorp/aws\"]",
          "instances": [
            {
              "schema_version": 0,
              "attributes": {
                "advanced_event_selector": [],
                "arn": "arn:aws:cloudtrail:eu-west-2:526954929923:trail/testtrailtrail",
                "cloud_watch_logs_group_arn": "",
                "cloud_watch_logs_role_arn": "",
                "enable_log_file_validation": false,
                "enable_logging": true,
                "event_selector": [],
                "home_region": "eu-west-2",
                "id": "testtrailtrail",
                "include_global_service_events": true,
                "insight_selector": [],
                "is_multi_region_trail": false,
                "is_organization_trail": false,
                "kms_key_id": "",
                "name": "testtrailtrail",
                "s3_bucket_name": "testtrailbuckettestestest",
                "s3_key_prefix": "",
                "sns_topic_name": "",
                "tags": null,
                "tags_all": {}
              },
              "sensitive_attributes": [],
              "private": "bnVsbA==",
              "dependencies": [
                "aws_s3_bucket.testtrailbuckettestestest"
              ]
            }
          ]
        }
  ]
}
