{
  "version": 4,
  "terraform_version": "0.12.29",
  "serial": 118,
  "lineage": "c1bb6946-ebdb-0cd0-b5e1-943feef31964",
  "outputs": {},
  "resources": [
    {
      "mode": "managed",
      "type": "aws_iam_access_key",
      "name": "key",
      "each": "list",
      "provider": "provider.aws",
      "instances": [
        {
          "index_key": 0,
          "schema_version": 0,
          "attributes": {
            "encrypted_secret": null,
            "id": "AKIA5QYBVVD223VWU32A",
            "key_fingerprint": null,
            "pgp_key": null,
            "secret": "bqv1G5TloA22oAudhUto0SFNk7ENGs6xeUXsi95w",
            "ses_smtp_password_v4": "BO6ix1HgpjRh4SeSTMLPn7voYczQdmO9CiwwS4SXtwvR",
            "status": "Active",
            "user": "test-driftctl"
          },
          "private": "bnVsbA==",
          "dependencies": [
            "aws_iam_user.testuser"
          ]
        },
        {
          "index_key": 1,
          "schema_version": 0,
          "attributes": {
            "encrypted_secret": null,
            "id": "AKIA5QYBVVD2QYI36UZP",
            "key_fingerprint": null,
            "pgp_key": null,
            "secret": "CPeNWkQH39Id5jw2B1/LWxp53v7wQsJxz3KUcd3F",
            "ses_smtp_password_v4": "BAoxHVGhbWpRsd9rduFIH9vKK7YAAUy4qy8aS1VVS/IB",
            "status": "Active",
            "user": "test-driftctl"
          },
          "private": "bnVsbA==",
          "dependencies": [
            "aws_iam_user.testuser"
          ]
        }
      ]
    },
    {
      "mode": "managed",
      "type": "aws_iam_access_key",
      "name": "key2",
      "each": "list",
      "provider": "provider.aws",
      "instances": [
        {
          "index_key": 0,
          "schema_version": 0,
          "attributes": {
            "encrypted_secret": null,
            "id": "AKIA5QYBVVD26EJME25D",
            "key_fingerprint": null,
            "pgp_key": null,
            "secret": "qhSqZ6wp9pGTKxJkkRru4noyoMRfHNwOE9QEfPn2",
            "ses_smtp_password_v4": "BGs3WynOIYxgkjXeS7hNjFqhSSjjKHoTBLwObSd3pcSr",
            "status": "Active",
            "user": "test-driftctl2"
          },
          "private": "bnVsbA==",
          "dependencies": [
            "aws_iam_user.testuser2"
          ]
        },
        {
          "index_key": 1,
          "schema_version": 0,
          "attributes": {
            "encrypted_secret": null,
            "id": "AKIA5QYBVVD2SWDFVVMG",
            "key_fingerprint": null,
            "pgp_key": null,
            "secret": "GlYXqSYx9CPiZjLxbPgH+6z1ENp2PvjRs26NPp8V",
            "ses_smtp_password_v4": "BHm6VZpeZ0bFBFiTMuYc3INSE/0+pGmx3hDLMuudhl6u",
            "status": "Active",
            "user": "test-driftctl2"
          },
          "private": "bnVsbA==",
          "dependencies": [
            "aws_iam_user.testuser2"
          ]
        }
      ]
    },
    {
      "mode": "managed",
      "type": "aws_iam_user",
      "name": "testuser",
      "provider": "provider.aws",
      "instances": [
        {
          "schema_version": 0,
          "attributes": {
            "arn": "arn:aws:iam::929327065333:user/test-driftctl",
            "force_destroy": false,
            "id": "test-driftctl",
            "name": "test-driftctl",
            "path": "/",
            "permissions_boundary": null,
            "tags": {},
            "unique_id": "AIDA5QYBVVD27TBHIJVSL"
          },
          "private": "bnVsbA=="
        }
      ]
    },
    {
      "mode": "managed",
      "type": "aws_iam_user",
      "name": "testuser2",
      "provider": "provider.aws",
      "instances": [
        {
          "schema_version": 0,
          "attributes": {
            "arn": "arn:aws:iam::929327065333:user/test-driftctl2",
            "force_destroy": false,
            "id": "test-driftctl2",
            "name": "test-driftctl2",
            "path": "/",
            "permissions_boundary": null,
            "tags": {},
            "unique_id": "AIDA5QYBVVD2RVTK3ODPO"
          },
          "private": "bnVsbA=="
        }
      ]
    }
  ]
}
