{
  "version": 4,
  "terraform_version": "0.12.29",
  "serial": 1,
  "lineage": "8e8cf992-f0f7-d359-da78-320927a8879c",
  "outputs": {},
  "resources": [
    {
      "mode": "managed",
      "type": "aws_key_pair",
      "name": "deployer",
      "provider": "provider.aws",
      "instances": [
        {
          "schema_version": 1,
          "attributes": {
            "arn": "arn:aws:ec2:eu-west-3:047081014315:key-pair/test",
            "fingerprint": "b1:fb:1c:2a:f1:f9:7e:98:44:5f:0c:57:5a:47:31:af:77:a5:f2:ba",
            "id": "test",
            "key_name": "test",
            "key_name_prefix": null,
            "key_pair_id": "key-05080f65a4735790b",
            "public_key": null,
            "tags": {
              "test": "lol2"
            }
          },
          "private": "eyJzY2hlbWFfdmVyc2lvbiI6IjEifQ=="
        }
      ]
    }
  ]
}
