{
    "version": 4,
    "terraform_version": "1.0.11",
    "serial": 1,
    "lineage": "b6adb9f7-8e1a-eaea-5c52-c50d6851fa6e",
    "outputs": {},
    "resources": [
      {
        "mode": "managed",
        "type": "aws_apigatewayv2_api",
        "name": "example",
        "provider": "provider[\"registry.terraform.io/hashicorp/aws\"]",
        "instances": [
          {
            "schema_version": 0,
            "attributes": {
              "api_endpoint": "wss://f5vdrg12tk.execute-api.us-east-2.amazonaws.com",
              "api_key_selection_expression": "$request.header.x-api-key",
              "arn": "arn:aws:apigateway:us-east-2::/apis/f5vdrg12tk",
              "body": null,
              "cors_configuration": [],
              "credentials_arn": null,
              "description": "",
              "disable_execute_api_endpoint": false,
              "execution_arn": "arn:aws:execute-api:us-east-2:070182406464:f5vdrg12tk",
              "fail_on_warnings": null,
              "id": "f5vdrg12tk",
              "name": "example-websocket-api",
              "protocol_type": "WEBSOCKET",
              "route_key": null,
              "route_selection_expression": "$request.body.action",
              "tags": null,
              "tags_all": {},
              "target": null,
              "version": ""
            },
            "sensitive_attributes": [],
            "private": "bnVsbA=="
          }
        ]
      }
    ]
  }
