{
  "version": 4,
  "terraform_version": "0.12.26",
  "serial": 398,
  "lineage": "b4b284a7-9835-6ae1-b6c5-21100080f61e",
  "outputs": {},
  "resources": [
    {
      "mode": "managed",
      "type": "aws_s3_bucket",
      "name": "bucket",
      "provider": "provider.aws",
      "instances": [
        {
          "schema_version": 0,
          "attributes": {
            "acceleration_status": "",
            "acl": "private",
            "arn": "arn:aws:s3:::bucket-martin-test-drift",
            "bucket": "bucket-martin-test-drift",
            "bucket_domain_name": "bucket-martin-test-drift.s3.amazonaws.com",
            "bucket_prefix": null,
            "bucket_regional_domain_name": "bucket-martin-test-drift.s3.eu-west-3.amazonaws.com",
            "cors_rule": [],
            "force_destroy": false,
            "grant": [],
            "hosted_zone_id": "Z3R1K369G5AVDG",
            "id": "bucket-martin-test-drift",
            "lifecycle_rule": [],
            "logging": [],
            "object_lock_configuration": [],
            "policy": null,
            "region": "eu-west-3",
            "replication_configuration": [],
            "request_payer": "BucketOwner",
            "server_side_encryption_configuration": [],
            "tags": {},
            "versioning": [
              {
                "enabled": false,
                "mfa_delete": false
              }
            ],
            "website": [],
            "website_domain": null,
            "website_endpoint": null
          },
          "private": "bnVsbA=="
        }
      ]
    },
    {
      "mode": "managed",
      "type": "aws_s3_bucket",
      "name": "bucket2",
      "provider": "provider.aws",
      "instances": [
        {
          "schema_version": 0,
          "attributes": {
            "acceleration_status": "",
            "acl": "private",
            "arn": "arn:aws:s3:::bucket-martin-test-drift2",
            "bucket": "bucket-martin-test-drift2",
            "bucket_domain_name": "bucket-martin-test-drift2.s3.amazonaws.com",
            "bucket_prefix": null,
            "bucket_regional_domain_name": "bucket-martin-test-drift2.s3.eu-west-3.amazonaws.com",
            "cors_rule": [],
            "force_destroy": false,
            "grant": [],
            "hosted_zone_id": "Z3R1K369G5AVDG",
            "id": "bucket-martin-test-drift2",
            "lifecycle_rule": [],
            "logging": [],
            "object_lock_configuration": [],
            "policy": null,
            "region": "eu-west-3",
            "replication_configuration": [],
            "request_payer": "BucketOwner",
            "server_side_encryption_configuration": [],
            "tags": {},
            "versioning": [
              {
                "enabled": false,
                "mfa_delete": false
              }
            ],
            "website": [],
            "website_domain": null,
            "website_endpoint": null
          },
          "private": "bnVsbA=="
        }
      ]
    },
    {
      "mode": "managed",
      "type": "aws_s3_bucket",
      "name": "bucket3",
      "provider": "provider.aws",
      "instances": [
        {
          "schema_version": 0,
          "attributes": {
            "acceleration_status": "",
            "acl": "private",
            "arn": "arn:aws:s3:::bucket-martin-test-drift3",
            "bucket": "bucket-martin-test-drift3",
            "bucket_domain_name": "bucket-martin-test-drift3.s3.amazonaws.com",
            "bucket_prefix": null,
            "bucket_regional_domain_name": "bucket-martin-test-drift3.s3.eu-west-3.amazonaws.com",
            "cors_rule": [],
            "force_destroy": false,
            "grant": [],
            "hosted_zone_id": "Z3R1K369G5AVDG",
            "id": "bucket-martin-test-drift3",
            "lifecycle_rule": [],
            "logging": [],
            "object_lock_configuration": [],
            "policy": null,
            "region": "eu-west-3",
            "replication_configuration": [],
            "request_payer": "BucketOwner",
            "server_side_encryption_configuration": [],
            "tags": {},
            "versioning": [
              {
                "enabled": false,
                "mfa_delete": false
              }
            ],
            "website": [],
            "website_domain": null,
            "website_endpoint": null
          },
          "private": "bnVsbA=="
        }
      ]
    },
    {
      "mode": "managed",
      "type": "aws_s3_bucket_analytics_configuration",
      "name": "analytics-cls-test",
      "provider": "provider.aws",
      "instances": [
        {
          "schema_version": 0,
          "attributes": {
            "bucket": "bucket-martin-test-drift",
            "filter": [],
            "id": "bucket-martin-test-drift:Analytics_Bucket1",
            "name": "Analytics_Bucket1",
            "storage_class_analysis": [
              {
                "data_export": [
                  {
                    "destination": [
                      {
                        "s3_bucket_destination": [
                          {
                            "bucket_account_id": "",
                            "bucket_arn": "arn:aws:s3:::bucket-martin-test-drift",
                            "format": "CSV",
                            "prefix": ""
                          }
                        ]
                      }
                    ],
                    "output_schema_version": "V_1"
                  }
                ]
              }
            ]
          },
          "private": "bnVsbA==",
          "dependencies": [
            "aws_s3_bucket.bucket"
          ]
        }
      ]
    },
    {
      "mode": "managed",
      "type": "aws_s3_bucket_analytics_configuration",
      "name": "analytics-cls-test2",
      "provider": "provider.aws",
      "instances": [
        {
          "schema_version": 0,
          "attributes": {
            "bucket": "bucket-martin-test-drift",
            "filter": [],
            "id": "bucket-martin-test-drift:Analytics2_Bucket1",
            "name": "Analytics2_Bucket1",
            "storage_class_analysis": [
              {
                "data_export": [
                  {
                    "destination": [
                      {
                        "s3_bucket_destination": [
                          {
                            "bucket_account_id": "",
                            "bucket_arn": "arn:aws:s3:::bucket-martin-test-drift",
                            "format": "CSV",
                            "prefix": ""
                          }
                        ]
                      }
                    ],
                    "output_schema_version": "V_1"
                  }
                ]
              }
            ]
          },
          "private": "bnVsbA==",
          "dependencies": [
            "aws_s3_bucket.bucket"
          ]
        }
      ]
    },
    {
      "mode": "managed",
      "type": "aws_s3_bucket_analytics_configuration",
      "name": "analytics-cls-test2bucket2",
      "provider": "provider.aws",
      "instances": [
        {
          "schema_version": 0,
          "attributes": {
            "bucket": "bucket-martin-test-drift2",
            "filter": [],
            "id": "bucket-martin-test-drift2:Analytics2_Bucket2",
            "name": "Analytics2_Bucket2",
            "storage_class_analysis": [
              {
                "data_export": [
                  {
                    "destination": [
                      {
                        "s3_bucket_destination": [
                          {
                            "bucket_account_id": "",
                            "bucket_arn": "arn:aws:s3:::bucket-martin-test-drift2",
                            "format": "CSV",
                            "prefix": ""
                          }
                        ]
                      }
                    ],
                    "output_schema_version": "V_1"
                  }
                ]
              }
            ]
          },
          "private": "bnVsbA==",
          "dependencies": [
            "aws_s3_bucket.bucket2"
          ]
        }
      ]
    },
    {
      "mode": "managed",
      "type": "aws_s3_bucket_analytics_configuration",
      "name": "analytics-cls-test2bucket3",
      "provider": "provider.aws",
      "instances": [
        {
          "schema_version": 0,
          "attributes": {
            "bucket": "bucket-martin-test-drift3",
            "filter": [],
            "id": "bucket-martin-test-drift3:Analytics2_Bucket3",
            "name": "Analytics2_Bucket3",
            "storage_class_analysis": [
              {
                "data_export": [
                  {
                    "destination": [
                      {
                        "s3_bucket_destination": [
                          {
                            "bucket_account_id": "",
                            "bucket_arn": "arn:aws:s3:::bucket-martin-test-drift3",
                            "format": "CSV",
                            "prefix": ""
                          }
                        ]
                      }
                    ],
                    "output_schema_version": "V_1"
                  }
                ]
              }
            ]
          },
          "private": "bnVsbA==",
          "dependencies": [
            "aws_s3_bucket.bucket3"
          ]
        }
      ]
    },
    {
      "mode": "managed",
      "type": "aws_s3_bucket_analytics_configuration",
      "name": "analytics-cls-testbucket2",
      "provider": "provider.aws",
      "instances": [
        {
          "schema_version": 0,
          "attributes": {
            "bucket": "bucket-martin-test-drift2",
            "filter": [],
            "id": "bucket-martin-test-drift2:Analytics_Bucket2",
            "name": "Analytics_Bucket2",
            "storage_class_analysis": [
              {
                "data_export": [
                  {
                    "destination": [
                      {
                        "s3_bucket_destination": [
                          {
                            "bucket_account_id": "",
                            "bucket_arn": "arn:aws:s3:::bucket-martin-test-drift2",
                            "format": "CSV",
                            "prefix": ""
                          }
                        ]
                      }
                    ],
                    "output_schema_version": "V_1"
                  }
                ]
              }
            ]
          },
          "private": "bnVsbA==",
          "dependencies": [
            "aws_s3_bucket.bucket2"
          ]
        }
      ]
    },
    {
      "mode": "managed",
      "type": "aws_s3_bucket_analytics_configuration",
      "name": "analytics-cls-testbucket3",
      "provider": "provider.aws",
      "instances": [
        {
          "schema_version": 0,
          "attributes": {
            "bucket": "bucket-martin-test-drift3",
            "filter": [],
            "id": "bucket-martin-test-drift3:Analytics_Bucket3",
            "name": "Analytics_Bucket3",
            "storage_class_analysis": [
              {
                "data_export": [
                  {
                    "destination": [
                      {
                        "s3_bucket_destination": [
                          {
                            "bucket_account_id": "",
                            "bucket_arn": "arn:aws:s3:::bucket-martin-test-drift3",
                            "format": "CSV",
                            "prefix": ""
                          }
                        ]
                      }
                    ],
                    "output_schema_version": "V_1"
                  }
                ]
              }
            ]
          },
          "private": "bnVsbA==",
          "dependencies": [
            "aws_s3_bucket.bucket3"
          ]
        }
      ]
    },
    {
      "mode": "managed",
      "type": "aws_s3_bucket_inventory",
      "name": "inventory-cls-test",
      "provider": "provider.aws",
      "instances": [
        {
          "schema_version": 0,
          "attributes": {
            "bucket": "bucket-martin-test-drift",
            "destination": [
              {
                "bucket": [
                  {
                    "account_id": "",
                    "bucket_arn": "arn:aws:s3:::bucket-martin-test-drift",
                    "encryption": [],
                    "format": "ORC",
                    "prefix": ""
                  }
                ]
              }
            ],
            "enabled": true,
            "filter": [],
            "id": "bucket-martin-test-drift:Inventory_Bucket1",
            "included_object_versions": "All",
            "name": "Inventory_Bucket1",
            "optional_fields": [],
            "schedule": [
              {
                "frequency": "Daily"
              }
            ]
          },
          "private": "bnVsbA==",
          "dependencies": [
            "aws_s3_bucket.bucket"
          ]
        }
      ]
    },
    {
      "mode": "managed",
      "type": "aws_s3_bucket_inventory",
      "name": "inventory-cls-test2",
      "provider": "provider.aws",
      "instances": [
        {
          "schema_version": 0,
          "attributes": {
            "bucket": "bucket-martin-test-drift",
            "destination": [
              {
                "bucket": [
                  {
                    "account_id": "",
                    "bucket_arn": "arn:aws:s3:::bucket-martin-test-drift",
                    "encryption": [],
                    "format": "ORC",
                    "prefix": ""
                  }
                ]
              }
            ],
            "enabled": true,
            "filter": [],
            "id": "bucket-martin-test-drift:Inventory2_Bucket1",
            "included_object_versions": "All",
            "name": "Inventory2_Bucket1",
            "optional_fields": [],
            "schedule": [
              {
                "frequency": "Daily"
              }
            ]
          },
          "private": "bnVsbA==",
          "dependencies": [
            "aws_s3_bucket.bucket"
          ]
        }
      ]
    },
    {
      "mode": "managed",
      "type": "aws_s3_bucket_inventory",
      "name": "inventory-cls-test2bucket2",
      "provider": "provider.aws",
      "instances": [
        {
          "schema_version": 0,
          "attributes": {
            "bucket": "bucket-martin-test-drift2",
            "destination": [
              {
                "bucket": [
                  {
                    "account_id": "",
                    "bucket_arn": "arn:aws:s3:::bucket-martin-test-drift2",
                    "encryption": [],
                    "format": "ORC",
                    "prefix": ""
                  }
                ]
              }
            ],
            "enabled": true,
            "filter": [],
            "id": "bucket-martin-test-drift2:Inventory2_Bucket2",
            "included_object_versions": "All",
            "name": "Inventory2_Bucket2",
            "optional_fields": [],
            "schedule": [
              {
                "frequency": "Daily"
              }
            ]
          },
          "private": "bnVsbA==",
          "dependencies": [
            "aws_s3_bucket.bucket2"
          ]
        }
      ]
    },
    {
      "mode": "managed",
      "type": "aws_s3_bucket_inventory",
      "name": "inventory-cls-test2bucket3",
      "provider": "provider.aws",
      "instances": [
        {
          "schema_version": 0,
          "attributes": {
            "bucket": "bucket-martin-test-drift3",
            "destination": [
              {
                "bucket": [
                  {
                    "account_id": "",
                    "bucket_arn": "arn:aws:s3:::bucket-martin-test-drift3",
                    "encryption": [],
                    "format": "ORC",
                    "prefix": ""
                  }
                ]
              }
            ],
            "enabled": true,
            "filter": [],
            "id": "bucket-martin-test-drift3:Inventory2_Bucket3",
            "included_object_versions": "All",
            "name": "Inventory2_Bucket3",
            "optional_fields": [],
            "schedule": [
              {
                "frequency": "Daily"
              }
            ]
          },
          "private": "bnVsbA==",
          "dependencies": [
            "aws_s3_bucket.bucket3"
          ]
        }
      ]
    },
    {
      "mode": "managed",
      "type": "aws_s3_bucket_inventory",
      "name": "inventory-cls-testbucket2",
      "provider": "provider.aws",
      "instances": [
        {
          "schema_version": 0,
          "attributes": {
            "bucket": "bucket-martin-test-drift2",
            "destination": [
              {
                "bucket": [
                  {
                    "account_id": "",
                    "bucket_arn": "arn:aws:s3:::bucket-martin-test-drift2",
                    "encryption": [],
                    "format": "ORC",
                    "prefix": ""
                  }
                ]
              }
            ],
            "enabled": true,
            "filter": [],
            "id": "bucket-martin-test-drift2:Inventory_Bucket2",
            "included_object_versions": "All",
            "name": "Inventory_Bucket2",
            "optional_fields": [],
            "schedule": [
              {
                "frequency": "Daily"
              }
            ]
          },
          "private": "bnVsbA==",
          "dependencies": [
            "aws_s3_bucket.bucket2"
          ]
        }
      ]
    },
    {
      "mode": "managed",
      "type": "aws_s3_bucket_inventory",
      "name": "inventory-cls-testbucket3",
      "provider": "provider.aws",
      "instances": [
        {
          "schema_version": 0,
          "attributes": {
            "bucket": "bucket-martin-test-drift3",
            "destination": [
              {
                "bucket": [
                  {
                    "account_id": "",
                    "bucket_arn": "arn:aws:s3:::bucket-martin-test-drift3",
                    "encryption": [],
                    "format": "ORC",
                    "prefix": ""
                  }
                ]
              }
            ],
            "enabled": true,
            "filter": [],
            "id": "bucket-martin-test-drift3:Inventory_Bucket3",
            "included_object_versions": "All",
            "name": "Inventory_Bucket3",
            "optional_fields": [],
            "schedule": [
              {
                "frequency": "Daily"
              }
            ]
          },
          "private": "bnVsbA==",
          "dependencies": [
            "aws_s3_bucket.bucket3"
          ]
        }
      ]
    },
    {
      "mode": "managed",
      "type": "aws_s3_bucket_metric",
      "name": "metrics-cls-test",
      "provider": "provider.aws",
      "instances": [
        {
          "schema_version": 0,
          "attributes": {
            "bucket": "bucket-martin-test-drift",
            "filter": [],
            "id": "bucket-martin-test-drift:Metrics_Bucket1",
            "name": "Metrics_Bucket1"
          },
          "private": "bnVsbA==",
          "dependencies": [
            "aws_s3_bucket.bucket"
          ]
        }
      ]
    },
    {
      "mode": "managed",
      "type": "aws_s3_bucket_metric",
      "name": "metrics-cls-test2",
      "provider": "provider.aws",
      "instances": [
        {
          "schema_version": 0,
          "attributes": {
            "bucket": "bucket-martin-test-drift",
            "filter": [],
            "id": "bucket-martin-test-drift:Metrics2_Bucket1",
            "name": "Metrics2_Bucket1"
          },
          "private": "bnVsbA==",
          "dependencies": [
            "aws_s3_bucket.bucket"
          ]
        }
      ]
    },
    {
      "mode": "managed",
      "type": "aws_s3_bucket_metric",
      "name": "metrics-cls-test2bucket2",
      "provider": "provider.aws",
      "instances": [
        {
          "schema_version": 0,
          "attributes": {
            "bucket": "bucket-martin-test-drift2",
            "filter": [],
            "id": "bucket-martin-test-drift2:Metrics2_Bucket2",
            "name": "Metrics2_Bucket2"
          },
          "private": "bnVsbA==",
          "dependencies": [
            "aws_s3_bucket.bucket2"
          ]
        }
      ]
    },
    {
      "mode": "managed",
      "type": "aws_s3_bucket_metric",
      "name": "metrics-cls-test2bucket3",
      "provider": "provider.aws",
      "instances": [
        {
          "schema_version": 0,
          "attributes": {
            "bucket": "bucket-martin-test-drift3",
            "filter": [],
            "id": "bucket-martin-test-drift3:Metrics2_Bucket3",
            "name": "Metrics2_Bucket3"
          },
          "private": "bnVsbA==",
          "dependencies": [
            "aws_s3_bucket.bucket3"
          ]
        }
      ]
    },
    {
      "mode": "managed",
      "type": "aws_s3_bucket_metric",
      "name": "metrics-cls-testbucket2",
      "provider": "provider.aws",
      "instances": [
        {
          "schema_version": 0,
          "attributes": {
            "bucket": "bucket-martin-test-drift2",
            "filter": [],
            "id": "bucket-martin-test-drift2:Metrics_Bucket2",
            "name": "Metrics_Bucket2"
          },
          "private": "bnVsbA==",
          "dependencies": [
            "aws_s3_bucket.bucket2"
          ]
        }
      ]
    },
    {
      "mode": "managed",
      "type": "aws_s3_bucket_metric",
      "name": "metrics-cls-testbucket3",
      "provider": "provider.aws",
      "instances": [
        {
          "schema_version": 0,
          "attributes": {
            "bucket": "bucket-martin-test-drift3",
            "filter": [],
            "id": "bucket-martin-test-drift3:Metrics_Bucket3",
            "name": "Metrics_Bucket3"
          },
          "private": "bnVsbA==",
          "dependencies": [
            "aws_s3_bucket.bucket3"
          ]
        }
      ]
    },
    {
      "mode": "managed",
      "type": "aws_s3_bucket_notification",
      "name": "bucket_notification",
      "provider": "provider.aws",
      "instances": [
        {
          "schema_version": 0,
          "attributes": {
            "bucket": "bucket-martin-test-drift",
            "id": "bucket-martin-test-drift",
            "lambda_function": [
              {
                "events": [
                  "s3:ObjectCreated:*"
                ],
                "filter_prefix": "AWSLogs/",
                "filter_suffix": ".log",
                "id": "tf-s3-lambda-20201028152606931900000001",
                "lambda_function_arn": "arn:aws:lambda:eu-west-3:526954929923:function:example_lambda_name1"
              },
              {
                "events": [
                  "s3:ObjectCreated:*"
                ],
                "filter_prefix": "OtherLogs/",
                "filter_suffix": ".log",
                "id": "tf-s3-lambda-20201028152606931900000002",
                "lambda_function_arn": "arn:aws:lambda:eu-west-3:526954929923:function:example_lambda_name2"
              }
            ],
            "queue": [],
            "topic": []
          },
          "private": "bnVsbA==",
          "dependencies": [
            "aws_lambda_function.func1",
            "aws_lambda_function.func2",
            "aws_s3_bucket.bucket"
          ]
        }
      ]
    },
    {
      "mode": "managed",
      "type": "aws_s3_bucket_notification",
      "name": "bucket_notification3",
      "provider": "provider.aws",
      "instances": [
        {
          "schema_version": 0,
          "attributes": {
            "bucket": "bucket-martin-test-drift3",
            "id": "bucket-martin-test-drift3",
            "lambda_function": [
              {
                "events": [
                  "s3:ObjectCreated:*"
                ],
                "filter_prefix": "AWSLogs/",
                "filter_suffix": ".log",
                "id": "tf-s3-lambda-20201028110604152000000003",
                "lambda_function_arn": "arn:aws:lambda:eu-west-3:526954929923:function:example_lambda_name1"
              },
              {
                "events": [
                  "s3:ObjectCreated:*"
                ],
                "filter_prefix": "OtherLogs/",
                "filter_suffix": ".log",
                "id": "tf-s3-lambda-20201028110604152000000004",
                "lambda_function_arn": "arn:aws:lambda:eu-west-3:526954929923:function:example_lambda_name2"
              }
            ],
            "queue": [],
            "topic": []
          },
          "dependencies": [
            "aws_iam_role.iam_for_lambda",
            "aws_lambda_function.func1",
            "aws_lambda_function.func2",
            "aws_s3_bucket.bucket3"
          ]
        }
      ]
    },
    {
      "mode": "managed",
      "type": "aws_s3_bucket_policy",
      "name": "bucket2_policy",
      "provider": "provider.aws",
      "instances": [
        {
          "schema_version": 0,
          "attributes": {
            "bucket": "bucket-martin-test-drift2",
            "id": "bucket-martin-test-drift2",
            "policy": "{\"Version\":\"2012-10-17\",\"Statement\":[{\"Sid\":\"PublicReadGetObject\",\"Effect\":\"Allow\",\"Principal\":\"*\",\"Action\":\"s3:GetObject\",\"Resource\":\"arn:aws:s3:::bucket-martin-test-drift2/*\"}]}"
          },
          "private": "bnVsbA==",
          "dependencies": [
            "aws_s3_bucket.bucket2"
          ]
        }
      ]
    },
    {
      "mode": "managed",
      "type": "aws_s3_bucket_policy",
      "name": "bucket3_policy",
      "provider": "provider.aws",
      "instances": [
        {
          "schema_version": 0,
          "attributes": {
            "bucket": "bucket-martin-test-drift3",
            "id": "bucket-martin-test-drift3",
            "policy": "{\"Version\":\"2012-10-17\",\"Statement\":[{\"Sid\":\"PublicReadGetObject\",\"Effect\":\"Allow\",\"Principal\":\"*\",\"Action\":\"s3:GetObject\",\"Resource\":\"arn:aws:s3:::bucket-martin-test-drift3/*\"}]}"
          },
          "private": "bnVsbA==",
          "dependencies": [
            "aws_s3_bucket.bucket3"
          ]
        }
      ]
    },
    {
      "mode": "managed",
      "type": "aws_s3_bucket_policy",
      "name": "bucket_policy",
      "provider": "provider.aws",
      "instances": [
        {
          "schema_version": 0,
          "attributes": {
            "bucket": "bucket-martin-test-drift",
            "id": "bucket-martin-test-drift",
            "policy": "{\"Version\":\"2012-10-17\",\"Statement\":[{\"Sid\":\"PublicReadGetObject\",\"Effect\":\"Allow\",\"Principal\":\"*\",\"Action\":\"s3:GetObject\",\"Resource\":\"arn:aws:s3:::bucket-martin-test-drift/*\"}]}"
          },
          "private": "bnVsbA==",
          "dependencies": [
            "aws_s3_bucket.bucket"
          ]
        }
      ]
    }
  ]
}
