{
  "version": 4,
  "terraform_version": "0.12.29",
  "serial": 47,
  "lineage": "76ff886d-b3c6-fca4-1e8c-a49979afd103",
  "outputs": {},
  "resources": [
    {
      "mode": "managed",
      "type": "aws_iam_policy",
      "name": "test_policy",
      "each": "list",
      "provider": "provider.aws",
      "instances": [
        {
          "index_key": 0,
          "schema_version": 0,
          "attributes": {
            "arn": "arn:aws:iam::929327065333:policy/policy-0",
            "description": "",
            "id": "arn:aws:iam::929327065333:policy/policy-0",
            "name": "policy-0",
            "name_prefix": null,
            "path": "/",
            "policy": "{\n    \"Version\": \"2012-10-17\",\n    \"Statement\": [\n        {\n            \"Sid\": \"EC2Admin\",\n            \"Effect\": \"Allow\",\n            \"Action\": \"ec2:*\",\n            \"Resource\": \"*\"\n        }\n    ]\n}\n"
          },
          "private": "bnVsbA=="
        },
        {
          "index_key": 1,
          "schema_version": 0,
          "attributes": {
            "arn": "arn:aws:iam::929327065333:policy/policy-1",
            "description": "",
            "id": "arn:aws:iam::929327065333:policy/policy-1",
            "name": "policy-1",
            "name_prefix": null,
            "path": "/",
            "policy": "{\n    \"Version\": \"2012-10-17\",\n    \"Statement\": [\n        {\n            \"Sid\": \"EC2Admin\",\n            \"Effect\": \"Allow\",\n            \"Action\": \"ec2:*\",\n            \"Resource\": \"*\"\n        }\n    ]\n}\n"
          },
          "private": "bnVsbA=="
        },
        {
          "index_key": 2,
          "schema_version": 0,
          "attributes": {
            "arn": "arn:aws:iam::929327065333:policy/policy-2",
            "description": "",
            "id": "arn:aws:iam::929327065333:policy/policy-2",
            "name": "policy-2",
            "name_prefix": null,
            "path": "/",
            "policy": "{\n    \"Version\": \"2012-10-17\",\n    \"Statement\": [\n        {\n            \"Sid\": \"EC2Admin\",\n            \"Effect\": \"Allow\",\n            \"Action\": \"ec2:*\",\n            \"Resource\": \"*\"\n        }\n    ]\n}\n"
          },
          "private": "bnVsbA=="
        }
      ]
    }
  ]
}
