{
  "version": 4,
  "terraform_version": "0.15.5",
  "serial": 433,
  "lineage": "9566e18d-6080-4aa8-e9a6-4c38905cf68f",
  "outputs": {},
  "resources": [
    {
      "mode": "managed",
      "type": "azurerm_lb",
      "name": "example",
      "provider": "provider[\"registry.terraform.io/hashicorp/azurerm\"]",
      "instances": [
        {
          "schema_version": 0,
          "attributes": {
            "frontend_ip_configuration": [
              {
                "availability_zone": "No-Zone",
                "id": "/subscriptions/7bfb2c5c-7308-46ed-8ae4-fffa356eb406/resourceGroups/LoadBalancerRG/providers/Microsoft.Network/loadBalancers/TestLoadBalancer/frontendIPConfigurations/PublicIPAddress",
                "inbound_nat_rules": [],
                "load_balancer_rules": [],
                "name": "PublicIPAddress",
                "outbound_rules": [],
                "private_ip_address": "",
                "private_ip_address_allocation": "Dynamic",
                "private_ip_address_version": "",
                "public_ip_address_id": "/subscriptions/7bfb2c5c-7308-46ed-8ae4-fffa356eb406/resourceGroups/LoadBalancerRG/providers/Microsoft.Network/publicIPAddresses/PublicIPForLB",
                "public_ip_prefix_id": "",
                "subnet_id": "",
                "zones": []
              }
            ],
            "id": "/subscriptions/7bfb2c5c-7308-46ed-8ae4-fffa356eb406/resourceGroups/LoadBalancerRG/providers/Microsoft.Network/loadBalancers/TestLoadBalancer",
            "location": "westus",
            "name": "TestLoadBalancer",
            "private_ip_address": "",
            "private_ip_addresses": [],
            "resource_group_name": "LoadBalancerRG",
            "sku": "Basic",
            "tags": null,
            "timeouts": null
          },
          "sensitive_attributes": [],
          "private": "eyJlMmJmYjczMC1lY2FhLTExZTYtOGY4OC0zNDM2M2JjN2M0YzAiOnsiY3JlYXRlIjoxODAwMDAwMDAwMDAwLCJkZWxldGUiOjE4MDAwMDAwMDAwMDAsInJlYWQiOjMwMDAwMDAwMDAwMCwidXBkYXRlIjoxODAwMDAwMDAwMDAwfX0=",
          "dependencies": [
            "azurerm_public_ip.example",
            "azurerm_resource_group.example"
          ]
        }
      ]
    }
  ]
}
