{
  "version": 4,
  "terraform_version": "0.15.5",
  "serial": 422,
  "lineage": "9566e18d-6080-4aa8-e9a6-4c38905cf68f",
  "outputs": {},
  "resources": [
   {
         "mode": "managed",
         "type": "google_compute_node_group",
         "name": "nodes",
         "provider": "provider[\"registry.terraform.io/hashicorp/google\"]",
         "instances": [
           {
             "schema_version": 0,
             "attributes": {
               "autoscaling_policy": [
                 {
                   "max_nodes": 10,
                   "min_nodes": 1,
                   "mode": "ONLY_SCALE_OUT"
                 }
               ],
               "creation_timestamp": "2021-12-01T08:49:24.545-08:00",
               "description": "example google_compute_node_group for Terraform Google Provider",
               "id": "projects/cloudskiff-dev-martin/zones/us-central1-f/nodeGroups/soletenant-group",
               "initial_size": 1,
               "maintenance_policy": "RESTART_IN_PLACE",
               "maintenance_window": [
                 {
                   "start_time": "08:00"
                 }
               ],
               "name": "soletenant-group",
               "node_template": "https://www.googleapis.com/compute/v1/projects/cloudskiff-dev-martin/regions/us-central1/nodeTemplates/soletenant-tmpl",
               "project": "cloudskiff-dev-martin",
               "self_link": "https://www.googleapis.com/compute/v1/projects/cloudskiff-dev-martin/zones/us-central1-f/nodeGroups/soletenant-group",
               "size": 1,
               "timeouts": null,
               "zone": "us-central1-f"
             },
             "sensitive_attributes": [],
             "private": "eyJlMmJmYjczMC1lY2FhLTExZTYtOGY4OC0zNDM2M2JjN2M0YzAiOnsiY3JlYXRlIjoyNDAwMDAwMDAwMDAsImRlbGV0ZSI6MjQwMDAwMDAwMDAwLCJ1cGRhdGUiOjI0MDAwMDAwMDAwMH19",
             "dependencies": [
               "google_compute_node_template.soletenant-tmpl"
             ]
           }
         ]
       },
       {
         "mode": "managed",
         "type": "google_compute_node_group",
         "name": "simple_nodes",
         "provider": "provider[\"registry.terraform.io/hashicorp/google\"]",
         "instances": [
           {
             "schema_version": 0,
             "attributes": {
               "autoscaling_policy": [
                 {
                   "max_nodes": 0,
                   "min_nodes": 0,
                   "mode": "OFF"
                 }
               ],
               "creation_timestamp": "2021-12-01T08:49:24.740-08:00",
               "description": "example google_compute_node_group for Terraform Google Provider",
               "id": "projects/cloudskiff-dev-martin/zones/us-central1-f/nodeGroups/simple-group",
               "initial_size": null,
               "maintenance_policy": "DEFAULT",
               "maintenance_window": [],
               "name": "simple-group",
               "node_template": "https://www.googleapis.com/compute/v1/projects/cloudskiff-dev-martin/regions/us-central1/nodeTemplates/soletenant-tmpl",
               "project": "cloudskiff-dev-martin",
               "self_link": "https://www.googleapis.com/compute/v1/projects/cloudskiff-dev-martin/zones/us-central1-f/nodeGroups/simple-group",
               "size": 1,
               "timeouts": null,
               "zone": "us-central1-f"
             },
             "sensitive_attributes": [],
             "private": "eyJlMmJmYjczMC1lY2FhLTExZTYtOGY4OC0zNDM2M2JjN2M0YzAiOnsiY3JlYXRlIjoyNDAwMDAwMDAwMDAsImRlbGV0ZSI6MjQwMDAwMDAwMDAwLCJ1cGRhdGUiOjI0MDAwMDAwMDAwMH19",
             "dependencies": [
               "google_compute_node_template.soletenant-tmpl"
             ]
           }
         ]
       }
  ]
}
