{
  "version": 4,
  "terraform_version": "0.15.5",
  "serial": 48,
  "lineage": "0738cef4-9d69-9ccc-aebd-1177cafa0aa9",
  "outputs": {},
  "resources": [
    {
      "mode": "managed",
      "type": "google_bigtable_instance",
      "name": "test-instance",
      "provider": "provider[\"registry.terraform.io/hashicorp/google\"]",
      "instances": [
        {
          "schema_version": 1,
          "attributes": {
            "cluster": [
              {
                "cluster_id": "tf-instance-cluster",
                "kms_key_name": "",
                "num_nodes": 1,
                "storage_type": "HDD",
                "zone": "us-central1-a"
              }
            ],
            "deletion_protection": false,
            "display_name": "tf-instance",
            "id": "projects/cloudskiff-dev-elie/instances/tf-instance",
            "instance_type": "PRODUCTION",
            "labels": null,
            "name": "tf-instance",
            "project": "cloudskiff-dev-elie"
          },
          "sensitive_attributes": [],
          "private": "eyJzY2hlbWFfdmVyc2lvbiI6IjEifQ=="
        }
      ]
    }
  ]
}
