{
  "version": 4,
  "terraform_version": "0.12.29",
  "serial": 17,
  "lineage": "8e8cf992-f0f7-d359-da78-320927a8879c",
  "outputs": {},
  "resources": [
    {
      "mode": "managed",
      "type": "aws_ebs_volume",
      "name": "test-ebs-volume",
      "provider": "provider.aws",
      "instances": [
        {
          "schema_version": 0,
          "attributes": {
            "arn": "arn:aws:ec2:eu-west-3:047081014315:volume/vol-01ddc91d3d9d1318b",
            "availability_zone": "eu-west-3a",
            "encrypted": false,
            "id": "vol-01ddc91d3d9d1318b",
            "iops": 100,
            "kms_key_id": "",
            "multi_attach_enabled": false,
            "outpost_arn": "",
            "size": 8,
            "snapshot_id": "",
            "tags": {
              "Name": "HelloWorld"
            },
            "type": "gp2"
          },
          "private": "bnVsbA=="
        }
      ]
    }
  ]
}
