{
  "version": 4,
  "terraform_version": "0.15.5",
  "serial": 492,
  "lineage": "9566e18d-6080-4aa8-e9a6-4c38905cf68f",
  "outputs": {},
  "resources": [
    {
      "mode": "managed",
      "type": "google_compute_health_check",
      "name": "https-health-check",
      "provider": "provider[\"registry.terraform.io/hashicorp/google\"]",
      "instances": [
        {
          "schema_version": 0,
          "attributes": {
            "check_interval_sec": 3,
            "creation_timestamp": "2021-10-26T06:05:03.005-07:00",
            "description": "Health check via https",
            "grpc_health_check": [],
            "healthy_threshold": 4,
            "http2_health_check": [],
            "http_health_check": [],
            "https_health_check": [
              {
                "host": "crvx.fr",
                "port": 0,
                "port_name": "health-check-port",
                "port_specification": "USE_NAMED_PORT",
                "proxy_header": "NONE",
                "request_path": "/",
                "response": "I AM HEALTHY"
              }
            ],
            "id": "projects/cloudskiff-dev-raphael/global/healthChecks/https-health-check",
            "log_config": [
              {
                "enable": false
              }
            ],
            "name": "https-health-check",
            "project": "cloudskiff-dev-raphael",
            "self_link": "https://www.googleapis.com/compute/v1/projects/cloudskiff-dev-raphael/global/healthChecks/https-health-check",
            "ssl_health_check": [],
            "tcp_health_check": [],
            "timeout_sec": 1,
            "timeouts": null,
            "type": "HTTPS",
            "unhealthy_threshold": 5
          },
          "sensitive_attributes": [],
          "private": "eyJlMmJmYjczMC1lY2FhLTExZTYtOGY4OC0zNDM2M2JjN2M0YzAiOnsiY3JlYXRlIjoyNDAwMDAwMDAwMDAsImRlbGV0ZSI6MjQwMDAwMDAwMDAwLCJ1cGRhdGUiOjI0MDAwMDAwMDAwMH19"
        }
      ]
    }
  ]
}
